Microsoft Visual Studio Solution File, Format Version 12.00
Project("{9A19103F-16F7-4668-BE54-9A1E7A4F7556}") = "System.Private.CoreLib", "..\..\coreclr\System.Private.CoreLib\System.Private.CoreLib.csproj", "{57D2BBAE-2502-45B0-9F8A-8A222213AD27}"
EndProject
Project("{9A19103F-16F7-4668-BE54-9A1E7A4F7556}") = "TestUtilities", "..\Common\tests\TestUtilities\TestUtilities.csproj", "{5327B05F-E47E-458F-A30E-C5E39441ED1C}"
EndProject
Project("{9A19103F-16F7-4668-BE54-9A1E7A4F7556}") = "System.Collections.NonGeneric", "..\System.Collections.NonGeneric\src\System.Collections.NonGeneric.csproj", "{A71D42A4-93E4-4F72-85B3-D7324C1F937D}"
EndProject
Project("{9A19103F-16F7-4668-BE54-9A1E7A4F7556}") = "System.Collections.Specialized", "..\System.Collections.Specialized\src\System.Collections.Specialized.csproj", "{7E6EB8F9-BC71-4AE9-8832-C0A6D15C52BF}"
EndProject
Project("{9A19103F-16F7-4668-BE54-9A1E7A4F7556}") = "System.Collections", "..\System.Collections\src\System.Collections.csproj", "{206BC984-6F9C-44EB-A4D2-94A003F849C4}"
EndProject
Project("{9A19103F-16F7-4668-BE54-9A1E7A4F7556}") = "System.ComponentModel.Primitives", "..\System.ComponentModel.Primitives\src\System.ComponentModel.Primitives.csproj", "{82007243-CA9C-4D34-BFCD-9B322845A05D}"
EndProject
Project("{9A19103F-16F7-4668-BE54-9A1E7A4F7556}") = "System.Diagnostics.EventLog", "..\System.Diagnostics.EventLog\ref\System.Diagnostics.EventLog.csproj", "{BC4E45A0-6024-454A-AA4F-8414BEC5FE8B}"
EndProject
Project("{9A19103F-16F7-4668-BE54-9A1E7A4F7556}") = "System.Diagnostics.EventLog.Messages", "..\System.Diagnostics.EventLog\src\Messages\System.Diagnostics.EventLog.Messages.csproj", "{48AFA1DD-E72F-4823-978A-E1E60F4E41DB}"
EndProject
Project("{9A19103F-16F7-4668-BE54-9A1E7A4F7556}") = "System.Diagnostics.EventLog", "..\System.Diagnostics.EventLog\src\System.Diagnostics.EventLog.csproj", "{FC3FBFFE-B1BC-4C1B-AC1A-8714767A940E}"
EndProject
Project("{9A19103F-16F7-4668-BE54-9A1E7A4F7556}") = "System.Diagnostics.TraceSource", "..\System.Diagnostics.TraceSource\src\System.Diagnostics.TraceSource.csproj", "{BF9E57F2-AE25-4ADA-8118-AA13AC165496}"
EndProject
Project("{9A19103F-16F7-4668-BE54-9A1E7A4F7556}") = "System.Drawing.Common", "..\System.Drawing.Common\ref\System.Drawing.Common.csproj", "{9E6A5D88-E929-40DB-B2E0-A2A3F83E9117}"
EndProject
Project("{9A19103F-16F7-4668-BE54-9A1E7A4F7556}") = "System.Private.Uri", "..\System.Private.Uri\src\System.Private.Uri.csproj", "{C726CA75-C428-41DB-9031-22EBECD8DE5F}"
EndProject
Project("{9A19103F-16F7-4668-BE54-9A1E7A4F7556}") = "System.Runtime.CompilerServices.Unsafe", "..\System.Runtime.CompilerServices.Unsafe\ref\System.Runtime.CompilerServices.Unsafe.csproj", "{EB1E236C-9103-4A6E-B892-2184703045AB}"
EndProject
Project("{9A19103F-16F7-4668-BE54-9A1E7A4F7556}") = "System.Runtime.CompilerServices.Unsafe", "..\System.Runtime.CompilerServices.Unsafe\src\System.Runtime.CompilerServices.Unsafe.ilproj", "{DC9E9F1C-CB46-49BF-A1AB-42E0DC2788E2}"
EndProject
Project("{9A19103F-16F7-4668-BE54-9A1E7A4F7556}") = "System.Runtime.Extensions", "..\System.Runtime.Extensions\src\System.Runtime.Extensions.csproj", "{EE5AB92A-0E43-48A0-9AC1-DB39B5451903}"
EndProject
Project("{9A19103F-16F7-4668-BE54-9A1E7A4F7556}") = "System.Runtime", "..\System.Runtime\src\System.Runtime.csproj", "{8ACA5667-B53C-4D0F-914D-300F2466E817}"
EndProject
Project("{9A19103F-16F7-4668-BE54-9A1E7A4F7556}") = "System.Security.Permissions", "..\System.Security.Permissions\ref\System.Security.Permissions.csproj", "{262F64E2-9166-4F98-8221-9E602221DC3A}"
EndProject
Project("{9A19103F-16F7-4668-BE54-9A1E7A4F7556}") = "System.ServiceProcess.ServiceController", "ref\System.ServiceProcess.ServiceController.csproj", "{E3DD170A-B91F-4615-984A-0A5268B077D0}"
EndProject
Project("{9A19103F-16F7-4668-BE54-9A1E7A4F7556}") = "System.ServiceProcess.ServiceController", "src\System.ServiceProcess.ServiceController.csproj", "{8B01C9B1-1B3A-47A1-9851-CCD3721237BF}"
EndProject
Project("{9A19103F-16F7-4668-BE54-9A1E7A4F7556}") = "System.ServiceProcess.ServiceController.Tests", "tests\System.ServiceProcess.ServiceController.Tests.csproj", "{4972291B-4988-418C-9EEC-93AE71C18E4F}"
EndProject
Project("{9A19103F-16F7-4668-BE54-9A1E7A4F7556}") = "System.ServiceProcess.ServiceController.TestService", "tests\System.ServiceProcess.ServiceController.TestService\System.ServiceProcess.ServiceController.TestService.csproj", "{B0E21FE7-22CE-4473-A281-082E0451B597}"
EndProject
Project("{9A19103F-16F7-4668-BE54-9A1E7A4F7556}") = "System.Threading.AccessControl", "..\System.Threading.AccessControl\ref\System.Threading.AccessControl.csproj", "{EF5D8A70-469A-457B-A00F-1EC5DBE8725D}"
EndProject
Project("{9A19103F-16F7-4668-BE54-9A1E7A4F7556}") = "System.Threading.AccessControl", "..\System.Threading.AccessControl\src\System.Threading.AccessControl.csproj", "{C49044F2-5980-46DE-B670-573268817E7D}"
EndProject
Project("{9A19103F-16F7-4668-BE54-9A1E7A4F7556}") = "System.Threading", "..\System.Threading\src\System.Threading.csproj", "{F912C06E-657D-4ADC-A01D-0C22479514FB}"
EndProject
Project("{9A19103F-16F7-4668-BE54-9A1E7A4F7556}") = "System.Windows.Extensions", "..\System.Windows.Extensions\ref\System.Windows.Extensions.csproj", "{BFC4850D-FA36-42DD-ACEB-AB51BB273D19}"
EndProject
Project("{2150E333-8FDC-42A3-9474-1A3956D46DE8}") = "ref", "ref", "{894A37AE-975A-40D5-A20F-851F6E90FB07}"
EndProject
Project("{2150E333-8FDC-42A3-9474-1A3956D46DE8}") = "src", "src", "{DB56CFDF-65E4-4289-9532-E325A88489BF}"
EndProject
Project("{2150E333-8FDC-42A3-9474-1A3956D46DE8}") = "tests", "tests", "{13346225-1CCE-47CD-9ADF-49B6F529BF33}"
EndProject
Global
	GlobalSection(SolutionConfigurationPlatforms) = preSolution
		Debug|Any CPU = Debug|Any CPU
		Debug|x64 = Debug|x64
		Debug|x86 = Debug|x86
		Release|Any CPU = Release|Any CPU
		Release|x64 = Release|x64
		Release|x86 = Release|x86
		Checked|Any CPU = Checked|Any CPU
		Checked|x64 = Checked|x64
		Checked|x86 = Checked|x86
	EndGlobalSection
	GlobalSection(ProjectConfigurationPlatforms) = postSolution
		{E3DD170A-B91F-4615-984A-0A5268B077D0}.Debug|Any CPU.ActiveCfg = Debug|Any CPU
		{E3DD170A-B91F-4615-984A-0A5268B077D0}.Debug|Any CPU.Build.0 = Debug|Any CPU
		{E3DD170A-B91F-4615-984A-0A5268B077D0}.Debug|x64.ActiveCfg = Debug|Any CPU
		{E3DD170A-B91F-4615-984A-0A5268B077D0}.Debug|x64.Build.0 = Debug|Any CPU
		{E3DD170A-B91F-4615-984A-0A5268B077D0}.Debug|x86.ActiveCfg = Debug|Any CPU
		{E3DD170A-B91F-4615-984A-0A5268B077D0}.Debug|x86.Build.0 = Debug|Any CPU
		{E3DD170A-B91F-4615-984A-0A5268B077D0}.Release|Any CPU.ActiveCfg = Release|Any CPU
		{E3DD170A-B91F-4615-984A-0A5268B077D0}.Release|Any CPU.Build.0 = Release|Any CPU
		{E3DD170A-B91F-4615-984A-0A5268B077D0}.Release|x64.ActiveCfg = Release|Any CPU
		{E3DD170A-B91F-4615-984A-0A5268B077D0}.Release|x64.Build.0 = Release|Any CPU
		{E3DD170A-B91F-4615-984A-0A5268B077D0}.Release|x86.ActiveCfg = Release|Any CPU
		{E3DD170A-B91F-4615-984A-0A5268B077D0}.Release|x86.Build.0 = Release|Any CPU
		{E3DD170A-B91F-4615-984A-0A5268B077D0}.Checked|Any CPU.ActiveCfg = Debug|Any CPU
		{E3DD170A-B91F-4615-984A-0A5268B077D0}.Checked|Any CPU.Build.0 = Debug|Any CPU
		{E3DD170A-B91F-4615-984A-0A5268B077D0}.Checked|x64.ActiveCfg = Debug|Any CPU
		{E3DD170A-B91F-4615-984A-0A5268B077D0}.Checked|x64.Build.0 = Debug|Any CPU
		{E3DD170A-B91F-4615-984A-0A5268B077D0}.Checked|x86.ActiveCfg = Debug|Any CPU
		{E3DD170A-B91F-4615-984A-0A5268B077D0}.Checked|x86.Build.0 = Debug|Any CPU
		{8B01C9B1-1B3A-47A1-9851-CCD3721237BF}.Debug|Any CPU.ActiveCfg = Debug|Any CPU
		{8B01C9B1-1B3A-47A1-9851-CCD3721237BF}.Debug|Any CPU.Build.0 = Debug|Any CPU
		{8B01C9B1-1B3A-47A1-9851-CCD3721237BF}.Debug|x64.ActiveCfg = Debug|Any CPU
		{8B01C9B1-1B3A-47A1-9851-CCD3721237BF}.Debug|x64.Build.0 = Debug|Any CPU
		{8B01C9B1-1B3A-47A1-9851-CCD3721237BF}.Debug|x86.ActiveCfg = Debug|Any CPU
		{8B01C9B1-1B3A-47A1-9851-CCD3721237BF}.Debug|x86.Build.0 = Debug|Any CPU
		{8B01C9B1-1B3A-47A1-9851-CCD3721237BF}.Release|Any CPU.ActiveCfg = Release|Any CPU
		{8B01C9B1-1B3A-47A1-9851-CCD3721237BF}.Release|Any CPU.Build.0 = Release|Any CPU
		{8B01C9B1-1B3A-47A1-9851-CCD3721237BF}.Release|x64.ActiveCfg = Release|Any CPU
		{8B01C9B1-1B3A-47A1-9851-CCD3721237BF}.Release|x64.Build.0 = Release|Any CPU
		{8B01C9B1-1B3A-47A1-9851-CCD3721237BF}.Release|x86.ActiveCfg = Release|Any CPU
		{8B01C9B1-1B3A-47A1-9851-CCD3721237BF}.Release|x86.Build.0 = Release|Any CPU
		{8B01C9B1-1B3A-47A1-9851-CCD3721237BF}.Checked|Any CPU.ActiveCfg = Debug|Any CPU
		{8B01C9B1-1B3A-47A1-9851-CCD3721237BF}.Checked|Any CPU.Build.0 = Debug|Any CPU
		{8B01C9B1-1B3A-47A1-9851-CCD3721237BF}.Checked|x64.ActiveCfg = Debug|Any CPU
		{8B01C9B1-1B3A-47A1-9851-CCD3721237BF}.Checked|x64.Build.0 = Debug|Any CPU
		{8B01C9B1-1B3A-47A1-9851-CCD3721237BF}.Checked|x86.ActiveCfg = Debug|Any CPU
		{8B01C9B1-1B3A-47A1-9851-CCD3721237BF}.Checked|x86.Build.0 = Debug|Any CPU
		{4972291B-4988-418C-9EEC-93AE71C18E4F}.Debug|Any CPU.ActiveCfg = Debug|Any CPU
		{4972291B-4988-418C-9EEC-93AE71C18E4F}.Debug|Any CPU.Build.0 = Debug|Any CPU
		{4972291B-4988-418C-9EEC-93AE71C18E4F}.Debug|x64.ActiveCfg = Debug|Any CPU
		{4972291B-4988-418C-9EEC-93AE71C18E4F}.Debug|x64.Build.0 = Debug|Any CPU
		{4972291B-4988-418C-9EEC-93AE71C18E4F}.Debug|x86.ActiveCfg = Debug|Any CPU
		{4972291B-4988-418C-9EEC-93AE71C18E4F}.Debug|x86.Build.0 = Debug|Any CPU
		{4972291B-4988-418C-9EEC-93AE71C18E4F}.Release|Any CPU.ActiveCfg = Release|Any CPU
		{4972291B-4988-418C-9EEC-93AE71C18E4F}.Release|Any CPU.Build.0 = Release|Any CPU
		{4972291B-4988-418C-9EEC-93AE71C18E4F}.Release|x64.ActiveCfg = Release|Any CPU
		{4972291B-4988-418C-9EEC-93AE71C18E4F}.Release|x64.Build.0 = Release|Any CPU
		{4972291B-4988-418C-9EEC-93AE71C18E4F}.Release|x86.ActiveCfg = Release|Any CPU
		{4972291B-4988-418C-9EEC-93AE71C18E4F}.Release|x86.Build.0 = Release|Any CPU
		{4972291B-4988-418C-9EEC-93AE71C18E4F}.Checked|Any CPU.ActiveCfg = Debug|Any CPU
		{4972291B-4988-418C-9EEC-93AE71C18E4F}.Checked|Any CPU.Build.0 = Debug|Any CPU
		{4972291B-4988-418C-9EEC-93AE71C18E4F}.Checked|x64.ActiveCfg = Debug|Any CPU
		{4972291B-4988-418C-9EEC-93AE71C18E4F}.Checked|x64.Build.0 = Debug|Any CPU
		{4972291B-4988-418C-9EEC-93AE71C18E4F}.Checked|x86.ActiveCfg = Debug|Any CPU
		{4972291B-4988-418C-9EEC-93AE71C18E4F}.Checked|x86.Build.0 = Debug|Any CPU
		{BC4E45A0-6024-454A-AA4F-8414BEC5FE8B}.Debug|Any CPU.ActiveCfg = Debug|Any CPU
		{BC4E45A0-6024-454A-AA4F-8414BEC5FE8B}.Debug|Any CPU.Build.0 = Debug|Any CPU
		{BC4E45A0-6024-454A-AA4F-8414BEC5FE8B}.Debug|x64.ActiveCfg = Debug|Any CPU
		{BC4E45A0-6024-454A-AA4F-8414BEC5FE8B}.Debug|x64.Build.0 = Debug|Any CPU
		{BC4E45A0-6024-454A-AA4F-8414BEC5FE8B}.Debug|x86.ActiveCfg = Debug|Any CPU
		{BC4E45A0-6024-454A-AA4F-8414BEC5FE8B}.Debug|x86.Build.0 = Debug|Any CPU
		{BC4E45A0-6024-454A-AA4F-8414BEC5FE8B}.Release|Any CPU.ActiveCfg = Release|Any CPU
		{BC4E45A0-6024-454A-AA4F-8414BEC5FE8B}.Release|Any CPU.Build.0 = Release|Any CPU
		{BC4E45A0-6024-454A-AA4F-8414BEC5FE8B}.Release|x64.ActiveCfg = Release|Any CPU
		{BC4E45A0-6024-454A-AA4F-8414BEC5FE8B}.Release|x64.Build.0 = Release|Any CPU
		{BC4E45A0-6024-454A-AA4F-8414BEC5FE8B}.Release|x86.ActiveCfg = Release|Any CPU
		{BC4E45A0-6024-454A-AA4F-8414BEC5FE8B}.Release|x86.Build.0 = Release|Any CPU
		{BC4E45A0-6024-454A-AA4F-8414BEC5FE8B}.Checked|Any CPU.ActiveCfg = Debug|Any CPU
		{BC4E45A0-6024-454A-AA4F-8414BEC5FE8B}.Checked|Any CPU.Build.0 = Debug|Any CPU
		{BC4E45A0-6024-454A-AA4F-8414BEC5FE8B}.Checked|x64.ActiveCfg = Debug|Any CPU
		{BC4E45A0-6024-454A-AA4F-8414BEC5FE8B}.Checked|x64.Build.0 = Debug|Any CPU
		{BC4E45A0-6024-454A-AA4F-8414BEC5FE8B}.Checked|x86.ActiveCfg = Debug|Any CPU
		{BC4E45A0-6024-454A-AA4F-8414BEC5FE8B}.Checked|x86.Build.0 = Debug|Any CPU
		{FC3FBFFE-B1BC-4C1B-AC1A-8714767A940E}.Debug|Any CPU.ActiveCfg = Debug|Any CPU
		{FC3FBFFE-B1BC-4C1B-AC1A-8714767A940E}.Debug|Any CPU.Build.0 = Debug|Any CPU
		{FC3FBFFE-B1BC-4C1B-AC1A-8714767A940E}.Debug|x64.ActiveCfg = Debug|Any CPU
		{FC3FBFFE-B1BC-4C1B-AC1A-8714767A940E}.Debug|x64.Build.0 = Debug|Any CPU
		{FC3FBFFE-B1BC-4C1B-AC1A-8714767A940E}.Debug|x86.ActiveCfg = Debug|Any CPU
		{FC3FBFFE-B1BC-4C1B-AC1A-8714767A940E}.Debug|x86.Build.0 = Debug|Any CPU
		{FC3FBFFE-B1BC-4C1B-AC1A-8714767A940E}.Release|Any CPU.ActiveCfg = Release|Any CPU
		{FC3FBFFE-B1BC-4C1B-AC1A-8714767A940E}.Release|Any CPU.Build.0 = Release|Any CPU
		{FC3FBFFE-B1BC-4C1B-AC1A-8714767A940E}.Release|x64.ActiveCfg = Release|Any CPU
		{FC3FBFFE-B1BC-4C1B-AC1A-8714767A940E}.Release|x64.Build.0 = Release|Any CPU
		{FC3FBFFE-B1BC-4C1B-AC1A-8714767A940E}.Release|x86.ActiveCfg = Release|Any CPU
		{FC3FBFFE-B1BC-4C1B-AC1A-8714767A940E}.Release|x86.Build.0 = Release|Any CPU
		{FC3FBFFE-B1BC-4C1B-AC1A-8714767A940E}.Checked|Any CPU.ActiveCfg = Debug|Any CPU
		{FC3FBFFE-B1BC-4C1B-AC1A-8714767A940E}.Checked|Any CPU.Build.0 = Debug|Any CPU
		{FC3FBFFE-B1BC-4C1B-AC1A-8714767A940E}.Checked|x64.ActiveCfg = Debug|Any CPU
		{FC3FBFFE-B1BC-4C1B-AC1A-8714767A940E}.Checked|x64.Build.0 = Debug|Any CPU
		{FC3FBFFE-B1BC-4C1B-AC1A-8714767A940E}.Checked|x86.ActiveCfg = Debug|Any CPU
		{FC3FBFFE-B1BC-4C1B-AC1A-8714767A940E}.Checked|x86.Build.0 = Debug|Any CPU
		{5327B05F-E47E-458F-A30E-C5E39441ED1C}.Debug|Any CPU.ActiveCfg = Debug|Any CPU
		{5327B05F-E47E-458F-A30E-C5E39441ED1C}.Debug|Any CPU.Build.0 = Debug|Any CPU
		{5327B05F-E47E-458F-A30E-C5E39441ED1C}.Debug|x64.ActiveCfg = Debug|Any CPU
		{5327B05F-E47E-458F-A30E-C5E39441ED1C}.Debug|x64.Build.0 = Debug|Any CPU
		{5327B05F-E47E-458F-A30E-C5E39441ED1C}.Debug|x86.ActiveCfg = Debug|Any CPU
		{5327B05F-E47E-458F-A30E-C5E39441ED1C}.Debug|x86.Build.0 = Debug|Any CPU
		{5327B05F-E47E-458F-A30E-C5E39441ED1C}.Release|Any CPU.ActiveCfg = Release|Any CPU
		{5327B05F-E47E-458F-A30E-C5E39441ED1C}.Release|Any CPU.Build.0 = Release|Any CPU
		{5327B05F-E47E-458F-A30E-C5E39441ED1C}.Release|x64.ActiveCfg = Release|Any CPU
		{5327B05F-E47E-458F-A30E-C5E39441ED1C}.Release|x64.Build.0 = Release|Any CPU
		{5327B05F-E47E-458F-A30E-C5E39441ED1C}.Release|x86.ActiveCfg = Release|Any CPU
		{5327B05F-E47E-458F-A30E-C5E39441ED1C}.Release|x86.Build.0 = Release|Any CPU
		{5327B05F-E47E-458F-A30E-C5E39441ED1C}.Checked|Any CPU.ActiveCfg = Debug|Any CPU
		{5327B05F-E47E-458F-A30E-C5E39441ED1C}.Checked|Any CPU.Build.0 = Debug|Any CPU
		{5327B05F-E47E-458F-A30E-C5E39441ED1C}.Checked|x64.ActiveCfg = Debug|Any CPU
		{5327B05F-E47E-458F-A30E-C5E39441ED1C}.Checked|x64.Build.0 = Debug|Any CPU
		{5327B05F-E47E-458F-A30E-C5E39441ED1C}.Checked|x86.ActiveCfg = Debug|Any CPU
		{5327B05F-E47E-458F-A30E-C5E39441ED1C}.Checked|x86.Build.0 = Debug|Any CPU
		{DC9E9F1C-CB46-49BF-A1AB-42E0DC2788E2}.Debug|Any CPU.ActiveCfg = Debug|Any CPU
		{DC9E9F1C-CB46-49BF-A1AB-42E0DC2788E2}.Debug|Any CPU.Build.0 = Debug|Any CPU
		{DC9E9F1C-CB46-49BF-A1AB-42E0DC2788E2}.Debug|x64.ActiveCfg = Debug|Any CPU
		{DC9E9F1C-CB46-49BF-A1AB-42E0DC2788E2}.Debug|x64.Build.0 = Debug|Any CPU
		{DC9E9F1C-CB46-49BF-A1AB-42E0DC2788E2}.Debug|x86.ActiveCfg = Debug|Any CPU
		{DC9E9F1C-CB46-49BF-A1AB-42E0DC2788E2}.Debug|x86.Build.0 = Debug|Any CPU
		{DC9E9F1C-CB46-49BF-A1AB-42E0DC2788E2}.Release|Any CPU.ActiveCfg = Release|Any CPU
		{DC9E9F1C-CB46-49BF-A1AB-42E0DC2788E2}.Release|Any CPU.Build.0 = Release|Any CPU
		{DC9E9F1C-CB46-49BF-A1AB-42E0DC2788E2}.Release|x64.ActiveCfg = Release|Any CPU
		{DC9E9F1C-CB46-49BF-A1AB-42E0DC2788E2}.Release|x64.Build.0 = Release|Any CPU
		{DC9E9F1C-CB46-49BF-A1AB-42E0DC2788E2}.Release|x86.ActiveCfg = Release|Any CPU
		{DC9E9F1C-CB46-49BF-A1AB-42E0DC2788E2}.Release|x86.Build.0 = Release|Any CPU
		{DC9E9F1C-CB46-49BF-A1AB-42E0DC2788E2}.Checked|Any CPU.ActiveCfg = Debug|Any CPU
		{DC9E9F1C-CB46-49BF-A1AB-42E0DC2788E2}.Checked|Any CPU.Build.0 = Debug|Any CPU
		{DC9E9F1C-CB46-49BF-A1AB-42E0DC2788E2}.Checked|x64.ActiveCfg = Debug|Any CPU
		{DC9E9F1C-CB46-49BF-A1AB-42E0DC2788E2}.Checked|x64.Build.0 = Debug|Any CPU
		{DC9E9F1C-CB46-49BF-A1AB-42E0DC2788E2}.Checked|x86.ActiveCfg = Debug|Any CPU
		{DC9E9F1C-CB46-49BF-A1AB-42E0DC2788E2}.Checked|x86.Build.0 = Debug|Any CPU
		{262F64E2-9166-4F98-8221-9E602221DC3A}.Debug|Any CPU.ActiveCfg = Debug|Any CPU
		{262F64E2-9166-4F98-8221-9E602221DC3A}.Debug|Any CPU.Build.0 = Debug|Any CPU
		{262F64E2-9166-4F98-8221-9E602221DC3A}.Debug|x64.ActiveCfg = Debug|Any CPU
		{262F64E2-9166-4F98-8221-9E602221DC3A}.Debug|x64.Build.0 = Debug|Any CPU
		{262F64E2-9166-4F98-8221-9E602221DC3A}.Debug|x86.ActiveCfg = Debug|Any CPU
		{262F64E2-9166-4F98-8221-9E602221DC3A}.Debug|x86.Build.0 = Debug|Any CPU
		{262F64E2-9166-4F98-8221-9E602221DC3A}.Release|Any CPU.ActiveCfg = Release|Any CPU
		{262F64E2-9166-4F98-8221-9E602221DC3A}.Release|Any CPU.Build.0 = Release|Any CPU
		{262F64E2-9166-4F98-8221-9E602221DC3A}.Release|x64.ActiveCfg = Release|Any CPU
		{262F64E2-9166-4F98-8221-9E602221DC3A}.Release|x64.Build.0 = Release|Any CPU
		{262F64E2-9166-4F98-8221-9E602221DC3A}.Release|x86.ActiveCfg = Release|Any CPU
		{262F64E2-9166-4F98-8221-9E602221DC3A}.Release|x86.Build.0 = Release|Any CPU
		{262F64E2-9166-4F98-8221-9E602221DC3A}.Checked|Any CPU.ActiveCfg = Debug|Any CPU
		{262F64E2-9166-4F98-8221-9E602221DC3A}.Checked|Any CPU.Build.0 = Debug|Any CPU
		{262F64E2-9166-4F98-8221-9E602221DC3A}.Checked|x64.ActiveCfg = Debug|Any CPU
		{262F64E2-9166-4F98-8221-9E602221DC3A}.Checked|x64.Build.0 = Debug|Any CPU
		{262F64E2-9166-4F98-8221-9E602221DC3A}.Checked|x86.ActiveCfg = Debug|Any CPU
		{262F64E2-9166-4F98-8221-9E602221DC3A}.Checked|x86.Build.0 = Debug|Any CPU
		{B0E21FE7-22CE-4473-A281-082E0451B597}.Debug|Any CPU.ActiveCfg = Debug|Any CPU
		{B0E21FE7-22CE-4473-A281-082E0451B597}.Debug|Any CPU.Build.0 = Debug|Any CPU
		{B0E21FE7-22CE-4473-A281-082E0451B597}.Debug|x64.ActiveCfg = Debug|Any CPU
		{B0E21FE7-22CE-4473-A281-082E0451B597}.Debug|x64.Build.0 = Debug|Any CPU
		{B0E21FE7-22CE-4473-A281-082E0451B597}.Debug|x86.ActiveCfg = Debug|Any CPU
		{B0E21FE7-22CE-4473-A281-082E0451B597}.Debug|x86.Build.0 = Debug|Any CPU
		{B0E21FE7-22CE-4473-A281-082E0451B597}.Release|Any CPU.ActiveCfg = Release|Any CPU
		{B0E21FE7-22CE-4473-A281-082E0451B597}.Release|Any CPU.Build.0 = Release|Any CPU
		{B0E21FE7-22CE-4473-A281-082E0451B597}.Release|x64.ActiveCfg = Release|Any CPU
		{B0E21FE7-22CE-4473-A281-082E0451B597}.Release|x64.Build.0 = Release|Any CPU
		{B0E21FE7-22CE-4473-A281-082E0451B597}.Release|x86.ActiveCfg = Release|Any CPU
		{B0E21FE7-22CE-4473-A281-082E0451B597}.Release|x86.Build.0 = Release|Any CPU
		{B0E21FE7-22CE-4473-A281-082E0451B597}.Checked|Any CPU.ActiveCfg = Debug|Any CPU
		{B0E21FE7-22CE-4473-A281-082E0451B597}.Checked|Any CPU.Build.0 = Debug|Any CPU
		{B0E21FE7-22CE-4473-A281-082E0451B597}.Checked|x64.ActiveCfg = Debug|Any CPU
		{B0E21FE7-22CE-4473-A281-082E0451B597}.Checked|x64.Build.0 = Debug|Any CPU
		{B0E21FE7-22CE-4473-A281-082E0451B597}.Checked|x86.ActiveCfg = Debug|Any CPU
		{B0E21FE7-22CE-4473-A281-082E0451B597}.Checked|x86.Build.0 = Debug|Any CPU
		{BF9E57F2-AE25-4ADA-8118-AA13AC165496}.Debug|Any CPU.ActiveCfg = Debug|Any CPU
		{BF9E57F2-AE25-4ADA-8118-AA13AC165496}.Debug|Any CPU.Build.0 = Debug|Any CPU
		{BF9E57F2-AE25-4ADA-8118-AA13AC165496}.Debug|x64.ActiveCfg = Debug|Any CPU
		{BF9E57F2-AE25-4ADA-8118-AA13AC165496}.Debug|x64.Build.0 = Debug|Any CPU
		{BF9E57F2-AE25-4ADA-8118-AA13AC165496}.Debug|x86.ActiveCfg = Debug|Any CPU
		{BF9E57F2-AE25-4ADA-8118-AA13AC165496}.Debug|x86.Build.0 = Debug|Any CPU
		{BF9E57F2-AE25-4ADA-8118-AA13AC165496}.Release|Any CPU.ActiveCfg = Release|Any CPU
		{BF9E57F2-AE25-4ADA-8118-AA13AC165496}.Release|Any CPU.Build.0 = Release|Any CPU
		{BF9E57F2-AE25-4ADA-8118-AA13AC165496}.Release|x64.ActiveCfg = Release|Any CPU
		{BF9E57F2-AE25-4ADA-8118-AA13AC165496}.Release|x64.Build.0 = Release|Any CPU
		{BF9E57F2-AE25-4ADA-8118-AA13AC165496}.Release|x86.ActiveCfg = Release|Any CPU
		{BF9E57F2-AE25-4ADA-8118-AA13AC165496}.Release|x86.Build.0 = Release|Any CPU
		{BF9E57F2-AE25-4ADA-8118-AA13AC165496}.Checked|Any CPU.ActiveCfg = Debug|Any CPU
		{BF9E57F2-AE25-4ADA-8118-AA13AC165496}.Checked|Any CPU.Build.0 = Debug|Any CPU
		{BF9E57F2-AE25-4ADA-8118-AA13AC165496}.Checked|x64.ActiveCfg = Debug|Any CPU
		{BF9E57F2-AE25-4ADA-8118-AA13AC165496}.Checked|x64.Build.0 = Debug|Any CPU
		{BF9E57F2-AE25-4ADA-8118-AA13AC165496}.Checked|x86.ActiveCfg = Debug|Any CPU
		{BF9E57F2-AE25-4ADA-8118-AA13AC165496}.Checked|x86.Build.0 = Debug|Any CPU
		{C49044F2-5980-46DE-B670-573268817E7D}.Debug|Any CPU.ActiveCfg = Debug|Any CPU
		{C49044F2-5980-46DE-B670-573268817E7D}.Debug|Any CPU.Build.0 = Debug|Any CPU
		{C49044F2-5980-46DE-B670-573268817E7D}.Debug|x64.ActiveCfg = Debug|Any CPU
		{C49044F2-5980-46DE-B670-573268817E7D}.Debug|x64.Build.0 = Debug|Any CPU
		{C49044F2-5980-46DE-B670-573268817E7D}.Debug|x86.ActiveCfg = Debug|Any CPU
		{C49044F2-5980-46DE-B670-573268817E7D}.Debug|x86.Build.0 = Debug|Any CPU
		{C49044F2-5980-46DE-B670-573268817E7D}.Release|Any CPU.ActiveCfg = Release|Any CPU
		{C49044F2-5980-46DE-B670-573268817E7D}.Release|Any CPU.Build.0 = Release|Any CPU
		{C49044F2-5980-46DE-B670-573268817E7D}.Release|x64.ActiveCfg = Release|Any CPU
		{C49044F2-5980-46DE-B670-573268817E7D}.Release|x64.Build.0 = Release|Any CPU
		{C49044F2-5980-46DE-B670-573268817E7D}.Release|x86.ActiveCfg = Release|Any CPU
		{C49044F2-5980-46DE-B670-573268817E7D}.Release|x86.Build.0 = Release|Any CPU
		{C49044F2-5980-46DE-B670-573268817E7D}.Checked|Any CPU.ActiveCfg = Debug|Any CPU
		{C49044F2-5980-46DE-B670-573268817E7D}.Checked|Any CPU.Build.0 = Debug|Any CPU
		{C49044F2-5980-46DE-B670-573268817E7D}.Checked|x64.ActiveCfg = Debug|Any CPU
		{C49044F2-5980-46DE-B670-573268817E7D}.Checked|x64.Build.0 = Debug|Any CPU
		{C49044F2-5980-46DE-B670-573268817E7D}.Checked|x86.ActiveCfg = Debug|Any CPU
		{C49044F2-5980-46DE-B670-573268817E7D}.Checked|x86.Build.0 = Debug|Any CPU
		{48AFA1DD-E72F-4823-978A-E1E60F4E41DB}.Debug|Any CPU.ActiveCfg = Debug|Any CPU
		{48AFA1DD-E72F-4823-978A-E1E60F4E41DB}.Debug|Any CPU.Build.0 = Debug|Any CPU
		{48AFA1DD-E72F-4823-978A-E1E60F4E41DB}.Debug|x64.ActiveCfg = Debug|Any CPU
		{48AFA1DD-E72F-4823-978A-E1E60F4E41DB}.Debug|x64.Build.0 = Debug|Any CPU
		{48AFA1DD-E72F-4823-978A-E1E60F4E41DB}.Debug|x86.ActiveCfg = Debug|Any CPU
		{48AFA1DD-E72F-4823-978A-E1E60F4E41DB}.Debug|x86.Build.0 = Debug|Any CPU
		{48AFA1DD-E72F-4823-978A-E1E60F4E41DB}.Release|Any CPU.ActiveCfg = Release|Any CPU
		{48AFA1DD-E72F-4823-978A-E1E60F4E41DB}.Release|Any CPU.Build.0 = Release|Any CPU
		{48AFA1DD-E72F-4823-978A-E1E60F4E41DB}.Release|x64.ActiveCfg = Release|Any CPU
		{48AFA1DD-E72F-4823-978A-E1E60F4E41DB}.Release|x64.Build.0 = Release|Any CPU
		{48AFA1DD-E72F-4823-978A-E1E60F4E41DB}.Release|x86.ActiveCfg = Release|Any CPU
		{48AFA1DD-E72F-4823-978A-E1E60F4E41DB}.Release|x86.Build.0 = Release|Any CPU
		{48AFA1DD-E72F-4823-978A-E1E60F4E41DB}.Checked|Any CPU.ActiveCfg = Debug|Any CPU
		{48AFA1DD-E72F-4823-978A-E1E60F4E41DB}.Checked|Any CPU.Build.0 = Debug|Any CPU
		{48AFA1DD-E72F-4823-978A-E1E60F4E41DB}.Checked|x64.ActiveCfg = Debug|Any CPU
		{48AFA1DD-E72F-4823-978A-E1E60F4E41DB}.Checked|x64.Build.0 = Debug|Any CPU
		{48AFA1DD-E72F-4823-978A-E1E60F4E41DB}.Checked|x86.ActiveCfg = Debug|Any CPU
		{48AFA1DD-E72F-4823-978A-E1E60F4E41DB}.Checked|x86.Build.0 = Debug|Any CPU
		{EB1E236C-9103-4A6E-B892-2184703045AB}.Debug|Any CPU.ActiveCfg = Debug|Any CPU
		{EB1E236C-9103-4A6E-B892-2184703045AB}.Debug|Any CPU.Build.0 = Debug|Any CPU
		{EB1E236C-9103-4A6E-B892-2184703045AB}.Debug|x64.ActiveCfg = Debug|Any CPU
		{EB1E236C-9103-4A6E-B892-2184703045AB}.Debug|x64.Build.0 = Debug|Any CPU
		{EB1E236C-9103-4A6E-B892-2184703045AB}.Debug|x86.ActiveCfg = Debug|Any CPU
		{EB1E236C-9103-4A6E-B892-2184703045AB}.Debug|x86.Build.0 = Debug|Any CPU
		{EB1E236C-9103-4A6E-B892-2184703045AB}.Release|Any CPU.ActiveCfg = Release|Any CPU
		{EB1E236C-9103-4A6E-B892-2184703045AB}.Release|Any CPU.Build.0 = Release|Any CPU
		{EB1E236C-9103-4A6E-B892-2184703045AB}.Release|x64.ActiveCfg = Release|Any CPU
		{EB1E236C-9103-4A6E-B892-2184703045AB}.Release|x64.Build.0 = Release|Any CPU
		{EB1E236C-9103-4A6E-B892-2184703045AB}.Release|x86.ActiveCfg = Release|Any CPU
		{EB1E236C-9103-4A6E-B892-2184703045AB}.Release|x86.Build.0 = Release|Any CPU
		{EB1E236C-9103-4A6E-B892-2184703045AB}.Checked|Any CPU.ActiveCfg = Debug|Any CPU
		{EB1E236C-9103-4A6E-B892-2184703045AB}.Checked|Any CPU.Build.0 = Debug|Any CPU
		{EB1E236C-9103-4A6E-B892-2184703045AB}.Checked|x64.ActiveCfg = Debug|Any CPU
		{EB1E236C-9103-4A6E-B892-2184703045AB}.Checked|x64.Build.0 = Debug|Any CPU
		{EB1E236C-9103-4A6E-B892-2184703045AB}.Checked|x86.ActiveCfg = Debug|Any CPU
		{EB1E236C-9103-4A6E-B892-2184703045AB}.Checked|x86.Build.0 = Debug|Any CPU
		{BFC4850D-FA36-42DD-ACEB-AB51BB273D19}.Debug|Any CPU.ActiveCfg = Debug|Any CPU
		{BFC4850D-FA36-42DD-ACEB-AB51BB273D19}.Debug|Any CPU.Build.0 = Debug|Any CPU
		{BFC4850D-FA36-42DD-ACEB-AB51BB273D19}.Debug|x64.ActiveCfg = Debug|Any CPU
		{BFC4850D-FA36-42DD-ACEB-AB51BB273D19}.Debug|x64.Build.0 = Debug|Any CPU
		{BFC4850D-FA36-42DD-ACEB-AB51BB273D19}.Debug|x86.ActiveCfg = Debug|Any CPU
		{BFC4850D-FA36-42DD-ACEB-AB51BB273D19}.Debug|x86.Build.0 = Debug|Any CPU
		{BFC4850D-FA36-42DD-ACEB-AB51BB273D19}.Release|Any CPU.ActiveCfg = Release|Any CPU
		{BFC4850D-FA36-42DD-ACEB-AB51BB273D19}.Release|Any CPU.Build.0 = Release|Any CPU
		{BFC4850D-FA36-42DD-ACEB-AB51BB273D19}.Release|x64.ActiveCfg = Release|Any CPU
		{BFC4850D-FA36-42DD-ACEB-AB51BB273D19}.Release|x64.Build.0 = Release|Any CPU
		{BFC4850D-FA36-42DD-ACEB-AB51BB273D19}.Release|x86.ActiveCfg = Release|Any CPU
		{BFC4850D-FA36-42DD-ACEB-AB51BB273D19}.Release|x86.Build.0 = Release|Any CPU
		{BFC4850D-FA36-42DD-ACEB-AB51BB273D19}.Checked|Any CPU.ActiveCfg = Debug|Any CPU
		{BFC4850D-FA36-42DD-ACEB-AB51BB273D19}.Checked|Any CPU.Build.0 = Debug|Any CPU
		{BFC4850D-FA36-42DD-ACEB-AB51BB273D19}.Checked|x64.ActiveCfg = Debug|Any CPU
		{BFC4850D-FA36-42DD-ACEB-AB51BB273D19}.Checked|x64.Build.0 = Debug|Any CPU
		{BFC4850D-FA36-42DD-ACEB-AB51BB273D19}.Checked|x86.ActiveCfg = Debug|Any CPU
		{BFC4850D-FA36-42DD-ACEB-AB51BB273D19}.Checked|x86.Build.0 = Debug|Any CPU
		{8ACA5667-B53C-4D0F-914D-300F2466E817}.Debug|Any CPU.ActiveCfg = Debug|Any CPU
		{8ACA5667-B53C-4D0F-914D-300F2466E817}.Debug|Any CPU.Build.0 = Debug|Any CPU
		{8ACA5667-B53C-4D0F-914D-300F2466E817}.Debug|x64.ActiveCfg = Debug|Any CPU
		{8ACA5667-B53C-4D0F-914D-300F2466E817}.Debug|x64.Build.0 = Debug|Any CPU
		{8ACA5667-B53C-4D0F-914D-300F2466E817}.Debug|x86.ActiveCfg = Debug|Any CPU
		{8ACA5667-B53C-4D0F-914D-300F2466E817}.Debug|x86.Build.0 = Debug|Any CPU
		{8ACA5667-B53C-4D0F-914D-300F2466E817}.Release|Any CPU.ActiveCfg = Release|Any CPU
		{8ACA5667-B53C-4D0F-914D-300F2466E817}.Release|Any CPU.Build.0 = Release|Any CPU
		{8ACA5667-B53C-4D0F-914D-300F2466E817}.Release|x64.ActiveCfg = Release|Any CPU
		{8ACA5667-B53C-4D0F-914D-300F2466E817}.Release|x64.Build.0 = Release|Any CPU
		{8ACA5667-B53C-4D0F-914D-300F2466E817}.Release|x86.ActiveCfg = Release|Any CPU
		{8ACA5667-B53C-4D0F-914D-300F2466E817}.Release|x86.Build.0 = Release|Any CPU
		{8ACA5667-B53C-4D0F-914D-300F2466E817}.Checked|Any CPU.ActiveCfg = Debug|Any CPU
		{8ACA5667-B53C-4D0F-914D-300F2466E817}.Checked|Any CPU.Build.0 = Debug|Any CPU
		{8ACA5667-B53C-4D0F-914D-300F2466E817}.Checked|x64.ActiveCfg = Debug|Any CPU
		{8ACA5667-B53C-4D0F-914D-300F2466E817}.Checked|x64.Build.0 = Debug|Any CPU
		{8ACA5667-B53C-4D0F-914D-300F2466E817}.Checked|x86.ActiveCfg = Debug|Any CPU
		{8ACA5667-B53C-4D0F-914D-300F2466E817}.Checked|x86.Build.0 = Debug|Any CPU
		{82007243-CA9C-4D34-BFCD-9B322845A05D}.Debug|Any CPU.ActiveCfg = Debug|Any CPU
		{82007243-CA9C-4D34-BFCD-9B322845A05D}.Debug|Any CPU.Build.0 = Debug|Any CPU
		{82007243-CA9C-4D34-BFCD-9B322845A05D}.Debug|x64.ActiveCfg = Debug|Any CPU
		{82007243-CA9C-4D34-BFCD-9B322845A05D}.Debug|x64.Build.0 = Debug|Any CPU
		{82007243-CA9C-4D34-BFCD-9B322845A05D}.Debug|x86.ActiveCfg = Debug|Any CPU
		{82007243-CA9C-4D34-BFCD-9B322845A05D}.Debug|x86.Build.0 = Debug|Any CPU
		{82007243-CA9C-4D34-BFCD-9B322845A05D}.Release|Any CPU.ActiveCfg = Release|Any CPU
		{82007243-CA9C-4D34-BFCD-9B322845A05D}.Release|Any CPU.Build.0 = Release|Any CPU
		{82007243-CA9C-4D34-BFCD-9B322845A05D}.Release|x64.ActiveCfg = Release|Any CPU
		{82007243-CA9C-4D34-BFCD-9B322845A05D}.Release|x64.Build.0 = Release|Any CPU
		{82007243-CA9C-4D34-BFCD-9B322845A05D}.Release|x86.ActiveCfg = Release|Any CPU
		{82007243-CA9C-4D34-BFCD-9B322845A05D}.Release|x86.Build.0 = Release|Any CPU
		{82007243-CA9C-4D34-BFCD-9B322845A05D}.Checked|Any CPU.ActiveCfg = Debug|Any CPU
		{82007243-CA9C-4D34-BFCD-9B322845A05D}.Checked|Any CPU.Build.0 = Debug|Any CPU
		{82007243-CA9C-4D34-BFCD-9B322845A05D}.Checked|x64.ActiveCfg = Debug|Any CPU
		{82007243-CA9C-4D34-BFCD-9B322845A05D}.Checked|x64.Build.0 = Debug|Any CPU
		{82007243-CA9C-4D34-BFCD-9B322845A05D}.Checked|x86.ActiveCfg = Debug|Any CPU
		{82007243-CA9C-4D34-BFCD-9B322845A05D}.Checked|x86.Build.0 = Debug|Any CPU
		{206BC984-6F9C-44EB-A4D2-94A003F849C4}.Debug|Any CPU.ActiveCfg = Debug|Any CPU
		{206BC984-6F9C-44EB-A4D2-94A003F849C4}.Debug|Any CPU.Build.0 = Debug|Any CPU
		{206BC984-6F9C-44EB-A4D2-94A003F849C4}.Debug|x64.ActiveCfg = Debug|Any CPU
		{206BC984-6F9C-44EB-A4D2-94A003F849C4}.Debug|x64.Build.0 = Debug|Any CPU
		{206BC984-6F9C-44EB-A4D2-94A003F849C4}.Debug|x86.ActiveCfg = Debug|Any CPU
		{206BC984-6F9C-44EB-A4D2-94A003F849C4}.Debug|x86.Build.0 = Debug|Any CPU
		{206BC984-6F9C-44EB-A4D2-94A003F849C4}.Release|Any CPU.ActiveCfg = Release|Any CPU
		{206BC984-6F9C-44EB-A4D2-94A003F849C4}.Release|Any CPU.Build.0 = Release|Any CPU
		{206BC984-6F9C-44EB-A4D2-94A003F849C4}.Release|x64.ActiveCfg = Release|Any CPU
		{206BC984-6F9C-44EB-A4D2-94A003F849C4}.Release|x64.Build.0 = Release|Any CPU
		{206BC984-6F9C-44EB-A4D2-94A003F849C4}.Release|x86.ActiveCfg = Release|Any CPU
		{206BC984-6F9C-44EB-A4D2-94A003F849C4}.Release|x86.Build.0 = Release|Any CPU
		{206BC984-6F9C-44EB-A4D2-94A003F849C4}.Checked|Any CPU.ActiveCfg = Debug|Any CPU
		{206BC984-6F9C-44EB-A4D2-94A003F849C4}.Checked|Any CPU.Build.0 = Debug|Any CPU
		{206BC984-6F9C-44EB-A4D2-94A003F849C4}.Checked|x64.ActiveCfg = Debug|Any CPU
		{206BC984-6F9C-44EB-A4D2-94A003F849C4}.Checked|x64.Build.0 = Debug|Any CPU
		{206BC984-6F9C-44EB-A4D2-94A003F849C4}.Checked|x86.ActiveCfg = Debug|Any CPU
		{206BC984-6F9C-44EB-A4D2-94A003F849C4}.Checked|x86.Build.0 = Debug|Any CPU
		{7E6EB8F9-BC71-4AE9-8832-C0A6D15C52BF}.Debug|Any CPU.ActiveCfg = Debug|Any CPU
		{7E6EB8F9-BC71-4AE9-8832-C0A6D15C52BF}.Debug|Any CPU.Build.0 = Debug|Any CPU
		{7E6EB8F9-BC71-4AE9-8832-C0A6D15C52BF}.Debug|x64.ActiveCfg = Debug|Any CPU
		{7E6EB8F9-BC71-4AE9-8832-C0A6D15C52BF}.Debug|x64.Build.0 = Debug|Any CPU
		{7E6EB8F9-BC71-4AE9-8832-C0A6D15C52BF}.Debug|x86.ActiveCfg = Debug|Any CPU
		{7E6EB8F9-BC71-4AE9-8832-C0A6D15C52BF}.Debug|x86.Build.0 = Debug|Any CPU
		{7E6EB8F9-BC71-4AE9-8832-C0A6D15C52BF}.Release|Any CPU.ActiveCfg = Release|Any CPU
		{7E6EB8F9-BC71-4AE9-8832-C0A6D15C52BF}.Release|Any CPU.Build.0 = Release|Any CPU
		{7E6EB8F9-BC71-4AE9-8832-C0A6D15C52BF}.Release|x64.ActiveCfg = Release|Any CPU
		{7E6EB8F9-BC71-4AE9-8832-C0A6D15C52BF}.Release|x64.Build.0 = Release|Any CPU
		{7E6EB8F9-BC71-4AE9-8832-C0A6D15C52BF}.Release|x86.ActiveCfg = Release|Any CPU
		{7E6EB8F9-BC71-4AE9-8832-C0A6D15C52BF}.Release|x86.Build.0 = Release|Any CPU
		{7E6EB8F9-BC71-4AE9-8832-C0A6D15C52BF}.Checked|Any CPU.ActiveCfg = Debug|Any CPU
		{7E6EB8F9-BC71-4AE9-8832-C0A6D15C52BF}.Checked|Any CPU.Build.0 = Debug|Any CPU
		{7E6EB8F9-BC71-4AE9-8832-C0A6D15C52BF}.Checked|x64.ActiveCfg = Debug|Any CPU
		{7E6EB8F9-BC71-4AE9-8832-C0A6D15C52BF}.Checked|x64.Build.0 = Debug|Any CPU
		{7E6EB8F9-BC71-4AE9-8832-C0A6D15C52BF}.Checked|x86.ActiveCfg = Debug|Any CPU
		{7E6EB8F9-BC71-4AE9-8832-C0A6D15C52BF}.Checked|x86.Build.0 = Debug|Any CPU
		{A71D42A4-93E4-4F72-85B3-D7324C1F937D}.Debug|Any CPU.ActiveCfg = Debug|Any CPU
		{A71D42A4-93E4-4F72-85B3-D7324C1F937D}.Debug|Any CPU.Build.0 = Debug|Any CPU
		{A71D42A4-93E4-4F72-85B3-D7324C1F937D}.Debug|x64.ActiveCfg = Debug|Any CPU
		{A71D42A4-93E4-4F72-85B3-D7324C1F937D}.Debug|x64.Build.0 = Debug|Any CPU
		{A71D42A4-93E4-4F72-85B3-D7324C1F937D}.Debug|x86.ActiveCfg = Debug|Any CPU
		{A71D42A4-93E4-4F72-85B3-D7324C1F937D}.Debug|x86.Build.0 = Debug|Any CPU
		{A71D42A4-93E4-4F72-85B3-D7324C1F937D}.Release|Any CPU.ActiveCfg = Release|Any CPU
		{A71D42A4-93E4-4F72-85B3-D7324C1F937D}.Release|Any CPU.Build.0 = Release|Any CPU
		{A71D42A4-93E4-4F72-85B3-D7324C1F937D}.Release|x64.ActiveCfg = Release|Any CPU
		{A71D42A4-93E4-4F72-85B3-D7324C1F937D}.Release|x64.Build.0 = Release|Any CPU
		{A71D42A4-93E4-4F72-85B3-D7324C1F937D}.Release|x86.ActiveCfg = Release|Any CPU
		{A71D42A4-93E4-4F72-85B3-D7324C1F937D}.Release|x86.Build.0 = Release|Any CPU
		{A71D42A4-93E4-4F72-85B3-D7324C1F937D}.Checked|Any CPU.ActiveCfg = Debug|Any CPU
		{A71D42A4-93E4-4F72-85B3-D7324C1F937D}.Checked|Any CPU.Build.0 = Debug|Any CPU
		{A71D42A4-93E4-4F72-85B3-D7324C1F937D}.Checked|x64.ActiveCfg = Debug|Any CPU
		{A71D42A4-93E4-4F72-85B3-D7324C1F937D}.Checked|x64.Build.0 = Debug|Any CPU
		{A71D42A4-93E4-4F72-85B3-D7324C1F937D}.Checked|x86.ActiveCfg = Debug|Any CPU
		{A71D42A4-93E4-4F72-85B3-D7324C1F937D}.Checked|x86.Build.0 = Debug|Any CPU
		{F912C06E-657D-4ADC-A01D-0C22479514FB}.Debug|Any CPU.ActiveCfg = Debug|Any CPU
		{F912C06E-657D-4ADC-A01D-0C22479514FB}.Debug|Any CPU.Build.0 = Debug|Any CPU
		{F912C06E-657D-4ADC-A01D-0C22479514FB}.Debug|x64.ActiveCfg = Debug|Any CPU
		{F912C06E-657D-4ADC-A01D-0C22479514FB}.Debug|x64.Build.0 = Debug|Any CPU
		{F912C06E-657D-4ADC-A01D-0C22479514FB}.Debug|x86.ActiveCfg = Debug|Any CPU
		{F912C06E-657D-4ADC-A01D-0C22479514FB}.Debug|x86.Build.0 = Debug|Any CPU
		{F912C06E-657D-4ADC-A01D-0C22479514FB}.Release|Any CPU.ActiveCfg = Release|Any CPU
		{F912C06E-657D-4ADC-A01D-0C22479514FB}.Release|Any CPU.Build.0 = Release|Any CPU
		{F912C06E-657D-4ADC-A01D-0C22479514FB}.Release|x64.ActiveCfg = Release|Any CPU
		{F912C06E-657D-4ADC-A01D-0C22479514FB}.Release|x64.Build.0 = Release|Any CPU
		{F912C06E-657D-4ADC-A01D-0C22479514FB}.Release|x86.ActiveCfg = Release|Any CPU
		{F912C06E-657D-4ADC-A01D-0C22479514FB}.Release|x86.Build.0 = Release|Any CPU
		{F912C06E-657D-4ADC-A01D-0C22479514FB}.Checked|Any CPU.ActiveCfg = Debug|Any CPU
		{F912C06E-657D-4ADC-A01D-0C22479514FB}.Checked|Any CPU.Build.0 = Debug|Any CPU
		{F912C06E-657D-4ADC-A01D-0C22479514FB}.Checked|x64.ActiveCfg = Debug|Any CPU
		{F912C06E-657D-4ADC-A01D-0C22479514FB}.Checked|x64.Build.0 = Debug|Any CPU
		{F912C06E-657D-4ADC-A01D-0C22479514FB}.Checked|x86.ActiveCfg = Debug|Any CPU
		{F912C06E-657D-4ADC-A01D-0C22479514FB}.Checked|x86.Build.0 = Debug|Any CPU
		{EE5AB92A-0E43-48A0-9AC1-DB39B5451903}.Debug|Any CPU.ActiveCfg = Debug|Any CPU
		{EE5AB92A-0E43-48A0-9AC1-DB39B5451903}.Debug|Any CPU.Build.0 = Debug|Any CPU
		{EE5AB92A-0E43-48A0-9AC1-DB39B5451903}.Debug|x64.ActiveCfg = Debug|Any CPU
		{EE5AB92A-0E43-48A0-9AC1-DB39B5451903}.Debug|x64.Build.0 = Debug|Any CPU
		{EE5AB92A-0E43-48A0-9AC1-DB39B5451903}.Debug|x86.ActiveCfg = Debug|Any CPU
		{EE5AB92A-0E43-48A0-9AC1-DB39B5451903}.Debug|x86.Build.0 = Debug|Any CPU
		{EE5AB92A-0E43-48A0-9AC1-DB39B5451903}.Release|Any CPU.ActiveCfg = Release|Any CPU
		{EE5AB92A-0E43-48A0-9AC1-DB39B5451903}.Release|Any CPU.Build.0 = Release|Any CPU
		{EE5AB92A-0E43-48A0-9AC1-DB39B5451903}.Release|x64.ActiveCfg = Release|Any CPU
		{EE5AB92A-0E43-48A0-9AC1-DB39B5451903}.Release|x64.Build.0 = Release|Any CPU
		{EE5AB92A-0E43-48A0-9AC1-DB39B5451903}.Release|x86.ActiveCfg = Release|Any CPU
		{EE5AB92A-0E43-48A0-9AC1-DB39B5451903}.Release|x86.Build.0 = Release|Any CPU
		{EE5AB92A-0E43-48A0-9AC1-DB39B5451903}.Checked|Any CPU.ActiveCfg = Debug|Any CPU
		{EE5AB92A-0E43-48A0-9AC1-DB39B5451903}.Checked|Any CPU.Build.0 = Debug|Any CPU
		{EE5AB92A-0E43-48A0-9AC1-DB39B5451903}.Checked|x64.ActiveCfg = Debug|Any CPU
		{EE5AB92A-0E43-48A0-9AC1-DB39B5451903}.Checked|x64.Build.0 = Debug|Any CPU
		{EE5AB92A-0E43-48A0-9AC1-DB39B5451903}.Checked|x86.ActiveCfg = Debug|Any CPU
		{EE5AB92A-0E43-48A0-9AC1-DB39B5451903}.Checked|x86.Build.0 = Debug|Any CPU
		{EF5D8A70-469A-457B-A00F-1EC5DBE8725D}.Debug|Any CPU.ActiveCfg = Debug|Any CPU
		{EF5D8A70-469A-457B-A00F-1EC5DBE8725D}.Debug|Any CPU.Build.0 = Debug|Any CPU
		{EF5D8A70-469A-457B-A00F-1EC5DBE8725D}.Debug|x64.ActiveCfg = Debug|Any CPU
		{EF5D8A70-469A-457B-A00F-1EC5DBE8725D}.Debug|x64.Build.0 = Debug|Any CPU
		{EF5D8A70-469A-457B-A00F-1EC5DBE8725D}.Debug|x86.ActiveCfg = Debug|Any CPU
		{EF5D8A70-469A-457B-A00F-1EC5DBE8725D}.Debug|x86.Build.0 = Debug|Any CPU
		{EF5D8A70-469A-457B-A00F-1EC5DBE8725D}.Release|Any CPU.ActiveCfg = Release|Any CPU
		{EF5D8A70-469A-457B-A00F-1EC5DBE8725D}.Release|Any CPU.Build.0 = Release|Any CPU
		{EF5D8A70-469A-457B-A00F-1EC5DBE8725D}.Release|x64.ActiveCfg = Release|Any CPU
		{EF5D8A70-469A-457B-A00F-1EC5DBE8725D}.Release|x64.Build.0 = Release|Any CPU
		{EF5D8A70-469A-457B-A00F-1EC5DBE8725D}.Release|x86.ActiveCfg = Release|Any CPU
		{EF5D8A70-469A-457B-A00F-1EC5DBE8725D}.Release|x86.Build.0 = Release|Any CPU
		{EF5D8A70-469A-457B-A00F-1EC5DBE8725D}.Checked|Any CPU.ActiveCfg = Debug|Any CPU
		{EF5D8A70-469A-457B-A00F-1EC5DBE8725D}.Checked|Any CPU.Build.0 = Debug|Any CPU
		{EF5D8A70-469A-457B-A00F-1EC5DBE8725D}.Checked|x64.ActiveCfg = Debug|Any CPU
		{EF5D8A70-469A-457B-A00F-1EC5DBE8725D}.Checked|x64.Build.0 = Debug|Any CPU
		{EF5D8A70-469A-457B-A00F-1EC5DBE8725D}.Checked|x86.ActiveCfg = Debug|Any CPU
		{EF5D8A70-469A-457B-A00F-1EC5DBE8725D}.Checked|x86.Build.0 = Debug|Any CPU
		{57D2BBAE-2502-45B0-9F8A-8A222213AD27}.Debug|Any CPU.ActiveCfg = Debug|x64
		{57D2BBAE-2502-45B0-9F8A-8A222213AD27}.Debug|Any CPU.Build.0 = Debug|x64
		{57D2BBAE-2502-45B0-9F8A-8A222213AD27}.Debug|x64.ActiveCfg = Debug|x64
		{57D2BBAE-2502-45B0-9F8A-8A222213AD27}.Debug|x64.Build.0 = Debug|x64
		{57D2BBAE-2502-45B0-9F8A-8A222213AD27}.Debug|x86.ActiveCfg = Debug|x86
		{57D2BBAE-2502-45B0-9F8A-8A222213AD27}.Debug|x86.Build.0 = Debug|x86
		{57D2BBAE-2502-45B0-9F8A-8A222213AD27}.Release|Any CPU.ActiveCfg = Release|x64
		{57D2BBAE-2502-45B0-9F8A-8A222213AD27}.Release|Any CPU.Build.0 = Release|x64
		{57D2BBAE-2502-45B0-9F8A-8A222213AD27}.Release|x64.ActiveCfg = Release|x64
		{57D2BBAE-2502-45B0-9F8A-8A222213AD27}.Release|x64.Build.0 = Release|x64
		{57D2BBAE-2502-45B0-9F8A-8A222213AD27}.Release|x86.ActiveCfg = Release|x86
		{57D2BBAE-2502-45B0-9F8A-8A222213AD27}.Release|x86.Build.0 = Release|x86
		{57D2BBAE-2502-45B0-9F8A-8A222213AD27}.Checked|Any CPU.ActiveCfg = Checked|x64
		{57D2BBAE-2502-45B0-9F8A-8A222213AD27}.Checked|Any CPU.Build.0 = Checked|x64
		{57D2BBAE-2502-45B0-9F8A-8A222213AD27}.Checked|x64.ActiveCfg = Checked|x64
		{57D2BBAE-2502-45B0-9F8A-8A222213AD27}.Checked|x64.Build.0 = Checked|x64
		{57D2BBAE-2502-45B0-9F8A-8A222213AD27}.Checked|x86.ActiveCfg = Checked|x86
		{57D2BBAE-2502-45B0-9F8A-8A222213AD27}.Checked|x86.Build.0 = Checked|x86
		{9E6A5D88-E929-40DB-B2E0-A2A3F83E9117}.Debug|Any CPU.ActiveCfg = Debug|Any CPU
		{9E6A5D88-E929-40DB-B2E0-A2A3F83E9117}.Debug|Any CPU.Build.0 = Debug|Any CPU
		{9E6A5D88-E929-40DB-B2E0-A2A3F83E9117}.Debug|x64.ActiveCfg = Debug|Any CPU
		{9E6A5D88-E929-40DB-B2E0-A2A3F83E9117}.Debug|x64.Build.0 = Debug|Any CPU
		{9E6A5D88-E929-40DB-B2E0-A2A3F83E9117}.Debug|x86.ActiveCfg = Debug|Any CPU
		{9E6A5D88-E929-40DB-B2E0-A2A3F83E9117}.Debug|x86.Build.0 = Debug|Any CPU
		{9E6A5D88-E929-40DB-B2E0-A2A3F83E9117}.Release|Any CPU.ActiveCfg = Release|Any CPU
		{9E6A5D88-E929-40DB-B2E0-A2A3F83E9117}.Release|Any CPU.Build.0 = Release|Any CPU
		{9E6A5D88-E929-40DB-B2E0-A2A3F83E9117}.Release|x64.ActiveCfg = Release|Any CPU
		{9E6A5D88-E929-40DB-B2E0-A2A3F83E9117}.Release|x64.Build.0 = Release|Any CPU
		{9E6A5D88-E929-40DB-B2E0-A2A3F83E9117}.Release|x86.ActiveCfg = Release|Any CPU
		{9E6A5D88-E929-40DB-B2E0-A2A3F83E9117}.Release|x86.Build.0 = Release|Any CPU
		{9E6A5D88-E929-40DB-B2E0-A2A3F83E9117}.Checked|Any CPU.ActiveCfg = Debug|Any CPU
		{9E6A5D88-E929-40DB-B2E0-A2A3F83E9117}.Checked|Any CPU.Build.0 = Debug|Any CPU
		{9E6A5D88-E929-40DB-B2E0-A2A3F83E9117}.Checked|x64.ActiveCfg = Debug|Any CPU
		{9E6A5D88-E929-40DB-B2E0-A2A3F83E9117}.Checked|x64.Build.0 = Debug|Any CPU
		{9E6A5D88-E929-40DB-B2E0-A2A3F83E9117}.Checked|x86.ActiveCfg = Debug|Any CPU
		{9E6A5D88-E929-40DB-B2E0-A2A3F83E9117}.Checked|x86.Build.0 = Debug|Any CPU
		{C726CA75-C428-41DB-9031-22EBECD8DE5F}.Debug|Any CPU.ActiveCfg = Debug|Any CPU
		{C726CA75-C428-41DB-9031-22EBECD8DE5F}.Debug|Any CPU.Build.0 = Debug|Any CPU
		{C726CA75-C428-41DB-9031-22EBECD8DE5F}.Debug|x64.ActiveCfg = Debug|Any CPU
		{C726CA75-C428-41DB-9031-22EBECD8DE5F}.Debug|x64.Build.0 = Debug|Any CPU
		{C726CA75-C428-41DB-9031-22EBECD8DE5F}.Debug|x86.ActiveCfg = Debug|Any CPU
		{C726CA75-C428-41DB-9031-22EBECD8DE5F}.Debug|x86.Build.0 = Debug|Any CPU
		{C726CA75-C428-41DB-9031-22EBECD8DE5F}.Release|Any CPU.ActiveCfg = Release|Any CPU
		{C726CA75-C428-41DB-9031-22EBECD8DE5F}.Release|Any CPU.Build.0 = Release|Any CPU
		{C726CA75-C428-41DB-9031-22EBECD8DE5F}.Release|x64.ActiveCfg = Release|Any CPU
		{C726CA75-C428-41DB-9031-22EBECD8DE5F}.Release|x64.Build.0 = Release|Any CPU
		{C726CA75-C428-41DB-9031-22EBECD8DE5F}.Release|x86.ActiveCfg = Release|Any CPU
		{C726CA75-C428-41DB-9031-22EBECD8DE5F}.Release|x86.Build.0 = Release|Any CPU
		{C726CA75-C428-41DB-9031-22EBECD8DE5F}.Checked|Any CPU.ActiveCfg = Debug|Any CPU
		{C726CA75-C428-41DB-9031-22EBECD8DE5F}.Checked|Any CPU.Build.0 = Debug|Any CPU
		{C726CA75-C428-41DB-9031-22EBECD8DE5F}.Checked|x64.ActiveCfg = Debug|Any CPU
		{C726CA75-C428-41DB-9031-22EBECD8DE5F}.Checked|x64.Build.0 = Debug|Any CPU
		{C726CA75-C428-41DB-9031-22EBECD8DE5F}.Checked|x86.ActiveCfg = Debug|Any CPU
		{C726CA75-C428-41DB-9031-22EBECD8DE5F}.Checked|x86.Build.0 = Debug|Any CPU
	EndGlobalSection
	GlobalSection(SolutionProperties) = preSolution
		HideSolutionNode = FALSE
	EndGlobalSection
	GlobalSection(NestedProjects) = preSolution
		{E3DD170A-B91F-4615-984A-0A5268B077D0} = {894A37AE-975A-40D5-A20F-851F6E90FB07}
		{BC4E45A0-6024-454A-AA4F-8414BEC5FE8B} = {894A37AE-975A-40D5-A20F-851F6E90FB07}
		{262F64E2-9166-4F98-8221-9E602221DC3A} = {894A37AE-975A-40D5-A20F-851F6E90FB07}
		{EB1E236C-9103-4A6E-B892-2184703045AB} = {894A37AE-975A-40D5-A20F-851F6E90FB07}
		{BFC4850D-FA36-42DD-ACEB-AB51BB273D19} = {894A37AE-975A-40D5-A20F-851F6E90FB07}
		{EF5D8A70-469A-457B-A00F-1EC5DBE8725D} = {894A37AE-975A-40D5-A20F-851F6E90FB07}
		{9E6A5D88-E929-40DB-B2E0-A2A3F83E9117} = {894A37AE-975A-40D5-A20F-851F6E90FB07}
		{8B01C9B1-1B3A-47A1-9851-CCD3721237BF} = {DB56CFDF-65E4-4289-9532-E325A88489BF}
		{FC3FBFFE-B1BC-4C1B-AC1A-8714767A940E} = {DB56CFDF-65E4-4289-9532-E325A88489BF}
		{DC9E9F1C-CB46-49BF-A1AB-42E0DC2788E2} = {DB56CFDF-65E4-4289-9532-E325A88489BF}
		{BF9E57F2-AE25-4ADA-8118-AA13AC165496} = {DB56CFDF-65E4-4289-9532-E325A88489BF}
		{C49044F2-5980-46DE-B670-573268817E7D} = {DB56CFDF-65E4-4289-9532-E325A88489BF}
		{48AFA1DD-E72F-4823-978A-E1E60F4E41DB} = {DB56CFDF-65E4-4289-9532-E325A88489BF}
		{8ACA5667-B53C-4D0F-914D-300F2466E817} = {DB56CFDF-65E4-4289-9532-E325A88489BF}
		{82007243-CA9C-4D34-BFCD-9B322845A05D} = {DB56CFDF-65E4-4289-9532-E325A88489BF}
		{206BC984-6F9C-44EB-A4D2-94A003F849C4} = {DB56CFDF-65E4-4289-9532-E325A88489BF}
		{7E6EB8F9-BC71-4AE9-8832-C0A6D15C52BF} = {DB56CFDF-65E4-4289-9532-E325A88489BF}
		{A71D42A4-93E4-4F72-85B3-D7324C1F937D} = {DB56CFDF-65E4-4289-9532-E325A88489BF}
		{F912C06E-657D-4ADC-A01D-0C22479514FB} = {DB56CFDF-65E4-4289-9532-E325A88489BF}
		{EE5AB92A-0E43-48A0-9AC1-DB39B5451903} = {DB56CFDF-65E4-4289-9532-E325A88489BF}
		{57D2BBAE-2502-45B0-9F8A-8A222213AD27} = {DB56CFDF-65E4-4289-9532-E325A88489BF}
		{C726CA75-C428-41DB-9031-22EBECD8DE5F} = {DB56CFDF-65E4-4289-9532-E325A88489BF}
		{4972291B-4988-418C-9EEC-93AE71C18E4F} = {13346225-1CCE-47CD-9ADF-49B6F529BF33}
		{5327B05F-E47E-458F-A30E-C5E39441ED1C} = {13346225-1CCE-47CD-9ADF-49B6F529BF33}
		{B0E21FE7-22CE-4473-A281-082E0451B597} = {13346225-1CCE-47CD-9ADF-49B6F529BF33}
	EndGlobalSection
	GlobalSection(ExtensibilityGlobals) = postSolution
		SolutionGuid = {A60086D8-4665-4FB4-ABA7-A74F0CC9983D}
	EndGlobalSection
EndGlobal
