Microsoft Visual Studio Solution File, Format Version 12.00
Project("{9A19103F-16F7-4668-BE54-9A1E7A4F7556}") = "TestUtilities", "..\Common\tests\TestUtilities\TestUtilities.csproj", "{C1F10802-5F76-472B-B164-C1D181DB5EBC}"
EndProject
Project("{9A19103F-16F7-4668-BE54-9A1E7A4F7556}") = "System.Runtime.CompilerServices.Unsafe", "..\System.Runtime.CompilerServices.Unsafe\ref\System.Runtime.CompilerServices.Unsafe.csproj", "{D29F8C8C-DC1D-46CD-B584-372AEF5BAECD}"
EndProject
Project("{9A19103F-16F7-4668-BE54-9A1E7A4F7556}") = "System.Runtime.CompilerServices.Unsafe", "..\System.Runtime.CompilerServices.Unsafe\src\System.Runtime.CompilerServices.Unsafe.ilproj", "{4569516A-531A-4F61-B887-0429B913CC2D}"
EndProject
Project("{9A19103F-16F7-4668-BE54-9A1E7A4F7556}") = "System.Threading.Channels", "ref\System.Threading.Channels.csproj", "{E427C88B-655E-43F9-A0C0-AA54D01BDBDF}"
EndProject
Project("{9A19103F-16F7-4668-BE54-9A1E7A4F7556}") = "System.Threading.Channels", "src\System.Threading.Channels.csproj", "{4CFA1610-00D7-4651-82C8-A7504C475837}"
EndProject
Project("{9A19103F-16F7-4668-BE54-9A1E7A4F7556}") = "System.Threading.Channels.Tests", "tests\System.Threading.Channels.Tests.csproj", "{845BFFC3-14F2-402E-81E5-B487D41B7CD9}"
EndProject
Project("{2150E333-8FDC-42A3-9474-1A3956D46DE8}") = "ref", "ref", "{FF2B4187-4C5E-4BAB-9230-976CB96717A2}"
EndProject
Project("{2150E333-8FDC-42A3-9474-1A3956D46DE8}") = "src", "src", "{E8291C18-EE26-44EA-97A5-D94A4C2D9012}"
EndProject
Project("{2150E333-8FDC-42A3-9474-1A3956D46DE8}") = "tests", "tests", "{DA742481-77F4-4587-9C07-D8BC1ED075B5}"
EndProject
Global
	GlobalSection(SolutionConfigurationPlatforms) = preSolution
		Debug|Any CPU = Debug|Any CPU
		Release|Any CPU = Release|Any CPU
	EndGlobalSection
	GlobalSection(ProjectConfigurationPlatforms) = postSolution
		{E427C88B-655E-43F9-A0C0-AA54D01BDBDF}.Debug|Any CPU.ActiveCfg = Debug|Any CPU
		{E427C88B-655E-43F9-A0C0-AA54D01BDBDF}.Debug|Any CPU.Build.0 = Debug|Any CPU
		{E427C88B-655E-43F9-A0C0-AA54D01BDBDF}.Release|Any CPU.ActiveCfg = Release|Any CPU
		{E427C88B-655E-43F9-A0C0-AA54D01BDBDF}.Release|Any CPU.Build.0 = Release|Any CPU
		{4CFA1610-00D7-4651-82C8-A7504C475837}.Debug|Any CPU.ActiveCfg = Debug|Any CPU
		{4CFA1610-00D7-4651-82C8-A7504C475837}.Debug|Any CPU.Build.0 = Debug|Any CPU
		{4CFA1610-00D7-4651-82C8-A7504C475837}.Release|Any CPU.ActiveCfg = Release|Any CPU
		{4CFA1610-00D7-4651-82C8-A7504C475837}.Release|Any CPU.Build.0 = Release|Any CPU
		{845BFFC3-14F2-402E-81E5-B487D41B7CD9}.Debug|Any CPU.ActiveCfg = Debug|Any CPU
		{845BFFC3-14F2-402E-81E5-B487D41B7CD9}.Debug|Any CPU.Build.0 = Debug|Any CPU
		{845BFFC3-14F2-402E-81E5-B487D41B7CD9}.Release|Any CPU.ActiveCfg = Release|Any CPU
		{845BFFC3-14F2-402E-81E5-B487D41B7CD9}.Release|Any CPU.Build.0 = Release|Any CPU
		{C1F10802-5F76-472B-B164-C1D181DB5EBC}.Debug|Any CPU.ActiveCfg = Debug|Any CPU
		{C1F10802-5F76-472B-B164-C1D181DB5EBC}.Debug|Any CPU.Build.0 = Debug|Any CPU
		{C1F10802-5F76-472B-B164-C1D181DB5EBC}.Release|Any CPU.ActiveCfg = Release|Any CPU
		{C1F10802-5F76-472B-B164-C1D181DB5EBC}.Release|Any CPU.Build.0 = Release|Any CPU
		{4569516A-531A-4F61-B887-0429B913CC2D}.Debug|Any CPU.ActiveCfg = Debug|Any CPU
		{4569516A-531A-4F61-B887-0429B913CC2D}.Debug|Any CPU.Build.0 = Debug|Any CPU
		{4569516A-531A-4F61-B887-0429B913CC2D}.Release|Any CPU.ActiveCfg = Release|Any CPU
		{4569516A-531A-4F61-B887-0429B913CC2D}.Release|Any CPU.Build.0 = Release|Any CPU
		{D29F8C8C-DC1D-46CD-B584-372AEF5BAECD}.Debug|Any CPU.ActiveCfg = Debug|Any CPU
		{D29F8C8C-DC1D-46CD-B584-372AEF5BAECD}.Debug|Any CPU.Build.0 = Debug|Any CPU
		{D29F8C8C-DC1D-46CD-B584-372AEF5BAECD}.Release|Any CPU.ActiveCfg = Release|Any CPU
		{D29F8C8C-DC1D-46CD-B584-372AEF5BAECD}.Release|Any CPU.Build.0 = Release|Any CPU
	EndGlobalSection
	GlobalSection(SolutionProperties) = preSolution
		HideSolutionNode = FALSE
	EndGlobalSection
	GlobalSection(NestedProjects) = preSolution
		{E427C88B-655E-43F9-A0C0-AA54D01BDBDF} = {FF2B4187-4C5E-4BAB-9230-976CB96717A2}
		{D29F8C8C-DC1D-46CD-B584-372AEF5BAECD} = {FF2B4187-4C5E-4BAB-9230-976CB96717A2}
		{4CFA1610-00D7-4651-82C8-A7504C475837} = {E8291C18-EE26-44EA-97A5-D94A4C2D9012}
		{4569516A-531A-4F61-B887-0429B913CC2D} = {E8291C18-EE26-44EA-97A5-D94A4C2D9012}
		{845BFFC3-14F2-402E-81E5-B487D41B7CD9} = {DA742481-77F4-4587-9C07-D8BC1ED075B5}
		{C1F10802-5F76-472B-B164-C1D181DB5EBC} = {DA742481-77F4-4587-9C07-D8BC1ED075B5}
	EndGlobalSection
	GlobalSection(ExtensibilityGlobals) = postSolution
		SolutionGuid = {32969D61-FEC0-4702-A3D4-88EC58F8ED5A}
	EndGlobalSection
EndGlobal
