Microsoft Visual Studio Solution File, Format Version 12.00
Project("{9A19103F-16F7-4668-BE54-9A1E7A4F7556}") = "TestUtilities", "..\Common\tests\TestUtilities\TestUtilities.csproj", "{0869556F-E34F-4284-B985-CB6D3B6AD954}"
EndProject
Project("{9A19103F-16F7-4668-BE54-9A1E7A4F7556}") = "System.IO.Compression.ZipFile", "ref\System.IO.Compression.ZipFile.csproj", "{E91931AD-977E-4608-9F40-997163322D8B}"
EndProject
Project("{9A19103F-16F7-4668-BE54-9A1E7A4F7556}") = "System.IO.Compression.ZipFile", "src\System.IO.Compression.ZipFile.csproj", "{A3C36A2F-2586-43DF-B39C-A9D14DF8524E}"
EndProject
Project("{9A19103F-16F7-4668-BE54-9A1E7A4F7556}") = "System.IO.Compression.ZipFile.Tests", "tests\System.IO.Compression.ZipFile.Tests.csproj", "{D5A89FC9-7913-4F80-BA16-6587EB6140E3}"
EndProject
Project("{9A19103F-16F7-4668-BE54-9A1E7A4F7556}") = "System.Runtime.CompilerServices.Unsafe", "..\System.Runtime.CompilerServices.Unsafe\ref\System.Runtime.CompilerServices.Unsafe.csproj", "{9D260F5B-F8EC-41D2-8A30-60D6ADF0910A}"
EndProject
Project("{9A19103F-16F7-4668-BE54-9A1E7A4F7556}") = "System.Runtime.CompilerServices.Unsafe", "..\System.Runtime.CompilerServices.Unsafe\src\System.Runtime.CompilerServices.Unsafe.ilproj", "{DBD14497-E65E-45FC-99BA-DFE6641135BE}"
EndProject
Project("{2150E333-8FDC-42A3-9474-1A3956D46DE8}") = "ref", "ref", "{11E0AB9B-B3D9-495F-8906-A6B8B1BF103C}"
EndProject
Project("{2150E333-8FDC-42A3-9474-1A3956D46DE8}") = "src", "src", "{BB4E47DC-9358-4FE7-8A80-9F0A3537DE59}"
EndProject
Project("{2150E333-8FDC-42A3-9474-1A3956D46DE8}") = "tests", "tests", "{CE91E5E1-66D1-4686-A460-D4E9F546A125}"
EndProject
Global
	GlobalSection(SolutionConfigurationPlatforms) = preSolution
		Debug|Any CPU = Debug|Any CPU
		Release|Any CPU = Release|Any CPU
	EndGlobalSection
	GlobalSection(ProjectConfigurationPlatforms) = postSolution
		{E91931AD-977E-4608-9F40-997163322D8B}.Debug|Any CPU.ActiveCfg = Debug|Any CPU
		{E91931AD-977E-4608-9F40-997163322D8B}.Debug|Any CPU.Build.0 = Debug|Any CPU
		{E91931AD-977E-4608-9F40-997163322D8B}.Release|Any CPU.ActiveCfg = Release|Any CPU
		{E91931AD-977E-4608-9F40-997163322D8B}.Release|Any CPU.Build.0 = Release|Any CPU
		{A3C36A2F-2586-43DF-B39C-A9D14DF8524E}.Debug|Any CPU.ActiveCfg = Debug|Any CPU
		{A3C36A2F-2586-43DF-B39C-A9D14DF8524E}.Debug|Any CPU.Build.0 = Debug|Any CPU
		{A3C36A2F-2586-43DF-B39C-A9D14DF8524E}.Release|Any CPU.ActiveCfg = Release|Any CPU
		{A3C36A2F-2586-43DF-B39C-A9D14DF8524E}.Release|Any CPU.Build.0 = Release|Any CPU
		{D5A89FC9-7913-4F80-BA16-6587EB6140E3}.Debug|Any CPU.ActiveCfg = Debug|Any CPU
		{D5A89FC9-7913-4F80-BA16-6587EB6140E3}.Debug|Any CPU.Build.0 = Debug|Any CPU
		{D5A89FC9-7913-4F80-BA16-6587EB6140E3}.Release|Any CPU.ActiveCfg = Release|Any CPU
		{D5A89FC9-7913-4F80-BA16-6587EB6140E3}.Release|Any CPU.Build.0 = Release|Any CPU
		{0869556F-E34F-4284-B985-CB6D3B6AD954}.Debug|Any CPU.ActiveCfg = Debug|Any CPU
		{0869556F-E34F-4284-B985-CB6D3B6AD954}.Debug|Any CPU.Build.0 = Debug|Any CPU
		{0869556F-E34F-4284-B985-CB6D3B6AD954}.Release|Any CPU.ActiveCfg = Release|Any CPU
		{0869556F-E34F-4284-B985-CB6D3B6AD954}.Release|Any CPU.Build.0 = Release|Any CPU
		{DBD14497-E65E-45FC-99BA-DFE6641135BE}.Debug|Any CPU.ActiveCfg = Debug|Any CPU
		{DBD14497-E65E-45FC-99BA-DFE6641135BE}.Debug|Any CPU.Build.0 = Debug|Any CPU
		{DBD14497-E65E-45FC-99BA-DFE6641135BE}.Release|Any CPU.ActiveCfg = Release|Any CPU
		{DBD14497-E65E-45FC-99BA-DFE6641135BE}.Release|Any CPU.Build.0 = Release|Any CPU
		{9D260F5B-F8EC-41D2-8A30-60D6ADF0910A}.Debug|Any CPU.ActiveCfg = Debug|Any CPU
		{9D260F5B-F8EC-41D2-8A30-60D6ADF0910A}.Debug|Any CPU.Build.0 = Debug|Any CPU
		{9D260F5B-F8EC-41D2-8A30-60D6ADF0910A}.Release|Any CPU.ActiveCfg = Release|Any CPU
		{9D260F5B-F8EC-41D2-8A30-60D6ADF0910A}.Release|Any CPU.Build.0 = Release|Any CPU
	EndGlobalSection
	GlobalSection(SolutionProperties) = preSolution
		HideSolutionNode = FALSE
	EndGlobalSection
	GlobalSection(NestedProjects) = preSolution
		{E91931AD-977E-4608-9F40-997163322D8B} = {11E0AB9B-B3D9-495F-8906-A6B8B1BF103C}
		{9D260F5B-F8EC-41D2-8A30-60D6ADF0910A} = {11E0AB9B-B3D9-495F-8906-A6B8B1BF103C}
		{A3C36A2F-2586-43DF-B39C-A9D14DF8524E} = {BB4E47DC-9358-4FE7-8A80-9F0A3537DE59}
		{DBD14497-E65E-45FC-99BA-DFE6641135BE} = {BB4E47DC-9358-4FE7-8A80-9F0A3537DE59}
		{D5A89FC9-7913-4F80-BA16-6587EB6140E3} = {CE91E5E1-66D1-4686-A460-D4E9F546A125}
		{0869556F-E34F-4284-B985-CB6D3B6AD954} = {CE91E5E1-66D1-4686-A460-D4E9F546A125}
	EndGlobalSection
	GlobalSection(ExtensibilityGlobals) = postSolution
		SolutionGuid = {D2E26432-A647-4E61-9A30-DE6C62BBD632}
	EndGlobalSection
EndGlobal
