Microsoft Visual Studio Solution File, Format Version 12.00
Project("{9A19103F-16F7-4668-BE54-9A1E7A4F7556}") = "TestUtilities", "..\Common\tests\TestUtilities\TestUtilities.csproj", "{20B92E8C-E720-4B5A-8647-97CC1BD71E84}"
EndProject
Project("{9A19103F-16F7-4668-BE54-9A1E7A4F7556}") = "Microsoft.Win32.SystemEvents", "..\Microsoft.Win32.SystemEvents\ref\Microsoft.Win32.SystemEvents.csproj", "{A07569F7-A924-497A-8D8F-C92D25426B7E}"
EndProject
Project("{9A19103F-16F7-4668-BE54-9A1E7A4F7556}") = "Microsoft.Win32.SystemEvents", "..\Microsoft.Win32.SystemEvents\src\Microsoft.Win32.SystemEvents.csproj", "{ED5D4114-DEBA-4C79-9BAC-8A6073C6A377}"
EndProject
Project("{9A19103F-16F7-4668-BE54-9A1E7A4F7556}") = "System.Configuration.ConfigurationManager", "..\System.Configuration.ConfigurationManager\ref\System.Configuration.ConfigurationManager.csproj", "{067570A0-D55A-4ECC-A478-B1CBC676E9F3}"
EndProject
Project("{9A19103F-16F7-4668-BE54-9A1E7A4F7556}") = "System.Configuration.ConfigurationManager", "..\System.Configuration.ConfigurationManager\src\System.Configuration.ConfigurationManager.csproj", "{96328529-3EB5-4BA4-9998-CB85E279E7F2}"
EndProject
Project("{9A19103F-16F7-4668-BE54-9A1E7A4F7556}") = "System.Diagnostics.PerformanceCounter", "ref\System.Diagnostics.PerformanceCounter.csproj", "{D0C681EE-D578-4CD6-AA62-33874FCE3E37}"
EndProject
Project("{9A19103F-16F7-4668-BE54-9A1E7A4F7556}") = "System.Diagnostics.PerformanceCounter", "src\System.Diagnostics.PerformanceCounter.csproj", "{2B7C465F-44E2-4D0B-9A9F-30F20FA49A16}"
EndProject
Project("{9A19103F-16F7-4668-BE54-9A1E7A4F7556}") = "System.Diagnostics.PerformanceCounter.Tests", "tests\System.Diagnostics.PerformanceCounter.Tests.csproj", "{EB8EF358-4028-4272-B71E-523F8D0A73F0}"
EndProject
Project("{9A19103F-16F7-4668-BE54-9A1E7A4F7556}") = "System.Drawing.Common", "..\System.Drawing.Common\ref\System.Drawing.Common.csproj", "{F237AE76-582E-45B8-AC46-B0CE8C65780B}"
EndProject
Project("{9A19103F-16F7-4668-BE54-9A1E7A4F7556}") = "System.Drawing.Common", "..\System.Drawing.Common\src\System.Drawing.Common.csproj", "{6DB8EA34-3289-4D5A-9F37-972B22139710}"
EndProject
Project("{9A19103F-16F7-4668-BE54-9A1E7A4F7556}") = "System.Runtime.CompilerServices.Unsafe", "..\System.Runtime.CompilerServices.Unsafe\ref\System.Runtime.CompilerServices.Unsafe.csproj", "{765847B4-A28D-41F2-A45F-BC0098E3147E}"
EndProject
Project("{9A19103F-16F7-4668-BE54-9A1E7A4F7556}") = "System.Runtime.CompilerServices.Unsafe", "..\System.Runtime.CompilerServices.Unsafe\src\System.Runtime.CompilerServices.Unsafe.ilproj", "{E7465FB7-25E1-4822-BB4C-F9BFBE94BAD6}"
EndProject
Project("{9A19103F-16F7-4668-BE54-9A1E7A4F7556}") = "System.Security.Cryptography.ProtectedData", "..\System.Security.Cryptography.ProtectedData\ref\System.Security.Cryptography.ProtectedData.csproj", "{2C707BFF-6BA9-4EB8-BC75-5341391B5FC6}"
EndProject
Project("{9A19103F-16F7-4668-BE54-9A1E7A4F7556}") = "System.Security.Cryptography.ProtectedData", "..\System.Security.Cryptography.ProtectedData\src\System.Security.Cryptography.ProtectedData.csproj", "{43214093-FA08-4699-A62B-D7BC858BAC78}"
EndProject
Project("{9A19103F-16F7-4668-BE54-9A1E7A4F7556}") = "System.Security.Permissions", "..\System.Security.Permissions\ref\System.Security.Permissions.csproj", "{F8480484-A2CA-4215-AC4B-82F6149FEC02}"
EndProject
Project("{9A19103F-16F7-4668-BE54-9A1E7A4F7556}") = "System.Security.Permissions", "..\System.Security.Permissions\src\System.Security.Permissions.csproj", "{1E0AB255-7FD0-4DE0-9675-59DE81B12E54}"
EndProject
Project("{9A19103F-16F7-4668-BE54-9A1E7A4F7556}") = "System.Windows.Extensions", "..\System.Windows.Extensions\ref\System.Windows.Extensions.csproj", "{97932D09-4DF9-4836-ADEF-C52DBC0661CD}"
EndProject
Project("{9A19103F-16F7-4668-BE54-9A1E7A4F7556}") = "System.Windows.Extensions", "..\System.Windows.Extensions\src\System.Windows.Extensions.csproj", "{60DB3C65-9EDA-45AA-85E6-37F1375CF1E7}"
EndProject
Project("{2150E333-8FDC-42A3-9474-1A3956D46DE8}") = "ref", "ref", "{457568D7-07C5-4AD7-869A-5CE55B15C6CD}"
EndProject
Project("{2150E333-8FDC-42A3-9474-1A3956D46DE8}") = "src", "src", "{6AD28D13-3787-4866-98F3-52EC633E040E}"
EndProject
Project("{2150E333-8FDC-42A3-9474-1A3956D46DE8}") = "tests", "tests", "{2A0FC20F-5AB8-494A-93CF-D4B68597D5EA}"
EndProject
Global
	GlobalSection(SolutionConfigurationPlatforms) = preSolution
		Debug|Any CPU = Debug|Any CPU
		Release|Any CPU = Release|Any CPU
	EndGlobalSection
	GlobalSection(ProjectConfigurationPlatforms) = postSolution
		{D0C681EE-D578-4CD6-AA62-33874FCE3E37}.Debug|Any CPU.ActiveCfg = Debug|Any CPU
		{D0C681EE-D578-4CD6-AA62-33874FCE3E37}.Debug|Any CPU.Build.0 = Debug|Any CPU
		{D0C681EE-D578-4CD6-AA62-33874FCE3E37}.Release|Any CPU.ActiveCfg = Release|Any CPU
		{D0C681EE-D578-4CD6-AA62-33874FCE3E37}.Release|Any CPU.Build.0 = Release|Any CPU
		{2B7C465F-44E2-4D0B-9A9F-30F20FA49A16}.Debug|Any CPU.ActiveCfg = Debug|Any CPU
		{2B7C465F-44E2-4D0B-9A9F-30F20FA49A16}.Debug|Any CPU.Build.0 = Debug|Any CPU
		{2B7C465F-44E2-4D0B-9A9F-30F20FA49A16}.Release|Any CPU.ActiveCfg = Release|Any CPU
		{2B7C465F-44E2-4D0B-9A9F-30F20FA49A16}.Release|Any CPU.Build.0 = Release|Any CPU
		{EB8EF358-4028-4272-B71E-523F8D0A73F0}.Debug|Any CPU.ActiveCfg = Debug|Any CPU
		{EB8EF358-4028-4272-B71E-523F8D0A73F0}.Debug|Any CPU.Build.0 = Debug|Any CPU
		{EB8EF358-4028-4272-B71E-523F8D0A73F0}.Release|Any CPU.ActiveCfg = Release|Any CPU
		{EB8EF358-4028-4272-B71E-523F8D0A73F0}.Release|Any CPU.Build.0 = Release|Any CPU
		{96328529-3EB5-4BA4-9998-CB85E279E7F2}.Debug|Any CPU.ActiveCfg = Debug|Any CPU
		{96328529-3EB5-4BA4-9998-CB85E279E7F2}.Debug|Any CPU.Build.0 = Debug|Any CPU
		{96328529-3EB5-4BA4-9998-CB85E279E7F2}.Release|Any CPU.ActiveCfg = Release|Any CPU
		{96328529-3EB5-4BA4-9998-CB85E279E7F2}.Release|Any CPU.Build.0 = Release|Any CPU
		{20B92E8C-E720-4B5A-8647-97CC1BD71E84}.Debug|Any CPU.ActiveCfg = Debug|Any CPU
		{20B92E8C-E720-4B5A-8647-97CC1BD71E84}.Debug|Any CPU.Build.0 = Debug|Any CPU
		{20B92E8C-E720-4B5A-8647-97CC1BD71E84}.Release|Any CPU.ActiveCfg = Release|Any CPU
		{20B92E8C-E720-4B5A-8647-97CC1BD71E84}.Release|Any CPU.Build.0 = Release|Any CPU
		{067570A0-D55A-4ECC-A478-B1CBC676E9F3}.Debug|Any CPU.ActiveCfg = Debug|Any CPU
		{067570A0-D55A-4ECC-A478-B1CBC676E9F3}.Debug|Any CPU.Build.0 = Debug|Any CPU
		{067570A0-D55A-4ECC-A478-B1CBC676E9F3}.Release|Any CPU.ActiveCfg = Release|Any CPU
		{067570A0-D55A-4ECC-A478-B1CBC676E9F3}.Release|Any CPU.Build.0 = Release|Any CPU
		{43214093-FA08-4699-A62B-D7BC858BAC78}.Debug|Any CPU.ActiveCfg = Debug|Any CPU
		{43214093-FA08-4699-A62B-D7BC858BAC78}.Debug|Any CPU.Build.0 = Debug|Any CPU
		{43214093-FA08-4699-A62B-D7BC858BAC78}.Release|Any CPU.ActiveCfg = Release|Any CPU
		{43214093-FA08-4699-A62B-D7BC858BAC78}.Release|Any CPU.Build.0 = Release|Any CPU
		{1E0AB255-7FD0-4DE0-9675-59DE81B12E54}.Debug|Any CPU.ActiveCfg = Debug|Any CPU
		{1E0AB255-7FD0-4DE0-9675-59DE81B12E54}.Debug|Any CPU.Build.0 = Debug|Any CPU
		{1E0AB255-7FD0-4DE0-9675-59DE81B12E54}.Release|Any CPU.ActiveCfg = Release|Any CPU
		{1E0AB255-7FD0-4DE0-9675-59DE81B12E54}.Release|Any CPU.Build.0 = Release|Any CPU
		{E7465FB7-25E1-4822-BB4C-F9BFBE94BAD6}.Debug|Any CPU.ActiveCfg = Debug|Any CPU
		{E7465FB7-25E1-4822-BB4C-F9BFBE94BAD6}.Debug|Any CPU.Build.0 = Debug|Any CPU
		{E7465FB7-25E1-4822-BB4C-F9BFBE94BAD6}.Release|Any CPU.ActiveCfg = Release|Any CPU
		{E7465FB7-25E1-4822-BB4C-F9BFBE94BAD6}.Release|Any CPU.Build.0 = Release|Any CPU
		{F8480484-A2CA-4215-AC4B-82F6149FEC02}.Debug|Any CPU.ActiveCfg = Debug|Any CPU
		{F8480484-A2CA-4215-AC4B-82F6149FEC02}.Debug|Any CPU.Build.0 = Debug|Any CPU
		{F8480484-A2CA-4215-AC4B-82F6149FEC02}.Release|Any CPU.ActiveCfg = Release|Any CPU
		{F8480484-A2CA-4215-AC4B-82F6149FEC02}.Release|Any CPU.Build.0 = Release|Any CPU
		{2C707BFF-6BA9-4EB8-BC75-5341391B5FC6}.Debug|Any CPU.ActiveCfg = Debug|Any CPU
		{2C707BFF-6BA9-4EB8-BC75-5341391B5FC6}.Debug|Any CPU.Build.0 = Debug|Any CPU
		{2C707BFF-6BA9-4EB8-BC75-5341391B5FC6}.Release|Any CPU.ActiveCfg = Release|Any CPU
		{2C707BFF-6BA9-4EB8-BC75-5341391B5FC6}.Release|Any CPU.Build.0 = Release|Any CPU
		{60DB3C65-9EDA-45AA-85E6-37F1375CF1E7}.Debug|Any CPU.ActiveCfg = Debug|Any CPU
		{60DB3C65-9EDA-45AA-85E6-37F1375CF1E7}.Debug|Any CPU.Build.0 = Debug|Any CPU
		{60DB3C65-9EDA-45AA-85E6-37F1375CF1E7}.Release|Any CPU.ActiveCfg = Release|Any CPU
		{60DB3C65-9EDA-45AA-85E6-37F1375CF1E7}.Release|Any CPU.Build.0 = Release|Any CPU
		{765847B4-A28D-41F2-A45F-BC0098E3147E}.Debug|Any CPU.ActiveCfg = Debug|Any CPU
		{765847B4-A28D-41F2-A45F-BC0098E3147E}.Debug|Any CPU.Build.0 = Debug|Any CPU
		{765847B4-A28D-41F2-A45F-BC0098E3147E}.Release|Any CPU.ActiveCfg = Release|Any CPU
		{765847B4-A28D-41F2-A45F-BC0098E3147E}.Release|Any CPU.Build.0 = Release|Any CPU
		{97932D09-4DF9-4836-ADEF-C52DBC0661CD}.Debug|Any CPU.ActiveCfg = Debug|Any CPU
		{97932D09-4DF9-4836-ADEF-C52DBC0661CD}.Debug|Any CPU.Build.0 = Debug|Any CPU
		{97932D09-4DF9-4836-ADEF-C52DBC0661CD}.Release|Any CPU.ActiveCfg = Release|Any CPU
		{97932D09-4DF9-4836-ADEF-C52DBC0661CD}.Release|Any CPU.Build.0 = Release|Any CPU
		{6DB8EA34-3289-4D5A-9F37-972B22139710}.Debug|Any CPU.ActiveCfg = Debug|Any CPU
		{6DB8EA34-3289-4D5A-9F37-972B22139710}.Debug|Any CPU.Build.0 = Debug|Any CPU
		{6DB8EA34-3289-4D5A-9F37-972B22139710}.Release|Any CPU.ActiveCfg = Release|Any CPU
		{6DB8EA34-3289-4D5A-9F37-972B22139710}.Release|Any CPU.Build.0 = Release|Any CPU
		{F237AE76-582E-45B8-AC46-B0CE8C65780B}.Debug|Any CPU.ActiveCfg = Debug|Any CPU
		{F237AE76-582E-45B8-AC46-B0CE8C65780B}.Debug|Any CPU.Build.0 = Debug|Any CPU
		{F237AE76-582E-45B8-AC46-B0CE8C65780B}.Release|Any CPU.ActiveCfg = Release|Any CPU
		{F237AE76-582E-45B8-AC46-B0CE8C65780B}.Release|Any CPU.Build.0 = Release|Any CPU
		{ED5D4114-DEBA-4C79-9BAC-8A6073C6A377}.Debug|Any CPU.ActiveCfg = Debug|Any CPU
		{ED5D4114-DEBA-4C79-9BAC-8A6073C6A377}.Debug|Any CPU.Build.0 = Debug|Any CPU
		{ED5D4114-DEBA-4C79-9BAC-8A6073C6A377}.Release|Any CPU.ActiveCfg = Release|Any CPU
		{ED5D4114-DEBA-4C79-9BAC-8A6073C6A377}.Release|Any CPU.Build.0 = Release|Any CPU
		{A07569F7-A924-497A-8D8F-C92D25426B7E}.Debug|Any CPU.ActiveCfg = Debug|Any CPU
		{A07569F7-A924-497A-8D8F-C92D25426B7E}.Debug|Any CPU.Build.0 = Debug|Any CPU
		{A07569F7-A924-497A-8D8F-C92D25426B7E}.Release|Any CPU.ActiveCfg = Release|Any CPU
		{A07569F7-A924-497A-8D8F-C92D25426B7E}.Release|Any CPU.Build.0 = Release|Any CPU
	EndGlobalSection
	GlobalSection(SolutionProperties) = preSolution
		HideSolutionNode = FALSE
	EndGlobalSection
	GlobalSection(NestedProjects) = preSolution
		{D0C681EE-D578-4CD6-AA62-33874FCE3E37} = {457568D7-07C5-4AD7-869A-5CE55B15C6CD}
		{067570A0-D55A-4ECC-A478-B1CBC676E9F3} = {457568D7-07C5-4AD7-869A-5CE55B15C6CD}
		{F8480484-A2CA-4215-AC4B-82F6149FEC02} = {457568D7-07C5-4AD7-869A-5CE55B15C6CD}
		{2C707BFF-6BA9-4EB8-BC75-5341391B5FC6} = {457568D7-07C5-4AD7-869A-5CE55B15C6CD}
		{765847B4-A28D-41F2-A45F-BC0098E3147E} = {457568D7-07C5-4AD7-869A-5CE55B15C6CD}
		{97932D09-4DF9-4836-ADEF-C52DBC0661CD} = {457568D7-07C5-4AD7-869A-5CE55B15C6CD}
		{F237AE76-582E-45B8-AC46-B0CE8C65780B} = {457568D7-07C5-4AD7-869A-5CE55B15C6CD}
		{A07569F7-A924-497A-8D8F-C92D25426B7E} = {457568D7-07C5-4AD7-869A-5CE55B15C6CD}
		{2B7C465F-44E2-4D0B-9A9F-30F20FA49A16} = {6AD28D13-3787-4866-98F3-52EC633E040E}
		{96328529-3EB5-4BA4-9998-CB85E279E7F2} = {6AD28D13-3787-4866-98F3-52EC633E040E}
		{43214093-FA08-4699-A62B-D7BC858BAC78} = {6AD28D13-3787-4866-98F3-52EC633E040E}
		{1E0AB255-7FD0-4DE0-9675-59DE81B12E54} = {6AD28D13-3787-4866-98F3-52EC633E040E}
		{E7465FB7-25E1-4822-BB4C-F9BFBE94BAD6} = {6AD28D13-3787-4866-98F3-52EC633E040E}
		{60DB3C65-9EDA-45AA-85E6-37F1375CF1E7} = {6AD28D13-3787-4866-98F3-52EC633E040E}
		{6DB8EA34-3289-4D5A-9F37-972B22139710} = {6AD28D13-3787-4866-98F3-52EC633E040E}
		{ED5D4114-DEBA-4C79-9BAC-8A6073C6A377} = {6AD28D13-3787-4866-98F3-52EC633E040E}
		{EB8EF358-4028-4272-B71E-523F8D0A73F0} = {2A0FC20F-5AB8-494A-93CF-D4B68597D5EA}
		{20B92E8C-E720-4B5A-8647-97CC1BD71E84} = {2A0FC20F-5AB8-494A-93CF-D4B68597D5EA}
	EndGlobalSection
	GlobalSection(ExtensibilityGlobals) = postSolution
		SolutionGuid = {51062B21-546F-4B2A-A2B8-77ABF1079C06}
	EndGlobalSection
EndGlobal
