Microsoft Visual Studio Solution File, Format Version 12.00
Project("{9A19103F-16F7-4668-BE54-9A1E7A4F7556}") = "System.Private.CoreLib", "..\..\coreclr\System.Private.CoreLib\System.Private.CoreLib.csproj", "{53533F59-7E75-4E09-A6CE-E130BDE9AC0A}"
EndProject
Project("{9A19103F-16F7-4668-BE54-9A1E7A4F7556}") = "StreamConformanceTests", "..\Common\tests\StreamConformanceTests\StreamConformanceTests.csproj", "{FEF03BCC-509F-4646-9132-9DE27FA3DA6F}"
EndProject
Project("{9A19103F-16F7-4668-BE54-9A1E7A4F7556}") = "TestUtilities", "..\Common\tests\TestUtilities\TestUtilities.csproj", "{D350D6E7-52F1-40A4-B646-C178F6BBB689}"
EndProject
Project("{9A19103F-16F7-4668-BE54-9A1E7A4F7556}") = "System.Collections.NonGeneric", "..\System.Collections.NonGeneric\src\System.Collections.NonGeneric.csproj", "{D81448C9-2E02-411F-8A78-043178021824}"
EndProject
Project("{9A19103F-16F7-4668-BE54-9A1E7A4F7556}") = "System.Collections.Specialized", "..\System.Collections.Specialized\src\System.Collections.Specialized.csproj", "{23553C5F-B431-4925-8BF4-3AA445B590A5}"
EndProject
Project("{9A19103F-16F7-4668-BE54-9A1E7A4F7556}") = "System.Collections", "..\System.Collections\src\System.Collections.csproj", "{8DEB3F36-0E94-4CDB-9910-8998C74C2C09}"
EndProject
Project("{9A19103F-16F7-4668-BE54-9A1E7A4F7556}") = "System.ComponentModel.Primitives", "..\System.ComponentModel.Primitives\src\System.ComponentModel.Primitives.csproj", "{A25C363A-79FB-4C95-840C-8ECFF3C71A19}"
EndProject
Project("{9A19103F-16F7-4668-BE54-9A1E7A4F7556}") = "System.Diagnostics.EventLog", "..\System.Diagnostics.EventLog\ref\System.Diagnostics.EventLog.csproj", "{17067363-B283-4CD5-B0CC-70A9573423B1}"
EndProject
Project("{9A19103F-16F7-4668-BE54-9A1E7A4F7556}") = "System.Diagnostics.EventLog.Messages", "..\System.Diagnostics.EventLog\src\Messages\System.Diagnostics.EventLog.Messages.csproj", "{E927BDC4-13B4-498B-B46A-02D449159D11}"
EndProject
Project("{9A19103F-16F7-4668-BE54-9A1E7A4F7556}") = "System.Diagnostics.EventLog", "..\System.Diagnostics.EventLog\src\System.Diagnostics.EventLog.csproj", "{82092BDF-105A-448D-BE1C-6FA5A08E2833}"
EndProject
Project("{9A19103F-16F7-4668-BE54-9A1E7A4F7556}") = "System.Diagnostics.TraceSource", "..\System.Diagnostics.TraceSource\src\System.Diagnostics.TraceSource.csproj", "{299AA338-9893-4472-A08E-644A6DB8D036}"
EndProject
Project("{9A19103F-16F7-4668-BE54-9A1E7A4F7556}") = "System.Drawing.Common", "..\System.Drawing.Common\ref\System.Drawing.Common.csproj", "{83DCEC88-BFD1-49AB-82D0-7C3760B64A36}"
EndProject
Project("{9A19103F-16F7-4668-BE54-9A1E7A4F7556}") = "System.IO.FileSystem", "ref\System.IO.FileSystem.csproj", "{E4865620-8109-42F9-B1FE-B38C6CA1A3A0}"
EndProject
Project("{9A19103F-16F7-4668-BE54-9A1E7A4F7556}") = "System.IO.FileSystem", "src\System.IO.FileSystem.csproj", "{877E39A8-51CB-463A-AF4C-6FAE4F438075}"
EndProject
Project("{9A19103F-16F7-4668-BE54-9A1E7A4F7556}") = "System.IO.FileSystem.DisabledFileLocking.Tests", "tests\DisabledFileLockingTests\System.IO.FileSystem.DisabledFileLocking.Tests.csproj", "{D20CD3B7-A332-4D47-851A-FD8C80AE10B9}"
EndProject
Project("{9A19103F-16F7-4668-BE54-9A1E7A4F7556}") = "System.IO.FileSystem.Manual.Tests", "tests\ManualTests\System.IO.FileSystem.Manual.Tests.csproj", "{534152EB-14A8-4EF4-B181-342A555337F1}"
EndProject
Project("{9A19103F-16F7-4668-BE54-9A1E7A4F7556}") = "System.IO.FileSystem.Net5Compat.Tests", "tests\Net5CompatTests\System.IO.FileSystem.Net5Compat.Tests.csproj", "{48E07F12-8597-40DE-8A37-CCBEB9D54012}"
EndProject
Project("{9A19103F-16F7-4668-BE54-9A1E7A4F7556}") = "System.IO.FileSystem.Tests", "tests\System.IO.FileSystem.Tests.csproj", "{3A8E16D3-8A22-4076-BB48-2CD1FBFAF81B}"
EndProject
Project("{9A19103F-16F7-4668-BE54-9A1E7A4F7556}") = "System.Private.Uri", "..\System.Private.Uri\src\System.Private.Uri.csproj", "{064A5B6E-232A-490F-B4EC-849E1B8B8AA1}"
EndProject
Project("{9A19103F-16F7-4668-BE54-9A1E7A4F7556}") = "System.Runtime.CompilerServices.Unsafe", "..\System.Runtime.CompilerServices.Unsafe\ref\System.Runtime.CompilerServices.Unsafe.csproj", "{79A74577-C550-4264-B352-51D304796B89}"
EndProject
Project("{9A19103F-16F7-4668-BE54-9A1E7A4F7556}") = "System.Runtime.CompilerServices.Unsafe", "..\System.Runtime.CompilerServices.Unsafe\src\System.Runtime.CompilerServices.Unsafe.ilproj", "{D7DF8034-3AE5-4DEF-BCC4-6353239391BF}"
EndProject
Project("{9A19103F-16F7-4668-BE54-9A1E7A4F7556}") = "System.Runtime.Extensions", "..\System.Runtime.Extensions\src\System.Runtime.Extensions.csproj", "{29A9A145-C68C-4F23-BEA3-29F3D44AE8A3}"
EndProject
Project("{9A19103F-16F7-4668-BE54-9A1E7A4F7556}") = "System.Runtime", "..\System.Runtime\src\System.Runtime.csproj", "{5AA1E2E1-D582-41E2-9851-EDDA63078206}"
EndProject
Project("{9A19103F-16F7-4668-BE54-9A1E7A4F7556}") = "System.Security.Permissions", "..\System.Security.Permissions\ref\System.Security.Permissions.csproj", "{C9844B05-E83D-4DAA-8102-D697C41A6668}"
EndProject
Project("{9A19103F-16F7-4668-BE54-9A1E7A4F7556}") = "System.ServiceProcess.ServiceController", "..\System.ServiceProcess.ServiceController\ref\System.ServiceProcess.ServiceController.csproj", "{6F0BC32F-8C4F-4382-A6A2-343CBA007917}"
EndProject
Project("{9A19103F-16F7-4668-BE54-9A1E7A4F7556}") = "System.ServiceProcess.ServiceController", "..\System.ServiceProcess.ServiceController\src\System.ServiceProcess.ServiceController.csproj", "{5B0BA4E9-4122-45F2-BE12-67CF21A3FF5F}"
EndProject
Project("{9A19103F-16F7-4668-BE54-9A1E7A4F7556}") = "System.Threading.AccessControl", "..\System.Threading.AccessControl\ref\System.Threading.AccessControl.csproj", "{9A3CFFA7-29E2-4697-8799-DE62808622A8}"
EndProject
Project("{9A19103F-16F7-4668-BE54-9A1E7A4F7556}") = "System.Threading.AccessControl", "..\System.Threading.AccessControl\src\System.Threading.AccessControl.csproj", "{B250A261-2062-4A83-B368-2DB0010BE08C}"
EndProject
Project("{9A19103F-16F7-4668-BE54-9A1E7A4F7556}") = "System.Threading", "..\System.Threading\src\System.Threading.csproj", "{BFE97BC2-CA07-4267-943A-E2BA2710B1C7}"
EndProject
Project("{9A19103F-16F7-4668-BE54-9A1E7A4F7556}") = "System.Windows.Extensions", "..\System.Windows.Extensions\ref\System.Windows.Extensions.csproj", "{79005DC4-579C-4081-AEA9-6DB1627182FF}"
EndProject
Project("{2150E333-8FDC-42A3-9474-1A3956D46DE8}") = "ref", "ref", "{53646BB8-1A15-4260-A254-F93E265616B0}"
EndProject
Project("{2150E333-8FDC-42A3-9474-1A3956D46DE8}") = "src", "src", "{BA130506-5E66-4EC8-ACC5-DEC8B3575666}"
EndProject
Project("{2150E333-8FDC-42A3-9474-1A3956D46DE8}") = "tests", "tests", "{AEC4A1D2-B823-47E0-AD67-AFD8AF5A7371}"
EndProject
Global
	GlobalSection(SolutionConfigurationPlatforms) = preSolution
		Debug|Any CPU = Debug|Any CPU
		Debug|x64 = Debug|x64
		Debug|x86 = Debug|x86
		Release|Any CPU = Release|Any CPU
		Release|x64 = Release|x64
		Release|x86 = Release|x86
		Checked|Any CPU = Checked|Any CPU
		Checked|x64 = Checked|x64
		Checked|x86 = Checked|x86
	EndGlobalSection
	GlobalSection(ProjectConfigurationPlatforms) = postSolution
		{E4865620-8109-42F9-B1FE-B38C6CA1A3A0}.Debug|Any CPU.ActiveCfg = Debug|Any CPU
		{E4865620-8109-42F9-B1FE-B38C6CA1A3A0}.Debug|Any CPU.Build.0 = Debug|Any CPU
		{E4865620-8109-42F9-B1FE-B38C6CA1A3A0}.Debug|x64.ActiveCfg = Debug|Any CPU
		{E4865620-8109-42F9-B1FE-B38C6CA1A3A0}.Debug|x64.Build.0 = Debug|Any CPU
		{E4865620-8109-42F9-B1FE-B38C6CA1A3A0}.Debug|x86.ActiveCfg = Debug|Any CPU
		{E4865620-8109-42F9-B1FE-B38C6CA1A3A0}.Debug|x86.Build.0 = Debug|Any CPU
		{E4865620-8109-42F9-B1FE-B38C6CA1A3A0}.Release|Any CPU.ActiveCfg = Release|Any CPU
		{E4865620-8109-42F9-B1FE-B38C6CA1A3A0}.Release|Any CPU.Build.0 = Release|Any CPU
		{E4865620-8109-42F9-B1FE-B38C6CA1A3A0}.Release|x64.ActiveCfg = Release|Any CPU
		{E4865620-8109-42F9-B1FE-B38C6CA1A3A0}.Release|x64.Build.0 = Release|Any CPU
		{E4865620-8109-42F9-B1FE-B38C6CA1A3A0}.Release|x86.ActiveCfg = Release|Any CPU
		{E4865620-8109-42F9-B1FE-B38C6CA1A3A0}.Release|x86.Build.0 = Release|Any CPU
		{E4865620-8109-42F9-B1FE-B38C6CA1A3A0}.Checked|Any CPU.ActiveCfg = Debug|Any CPU
		{E4865620-8109-42F9-B1FE-B38C6CA1A3A0}.Checked|Any CPU.Build.0 = Debug|Any CPU
		{E4865620-8109-42F9-B1FE-B38C6CA1A3A0}.Checked|x64.ActiveCfg = Debug|Any CPU
		{E4865620-8109-42F9-B1FE-B38C6CA1A3A0}.Checked|x64.Build.0 = Debug|Any CPU
		{E4865620-8109-42F9-B1FE-B38C6CA1A3A0}.Checked|x86.ActiveCfg = Debug|Any CPU
		{E4865620-8109-42F9-B1FE-B38C6CA1A3A0}.Checked|x86.Build.0 = Debug|Any CPU
		{877E39A8-51CB-463A-AF4C-6FAE4F438075}.Debug|Any CPU.ActiveCfg = Debug|Any CPU
		{877E39A8-51CB-463A-AF4C-6FAE4F438075}.Debug|Any CPU.Build.0 = Debug|Any CPU
		{877E39A8-51CB-463A-AF4C-6FAE4F438075}.Debug|x64.ActiveCfg = Debug|Any CPU
		{877E39A8-51CB-463A-AF4C-6FAE4F438075}.Debug|x64.Build.0 = Debug|Any CPU
		{877E39A8-51CB-463A-AF4C-6FAE4F438075}.Debug|x86.ActiveCfg = Debug|Any CPU
		{877E39A8-51CB-463A-AF4C-6FAE4F438075}.Debug|x86.Build.0 = Debug|Any CPU
		{877E39A8-51CB-463A-AF4C-6FAE4F438075}.Release|Any CPU.ActiveCfg = Release|Any CPU
		{877E39A8-51CB-463A-AF4C-6FAE4F438075}.Release|Any CPU.Build.0 = Release|Any CPU
		{877E39A8-51CB-463A-AF4C-6FAE4F438075}.Release|x64.ActiveCfg = Release|Any CPU
		{877E39A8-51CB-463A-AF4C-6FAE4F438075}.Release|x64.Build.0 = Release|Any CPU
		{877E39A8-51CB-463A-AF4C-6FAE4F438075}.Release|x86.ActiveCfg = Release|Any CPU
		{877E39A8-51CB-463A-AF4C-6FAE4F438075}.Release|x86.Build.0 = Release|Any CPU
		{877E39A8-51CB-463A-AF4C-6FAE4F438075}.Checked|Any CPU.ActiveCfg = Debug|Any CPU
		{877E39A8-51CB-463A-AF4C-6FAE4F438075}.Checked|Any CPU.Build.0 = Debug|Any CPU
		{877E39A8-51CB-463A-AF4C-6FAE4F438075}.Checked|x64.ActiveCfg = Debug|Any CPU
		{877E39A8-51CB-463A-AF4C-6FAE4F438075}.Checked|x64.Build.0 = Debug|Any CPU
		{877E39A8-51CB-463A-AF4C-6FAE4F438075}.Checked|x86.ActiveCfg = Debug|Any CPU
		{877E39A8-51CB-463A-AF4C-6FAE4F438075}.Checked|x86.Build.0 = Debug|Any CPU
		{534152EB-14A8-4EF4-B181-342A555337F1}.Debug|Any CPU.ActiveCfg = Debug|Any CPU
		{534152EB-14A8-4EF4-B181-342A555337F1}.Debug|Any CPU.Build.0 = Debug|Any CPU
		{534152EB-14A8-4EF4-B181-342A555337F1}.Debug|x64.ActiveCfg = Debug|Any CPU
		{534152EB-14A8-4EF4-B181-342A555337F1}.Debug|x64.Build.0 = Debug|Any CPU
		{534152EB-14A8-4EF4-B181-342A555337F1}.Debug|x86.ActiveCfg = Debug|Any CPU
		{534152EB-14A8-4EF4-B181-342A555337F1}.Debug|x86.Build.0 = Debug|Any CPU
		{534152EB-14A8-4EF4-B181-342A555337F1}.Release|Any CPU.ActiveCfg = Release|Any CPU
		{534152EB-14A8-4EF4-B181-342A555337F1}.Release|Any CPU.Build.0 = Release|Any CPU
		{534152EB-14A8-4EF4-B181-342A555337F1}.Release|x64.ActiveCfg = Release|Any CPU
		{534152EB-14A8-4EF4-B181-342A555337F1}.Release|x64.Build.0 = Release|Any CPU
		{534152EB-14A8-4EF4-B181-342A555337F1}.Release|x86.ActiveCfg = Release|Any CPU
		{534152EB-14A8-4EF4-B181-342A555337F1}.Release|x86.Build.0 = Release|Any CPU
		{534152EB-14A8-4EF4-B181-342A555337F1}.Checked|Any CPU.ActiveCfg = Debug|Any CPU
		{534152EB-14A8-4EF4-B181-342A555337F1}.Checked|Any CPU.Build.0 = Debug|Any CPU
		{534152EB-14A8-4EF4-B181-342A555337F1}.Checked|x64.ActiveCfg = Debug|Any CPU
		{534152EB-14A8-4EF4-B181-342A555337F1}.Checked|x64.Build.0 = Debug|Any CPU
		{534152EB-14A8-4EF4-B181-342A555337F1}.Checked|x86.ActiveCfg = Debug|Any CPU
		{534152EB-14A8-4EF4-B181-342A555337F1}.Checked|x86.Build.0 = Debug|Any CPU
		{D20CD3B7-A332-4D47-851A-FD8C80AE10B9}.Debug|Any CPU.ActiveCfg = Debug|Any CPU
		{D20CD3B7-A332-4D47-851A-FD8C80AE10B9}.Debug|Any CPU.Build.0 = Debug|Any CPU
		{D20CD3B7-A332-4D47-851A-FD8C80AE10B9}.Debug|x64.ActiveCfg = Debug|Any CPU
		{D20CD3B7-A332-4D47-851A-FD8C80AE10B9}.Debug|x64.Build.0 = Debug|Any CPU
		{D20CD3B7-A332-4D47-851A-FD8C80AE10B9}.Debug|x86.ActiveCfg = Debug|Any CPU
		{D20CD3B7-A332-4D47-851A-FD8C80AE10B9}.Debug|x86.Build.0 = Debug|Any CPU
		{D20CD3B7-A332-4D47-851A-FD8C80AE10B9}.Release|Any CPU.ActiveCfg = Release|Any CPU
		{D20CD3B7-A332-4D47-851A-FD8C80AE10B9}.Release|Any CPU.Build.0 = Release|Any CPU
		{D20CD3B7-A332-4D47-851A-FD8C80AE10B9}.Release|x64.ActiveCfg = Release|Any CPU
		{D20CD3B7-A332-4D47-851A-FD8C80AE10B9}.Release|x64.Build.0 = Release|Any CPU
		{D20CD3B7-A332-4D47-851A-FD8C80AE10B9}.Release|x86.ActiveCfg = Release|Any CPU
		{D20CD3B7-A332-4D47-851A-FD8C80AE10B9}.Release|x86.Build.0 = Release|Any CPU
		{D20CD3B7-A332-4D47-851A-FD8C80AE10B9}.Checked|Any CPU.ActiveCfg = Debug|Any CPU
		{D20CD3B7-A332-4D47-851A-FD8C80AE10B9}.Checked|Any CPU.Build.0 = Debug|Any CPU
		{D20CD3B7-A332-4D47-851A-FD8C80AE10B9}.Checked|x64.ActiveCfg = Debug|Any CPU
		{D20CD3B7-A332-4D47-851A-FD8C80AE10B9}.Checked|x64.Build.0 = Debug|Any CPU
		{D20CD3B7-A332-4D47-851A-FD8C80AE10B9}.Checked|x86.ActiveCfg = Debug|Any CPU
		{D20CD3B7-A332-4D47-851A-FD8C80AE10B9}.Checked|x86.Build.0 = Debug|Any CPU
		{3A8E16D3-8A22-4076-BB48-2CD1FBFAF81B}.Debug|Any CPU.ActiveCfg = Debug|Any CPU
		{3A8E16D3-8A22-4076-BB48-2CD1FBFAF81B}.Debug|Any CPU.Build.0 = Debug|Any CPU
		{3A8E16D3-8A22-4076-BB48-2CD1FBFAF81B}.Debug|x64.ActiveCfg = Debug|Any CPU
		{3A8E16D3-8A22-4076-BB48-2CD1FBFAF81B}.Debug|x64.Build.0 = Debug|Any CPU
		{3A8E16D3-8A22-4076-BB48-2CD1FBFAF81B}.Debug|x86.ActiveCfg = Debug|Any CPU
		{3A8E16D3-8A22-4076-BB48-2CD1FBFAF81B}.Debug|x86.Build.0 = Debug|Any CPU
		{3A8E16D3-8A22-4076-BB48-2CD1FBFAF81B}.Release|Any CPU.ActiveCfg = Release|Any CPU
		{3A8E16D3-8A22-4076-BB48-2CD1FBFAF81B}.Release|Any CPU.Build.0 = Release|Any CPU
		{3A8E16D3-8A22-4076-BB48-2CD1FBFAF81B}.Release|x64.ActiveCfg = Release|Any CPU
		{3A8E16D3-8A22-4076-BB48-2CD1FBFAF81B}.Release|x64.Build.0 = Release|Any CPU
		{3A8E16D3-8A22-4076-BB48-2CD1FBFAF81B}.Release|x86.ActiveCfg = Release|Any CPU
		{3A8E16D3-8A22-4076-BB48-2CD1FBFAF81B}.Release|x86.Build.0 = Release|Any CPU
		{3A8E16D3-8A22-4076-BB48-2CD1FBFAF81B}.Checked|Any CPU.ActiveCfg = Debug|Any CPU
		{3A8E16D3-8A22-4076-BB48-2CD1FBFAF81B}.Checked|Any CPU.Build.0 = Debug|Any CPU
		{3A8E16D3-8A22-4076-BB48-2CD1FBFAF81B}.Checked|x64.ActiveCfg = Debug|Any CPU
		{3A8E16D3-8A22-4076-BB48-2CD1FBFAF81B}.Checked|x64.Build.0 = Debug|Any CPU
		{3A8E16D3-8A22-4076-BB48-2CD1FBFAF81B}.Checked|x86.ActiveCfg = Debug|Any CPU
		{3A8E16D3-8A22-4076-BB48-2CD1FBFAF81B}.Checked|x86.Build.0 = Debug|Any CPU
		{48E07F12-8597-40DE-8A37-CCBEB9D54012}.Debug|Any CPU.ActiveCfg = Debug|Any CPU
		{48E07F12-8597-40DE-8A37-CCBEB9D54012}.Debug|Any CPU.Build.0 = Debug|Any CPU
		{48E07F12-8597-40DE-8A37-CCBEB9D54012}.Debug|x64.ActiveCfg = Debug|Any CPU
		{48E07F12-8597-40DE-8A37-CCBEB9D54012}.Debug|x64.Build.0 = Debug|Any CPU
		{48E07F12-8597-40DE-8A37-CCBEB9D54012}.Debug|x86.ActiveCfg = Debug|Any CPU
		{48E07F12-8597-40DE-8A37-CCBEB9D54012}.Debug|x86.Build.0 = Debug|Any CPU
		{48E07F12-8597-40DE-8A37-CCBEB9D54012}.Release|Any CPU.ActiveCfg = Release|Any CPU
		{48E07F12-8597-40DE-8A37-CCBEB9D54012}.Release|Any CPU.Build.0 = Release|Any CPU
		{48E07F12-8597-40DE-8A37-CCBEB9D54012}.Release|x64.ActiveCfg = Release|Any CPU
		{48E07F12-8597-40DE-8A37-CCBEB9D54012}.Release|x64.Build.0 = Release|Any CPU
		{48E07F12-8597-40DE-8A37-CCBEB9D54012}.Release|x86.ActiveCfg = Release|Any CPU
		{48E07F12-8597-40DE-8A37-CCBEB9D54012}.Release|x86.Build.0 = Release|Any CPU
		{48E07F12-8597-40DE-8A37-CCBEB9D54012}.Checked|Any CPU.ActiveCfg = Debug|Any CPU
		{48E07F12-8597-40DE-8A37-CCBEB9D54012}.Checked|Any CPU.Build.0 = Debug|Any CPU
		{48E07F12-8597-40DE-8A37-CCBEB9D54012}.Checked|x64.ActiveCfg = Debug|Any CPU
		{48E07F12-8597-40DE-8A37-CCBEB9D54012}.Checked|x64.Build.0 = Debug|Any CPU
		{48E07F12-8597-40DE-8A37-CCBEB9D54012}.Checked|x86.ActiveCfg = Debug|Any CPU
		{48E07F12-8597-40DE-8A37-CCBEB9D54012}.Checked|x86.Build.0 = Debug|Any CPU
		{FEF03BCC-509F-4646-9132-9DE27FA3DA6F}.Debug|Any CPU.ActiveCfg = Debug|Any CPU
		{FEF03BCC-509F-4646-9132-9DE27FA3DA6F}.Debug|Any CPU.Build.0 = Debug|Any CPU
		{FEF03BCC-509F-4646-9132-9DE27FA3DA6F}.Debug|x64.ActiveCfg = Debug|Any CPU
		{FEF03BCC-509F-4646-9132-9DE27FA3DA6F}.Debug|x64.Build.0 = Debug|Any CPU
		{FEF03BCC-509F-4646-9132-9DE27FA3DA6F}.Debug|x86.ActiveCfg = Debug|Any CPU
		{FEF03BCC-509F-4646-9132-9DE27FA3DA6F}.Debug|x86.Build.0 = Debug|Any CPU
		{FEF03BCC-509F-4646-9132-9DE27FA3DA6F}.Release|Any CPU.ActiveCfg = Release|Any CPU
		{FEF03BCC-509F-4646-9132-9DE27FA3DA6F}.Release|Any CPU.Build.0 = Release|Any CPU
		{FEF03BCC-509F-4646-9132-9DE27FA3DA6F}.Release|x64.ActiveCfg = Release|Any CPU
		{FEF03BCC-509F-4646-9132-9DE27FA3DA6F}.Release|x64.Build.0 = Release|Any CPU
		{FEF03BCC-509F-4646-9132-9DE27FA3DA6F}.Release|x86.ActiveCfg = Release|Any CPU
		{FEF03BCC-509F-4646-9132-9DE27FA3DA6F}.Release|x86.Build.0 = Release|Any CPU
		{FEF03BCC-509F-4646-9132-9DE27FA3DA6F}.Checked|Any CPU.ActiveCfg = Debug|Any CPU
		{FEF03BCC-509F-4646-9132-9DE27FA3DA6F}.Checked|Any CPU.Build.0 = Debug|Any CPU
		{FEF03BCC-509F-4646-9132-9DE27FA3DA6F}.Checked|x64.ActiveCfg = Debug|Any CPU
		{FEF03BCC-509F-4646-9132-9DE27FA3DA6F}.Checked|x64.Build.0 = Debug|Any CPU
		{FEF03BCC-509F-4646-9132-9DE27FA3DA6F}.Checked|x86.ActiveCfg = Debug|Any CPU
		{FEF03BCC-509F-4646-9132-9DE27FA3DA6F}.Checked|x86.Build.0 = Debug|Any CPU
		{D350D6E7-52F1-40A4-B646-C178F6BBB689}.Debug|Any CPU.ActiveCfg = Debug|Any CPU
		{D350D6E7-52F1-40A4-B646-C178F6BBB689}.Debug|Any CPU.Build.0 = Debug|Any CPU
		{D350D6E7-52F1-40A4-B646-C178F6BBB689}.Debug|x64.ActiveCfg = Debug|Any CPU
		{D350D6E7-52F1-40A4-B646-C178F6BBB689}.Debug|x64.Build.0 = Debug|Any CPU
		{D350D6E7-52F1-40A4-B646-C178F6BBB689}.Debug|x86.ActiveCfg = Debug|Any CPU
		{D350D6E7-52F1-40A4-B646-C178F6BBB689}.Debug|x86.Build.0 = Debug|Any CPU
		{D350D6E7-52F1-40A4-B646-C178F6BBB689}.Release|Any CPU.ActiveCfg = Release|Any CPU
		{D350D6E7-52F1-40A4-B646-C178F6BBB689}.Release|Any CPU.Build.0 = Release|Any CPU
		{D350D6E7-52F1-40A4-B646-C178F6BBB689}.Release|x64.ActiveCfg = Release|Any CPU
		{D350D6E7-52F1-40A4-B646-C178F6BBB689}.Release|x64.Build.0 = Release|Any CPU
		{D350D6E7-52F1-40A4-B646-C178F6BBB689}.Release|x86.ActiveCfg = Release|Any CPU
		{D350D6E7-52F1-40A4-B646-C178F6BBB689}.Release|x86.Build.0 = Release|Any CPU
		{D350D6E7-52F1-40A4-B646-C178F6BBB689}.Checked|Any CPU.ActiveCfg = Debug|Any CPU
		{D350D6E7-52F1-40A4-B646-C178F6BBB689}.Checked|Any CPU.Build.0 = Debug|Any CPU
		{D350D6E7-52F1-40A4-B646-C178F6BBB689}.Checked|x64.ActiveCfg = Debug|Any CPU
		{D350D6E7-52F1-40A4-B646-C178F6BBB689}.Checked|x64.Build.0 = Debug|Any CPU
		{D350D6E7-52F1-40A4-B646-C178F6BBB689}.Checked|x86.ActiveCfg = Debug|Any CPU
		{D350D6E7-52F1-40A4-B646-C178F6BBB689}.Checked|x86.Build.0 = Debug|Any CPU
		{5B0BA4E9-4122-45F2-BE12-67CF21A3FF5F}.Debug|Any CPU.ActiveCfg = Debug|Any CPU
		{5B0BA4E9-4122-45F2-BE12-67CF21A3FF5F}.Debug|Any CPU.Build.0 = Debug|Any CPU
		{5B0BA4E9-4122-45F2-BE12-67CF21A3FF5F}.Debug|x64.ActiveCfg = Debug|Any CPU
		{5B0BA4E9-4122-45F2-BE12-67CF21A3FF5F}.Debug|x64.Build.0 = Debug|Any CPU
		{5B0BA4E9-4122-45F2-BE12-67CF21A3FF5F}.Debug|x86.ActiveCfg = Debug|Any CPU
		{5B0BA4E9-4122-45F2-BE12-67CF21A3FF5F}.Debug|x86.Build.0 = Debug|Any CPU
		{5B0BA4E9-4122-45F2-BE12-67CF21A3FF5F}.Release|Any CPU.ActiveCfg = Release|Any CPU
		{5B0BA4E9-4122-45F2-BE12-67CF21A3FF5F}.Release|Any CPU.Build.0 = Release|Any CPU
		{5B0BA4E9-4122-45F2-BE12-67CF21A3FF5F}.Release|x64.ActiveCfg = Release|Any CPU
		{5B0BA4E9-4122-45F2-BE12-67CF21A3FF5F}.Release|x64.Build.0 = Release|Any CPU
		{5B0BA4E9-4122-45F2-BE12-67CF21A3FF5F}.Release|x86.ActiveCfg = Release|Any CPU
		{5B0BA4E9-4122-45F2-BE12-67CF21A3FF5F}.Release|x86.Build.0 = Release|Any CPU
		{5B0BA4E9-4122-45F2-BE12-67CF21A3FF5F}.Checked|Any CPU.ActiveCfg = Debug|Any CPU
		{5B0BA4E9-4122-45F2-BE12-67CF21A3FF5F}.Checked|Any CPU.Build.0 = Debug|Any CPU
		{5B0BA4E9-4122-45F2-BE12-67CF21A3FF5F}.Checked|x64.ActiveCfg = Debug|Any CPU
		{5B0BA4E9-4122-45F2-BE12-67CF21A3FF5F}.Checked|x64.Build.0 = Debug|Any CPU
		{5B0BA4E9-4122-45F2-BE12-67CF21A3FF5F}.Checked|x86.ActiveCfg = Debug|Any CPU
		{5B0BA4E9-4122-45F2-BE12-67CF21A3FF5F}.Checked|x86.Build.0 = Debug|Any CPU
		{6F0BC32F-8C4F-4382-A6A2-343CBA007917}.Debug|Any CPU.ActiveCfg = Debug|Any CPU
		{6F0BC32F-8C4F-4382-A6A2-343CBA007917}.Debug|Any CPU.Build.0 = Debug|Any CPU
		{6F0BC32F-8C4F-4382-A6A2-343CBA007917}.Debug|x64.ActiveCfg = Debug|Any CPU
		{6F0BC32F-8C4F-4382-A6A2-343CBA007917}.Debug|x64.Build.0 = Debug|Any CPU
		{6F0BC32F-8C4F-4382-A6A2-343CBA007917}.Debug|x86.ActiveCfg = Debug|Any CPU
		{6F0BC32F-8C4F-4382-A6A2-343CBA007917}.Debug|x86.Build.0 = Debug|Any CPU
		{6F0BC32F-8C4F-4382-A6A2-343CBA007917}.Release|Any CPU.ActiveCfg = Release|Any CPU
		{6F0BC32F-8C4F-4382-A6A2-343CBA007917}.Release|Any CPU.Build.0 = Release|Any CPU
		{6F0BC32F-8C4F-4382-A6A2-343CBA007917}.Release|x64.ActiveCfg = Release|Any CPU
		{6F0BC32F-8C4F-4382-A6A2-343CBA007917}.Release|x64.Build.0 = Release|Any CPU
		{6F0BC32F-8C4F-4382-A6A2-343CBA007917}.Release|x86.ActiveCfg = Release|Any CPU
		{6F0BC32F-8C4F-4382-A6A2-343CBA007917}.Release|x86.Build.0 = Release|Any CPU
		{6F0BC32F-8C4F-4382-A6A2-343CBA007917}.Checked|Any CPU.ActiveCfg = Debug|Any CPU
		{6F0BC32F-8C4F-4382-A6A2-343CBA007917}.Checked|Any CPU.Build.0 = Debug|Any CPU
		{6F0BC32F-8C4F-4382-A6A2-343CBA007917}.Checked|x64.ActiveCfg = Debug|Any CPU
		{6F0BC32F-8C4F-4382-A6A2-343CBA007917}.Checked|x64.Build.0 = Debug|Any CPU
		{6F0BC32F-8C4F-4382-A6A2-343CBA007917}.Checked|x86.ActiveCfg = Debug|Any CPU
		{6F0BC32F-8C4F-4382-A6A2-343CBA007917}.Checked|x86.Build.0 = Debug|Any CPU
		{82092BDF-105A-448D-BE1C-6FA5A08E2833}.Debug|Any CPU.ActiveCfg = Debug|Any CPU
		{82092BDF-105A-448D-BE1C-6FA5A08E2833}.Debug|Any CPU.Build.0 = Debug|Any CPU
		{82092BDF-105A-448D-BE1C-6FA5A08E2833}.Debug|x64.ActiveCfg = Debug|Any CPU
		{82092BDF-105A-448D-BE1C-6FA5A08E2833}.Debug|x64.Build.0 = Debug|Any CPU
		{82092BDF-105A-448D-BE1C-6FA5A08E2833}.Debug|x86.ActiveCfg = Debug|Any CPU
		{82092BDF-105A-448D-BE1C-6FA5A08E2833}.Debug|x86.Build.0 = Debug|Any CPU
		{82092BDF-105A-448D-BE1C-6FA5A08E2833}.Release|Any CPU.ActiveCfg = Release|Any CPU
		{82092BDF-105A-448D-BE1C-6FA5A08E2833}.Release|Any CPU.Build.0 = Release|Any CPU
		{82092BDF-105A-448D-BE1C-6FA5A08E2833}.Release|x64.ActiveCfg = Release|Any CPU
		{82092BDF-105A-448D-BE1C-6FA5A08E2833}.Release|x64.Build.0 = Release|Any CPU
		{82092BDF-105A-448D-BE1C-6FA5A08E2833}.Release|x86.ActiveCfg = Release|Any CPU
		{82092BDF-105A-448D-BE1C-6FA5A08E2833}.Release|x86.Build.0 = Release|Any CPU
		{82092BDF-105A-448D-BE1C-6FA5A08E2833}.Checked|Any CPU.ActiveCfg = Debug|Any CPU
		{82092BDF-105A-448D-BE1C-6FA5A08E2833}.Checked|Any CPU.Build.0 = Debug|Any CPU
		{82092BDF-105A-448D-BE1C-6FA5A08E2833}.Checked|x64.ActiveCfg = Debug|Any CPU
		{82092BDF-105A-448D-BE1C-6FA5A08E2833}.Checked|x64.Build.0 = Debug|Any CPU
		{82092BDF-105A-448D-BE1C-6FA5A08E2833}.Checked|x86.ActiveCfg = Debug|Any CPU
		{82092BDF-105A-448D-BE1C-6FA5A08E2833}.Checked|x86.Build.0 = Debug|Any CPU
		{D7DF8034-3AE5-4DEF-BCC4-6353239391BF}.Debug|Any CPU.ActiveCfg = Debug|Any CPU
		{D7DF8034-3AE5-4DEF-BCC4-6353239391BF}.Debug|Any CPU.Build.0 = Debug|Any CPU
		{D7DF8034-3AE5-4DEF-BCC4-6353239391BF}.Debug|x64.ActiveCfg = Debug|Any CPU
		{D7DF8034-3AE5-4DEF-BCC4-6353239391BF}.Debug|x64.Build.0 = Debug|Any CPU
		{D7DF8034-3AE5-4DEF-BCC4-6353239391BF}.Debug|x86.ActiveCfg = Debug|Any CPU
		{D7DF8034-3AE5-4DEF-BCC4-6353239391BF}.Debug|x86.Build.0 = Debug|Any CPU
		{D7DF8034-3AE5-4DEF-BCC4-6353239391BF}.Release|Any CPU.ActiveCfg = Release|Any CPU
		{D7DF8034-3AE5-4DEF-BCC4-6353239391BF}.Release|Any CPU.Build.0 = Release|Any CPU
		{D7DF8034-3AE5-4DEF-BCC4-6353239391BF}.Release|x64.ActiveCfg = Release|Any CPU
		{D7DF8034-3AE5-4DEF-BCC4-6353239391BF}.Release|x64.Build.0 = Release|Any CPU
		{D7DF8034-3AE5-4DEF-BCC4-6353239391BF}.Release|x86.ActiveCfg = Release|Any CPU
		{D7DF8034-3AE5-4DEF-BCC4-6353239391BF}.Release|x86.Build.0 = Release|Any CPU
		{D7DF8034-3AE5-4DEF-BCC4-6353239391BF}.Checked|Any CPU.ActiveCfg = Debug|Any CPU
		{D7DF8034-3AE5-4DEF-BCC4-6353239391BF}.Checked|Any CPU.Build.0 = Debug|Any CPU
		{D7DF8034-3AE5-4DEF-BCC4-6353239391BF}.Checked|x64.ActiveCfg = Debug|Any CPU
		{D7DF8034-3AE5-4DEF-BCC4-6353239391BF}.Checked|x64.Build.0 = Debug|Any CPU
		{D7DF8034-3AE5-4DEF-BCC4-6353239391BF}.Checked|x86.ActiveCfg = Debug|Any CPU
		{D7DF8034-3AE5-4DEF-BCC4-6353239391BF}.Checked|x86.Build.0 = Debug|Any CPU
		{17067363-B283-4CD5-B0CC-70A9573423B1}.Debug|Any CPU.ActiveCfg = Debug|Any CPU
		{17067363-B283-4CD5-B0CC-70A9573423B1}.Debug|Any CPU.Build.0 = Debug|Any CPU
		{17067363-B283-4CD5-B0CC-70A9573423B1}.Debug|x64.ActiveCfg = Debug|Any CPU
		{17067363-B283-4CD5-B0CC-70A9573423B1}.Debug|x64.Build.0 = Debug|Any CPU
		{17067363-B283-4CD5-B0CC-70A9573423B1}.Debug|x86.ActiveCfg = Debug|Any CPU
		{17067363-B283-4CD5-B0CC-70A9573423B1}.Debug|x86.Build.0 = Debug|Any CPU
		{17067363-B283-4CD5-B0CC-70A9573423B1}.Release|Any CPU.ActiveCfg = Release|Any CPU
		{17067363-B283-4CD5-B0CC-70A9573423B1}.Release|Any CPU.Build.0 = Release|Any CPU
		{17067363-B283-4CD5-B0CC-70A9573423B1}.Release|x64.ActiveCfg = Release|Any CPU
		{17067363-B283-4CD5-B0CC-70A9573423B1}.Release|x64.Build.0 = Release|Any CPU
		{17067363-B283-4CD5-B0CC-70A9573423B1}.Release|x86.ActiveCfg = Release|Any CPU
		{17067363-B283-4CD5-B0CC-70A9573423B1}.Release|x86.Build.0 = Release|Any CPU
		{17067363-B283-4CD5-B0CC-70A9573423B1}.Checked|Any CPU.ActiveCfg = Debug|Any CPU
		{17067363-B283-4CD5-B0CC-70A9573423B1}.Checked|Any CPU.Build.0 = Debug|Any CPU
		{17067363-B283-4CD5-B0CC-70A9573423B1}.Checked|x64.ActiveCfg = Debug|Any CPU
		{17067363-B283-4CD5-B0CC-70A9573423B1}.Checked|x64.Build.0 = Debug|Any CPU
		{17067363-B283-4CD5-B0CC-70A9573423B1}.Checked|x86.ActiveCfg = Debug|Any CPU
		{17067363-B283-4CD5-B0CC-70A9573423B1}.Checked|x86.Build.0 = Debug|Any CPU
		{B250A261-2062-4A83-B368-2DB0010BE08C}.Debug|Any CPU.ActiveCfg = Debug|Any CPU
		{B250A261-2062-4A83-B368-2DB0010BE08C}.Debug|Any CPU.Build.0 = Debug|Any CPU
		{B250A261-2062-4A83-B368-2DB0010BE08C}.Debug|x64.ActiveCfg = Debug|Any CPU
		{B250A261-2062-4A83-B368-2DB0010BE08C}.Debug|x64.Build.0 = Debug|Any CPU
		{B250A261-2062-4A83-B368-2DB0010BE08C}.Debug|x86.ActiveCfg = Debug|Any CPU
		{B250A261-2062-4A83-B368-2DB0010BE08C}.Debug|x86.Build.0 = Debug|Any CPU
		{B250A261-2062-4A83-B368-2DB0010BE08C}.Release|Any CPU.ActiveCfg = Release|Any CPU
		{B250A261-2062-4A83-B368-2DB0010BE08C}.Release|Any CPU.Build.0 = Release|Any CPU
		{B250A261-2062-4A83-B368-2DB0010BE08C}.Release|x64.ActiveCfg = Release|Any CPU
		{B250A261-2062-4A83-B368-2DB0010BE08C}.Release|x64.Build.0 = Release|Any CPU
		{B250A261-2062-4A83-B368-2DB0010BE08C}.Release|x86.ActiveCfg = Release|Any CPU
		{B250A261-2062-4A83-B368-2DB0010BE08C}.Release|x86.Build.0 = Release|Any CPU
		{B250A261-2062-4A83-B368-2DB0010BE08C}.Checked|Any CPU.ActiveCfg = Debug|Any CPU
		{B250A261-2062-4A83-B368-2DB0010BE08C}.Checked|Any CPU.Build.0 = Debug|Any CPU
		{B250A261-2062-4A83-B368-2DB0010BE08C}.Checked|x64.ActiveCfg = Debug|Any CPU
		{B250A261-2062-4A83-B368-2DB0010BE08C}.Checked|x64.Build.0 = Debug|Any CPU
		{B250A261-2062-4A83-B368-2DB0010BE08C}.Checked|x86.ActiveCfg = Debug|Any CPU
		{B250A261-2062-4A83-B368-2DB0010BE08C}.Checked|x86.Build.0 = Debug|Any CPU
		{E927BDC4-13B4-498B-B46A-02D449159D11}.Debug|Any CPU.ActiveCfg = Debug|Any CPU
		{E927BDC4-13B4-498B-B46A-02D449159D11}.Debug|Any CPU.Build.0 = Debug|Any CPU
		{E927BDC4-13B4-498B-B46A-02D449159D11}.Debug|x64.ActiveCfg = Debug|Any CPU
		{E927BDC4-13B4-498B-B46A-02D449159D11}.Debug|x64.Build.0 = Debug|Any CPU
		{E927BDC4-13B4-498B-B46A-02D449159D11}.Debug|x86.ActiveCfg = Debug|Any CPU
		{E927BDC4-13B4-498B-B46A-02D449159D11}.Debug|x86.Build.0 = Debug|Any CPU
		{E927BDC4-13B4-498B-B46A-02D449159D11}.Release|Any CPU.ActiveCfg = Release|Any CPU
		{E927BDC4-13B4-498B-B46A-02D449159D11}.Release|Any CPU.Build.0 = Release|Any CPU
		{E927BDC4-13B4-498B-B46A-02D449159D11}.Release|x64.ActiveCfg = Release|Any CPU
		{E927BDC4-13B4-498B-B46A-02D449159D11}.Release|x64.Build.0 = Release|Any CPU
		{E927BDC4-13B4-498B-B46A-02D449159D11}.Release|x86.ActiveCfg = Release|Any CPU
		{E927BDC4-13B4-498B-B46A-02D449159D11}.Release|x86.Build.0 = Release|Any CPU
		{E927BDC4-13B4-498B-B46A-02D449159D11}.Checked|Any CPU.ActiveCfg = Debug|Any CPU
		{E927BDC4-13B4-498B-B46A-02D449159D11}.Checked|Any CPU.Build.0 = Debug|Any CPU
		{E927BDC4-13B4-498B-B46A-02D449159D11}.Checked|x64.ActiveCfg = Debug|Any CPU
		{E927BDC4-13B4-498B-B46A-02D449159D11}.Checked|x64.Build.0 = Debug|Any CPU
		{E927BDC4-13B4-498B-B46A-02D449159D11}.Checked|x86.ActiveCfg = Debug|Any CPU
		{E927BDC4-13B4-498B-B46A-02D449159D11}.Checked|x86.Build.0 = Debug|Any CPU
		{79A74577-C550-4264-B352-51D304796B89}.Debug|Any CPU.ActiveCfg = Debug|Any CPU
		{79A74577-C550-4264-B352-51D304796B89}.Debug|Any CPU.Build.0 = Debug|Any CPU
		{79A74577-C550-4264-B352-51D304796B89}.Debug|x64.ActiveCfg = Debug|Any CPU
		{79A74577-C550-4264-B352-51D304796B89}.Debug|x64.Build.0 = Debug|Any CPU
		{79A74577-C550-4264-B352-51D304796B89}.Debug|x86.ActiveCfg = Debug|Any CPU
		{79A74577-C550-4264-B352-51D304796B89}.Debug|x86.Build.0 = Debug|Any CPU
		{79A74577-C550-4264-B352-51D304796B89}.Release|Any CPU.ActiveCfg = Release|Any CPU
		{79A74577-C550-4264-B352-51D304796B89}.Release|Any CPU.Build.0 = Release|Any CPU
		{79A74577-C550-4264-B352-51D304796B89}.Release|x64.ActiveCfg = Release|Any CPU
		{79A74577-C550-4264-B352-51D304796B89}.Release|x64.Build.0 = Release|Any CPU
		{79A74577-C550-4264-B352-51D304796B89}.Release|x86.ActiveCfg = Release|Any CPU
		{79A74577-C550-4264-B352-51D304796B89}.Release|x86.Build.0 = Release|Any CPU
		{79A74577-C550-4264-B352-51D304796B89}.Checked|Any CPU.ActiveCfg = Debug|Any CPU
		{79A74577-C550-4264-B352-51D304796B89}.Checked|Any CPU.Build.0 = Debug|Any CPU
		{79A74577-C550-4264-B352-51D304796B89}.Checked|x64.ActiveCfg = Debug|Any CPU
		{79A74577-C550-4264-B352-51D304796B89}.Checked|x64.Build.0 = Debug|Any CPU
		{79A74577-C550-4264-B352-51D304796B89}.Checked|x86.ActiveCfg = Debug|Any CPU
		{79A74577-C550-4264-B352-51D304796B89}.Checked|x86.Build.0 = Debug|Any CPU
		{C9844B05-E83D-4DAA-8102-D697C41A6668}.Debug|Any CPU.ActiveCfg = Debug|Any CPU
		{C9844B05-E83D-4DAA-8102-D697C41A6668}.Debug|Any CPU.Build.0 = Debug|Any CPU
		{C9844B05-E83D-4DAA-8102-D697C41A6668}.Debug|x64.ActiveCfg = Debug|Any CPU
		{C9844B05-E83D-4DAA-8102-D697C41A6668}.Debug|x64.Build.0 = Debug|Any CPU
		{C9844B05-E83D-4DAA-8102-D697C41A6668}.Debug|x86.ActiveCfg = Debug|Any CPU
		{C9844B05-E83D-4DAA-8102-D697C41A6668}.Debug|x86.Build.0 = Debug|Any CPU
		{C9844B05-E83D-4DAA-8102-D697C41A6668}.Release|Any CPU.ActiveCfg = Release|Any CPU
		{C9844B05-E83D-4DAA-8102-D697C41A6668}.Release|Any CPU.Build.0 = Release|Any CPU
		{C9844B05-E83D-4DAA-8102-D697C41A6668}.Release|x64.ActiveCfg = Release|Any CPU
		{C9844B05-E83D-4DAA-8102-D697C41A6668}.Release|x64.Build.0 = Release|Any CPU
		{C9844B05-E83D-4DAA-8102-D697C41A6668}.Release|x86.ActiveCfg = Release|Any CPU
		{C9844B05-E83D-4DAA-8102-D697C41A6668}.Release|x86.Build.0 = Release|Any CPU
		{C9844B05-E83D-4DAA-8102-D697C41A6668}.Checked|Any CPU.ActiveCfg = Debug|Any CPU
		{C9844B05-E83D-4DAA-8102-D697C41A6668}.Checked|Any CPU.Build.0 = Debug|Any CPU
		{C9844B05-E83D-4DAA-8102-D697C41A6668}.Checked|x64.ActiveCfg = Debug|Any CPU
		{C9844B05-E83D-4DAA-8102-D697C41A6668}.Checked|x64.Build.0 = Debug|Any CPU
		{C9844B05-E83D-4DAA-8102-D697C41A6668}.Checked|x86.ActiveCfg = Debug|Any CPU
		{C9844B05-E83D-4DAA-8102-D697C41A6668}.Checked|x86.Build.0 = Debug|Any CPU
		{299AA338-9893-4472-A08E-644A6DB8D036}.Debug|Any CPU.ActiveCfg = Debug|Any CPU
		{299AA338-9893-4472-A08E-644A6DB8D036}.Debug|Any CPU.Build.0 = Debug|Any CPU
		{299AA338-9893-4472-A08E-644A6DB8D036}.Debug|x64.ActiveCfg = Debug|Any CPU
		{299AA338-9893-4472-A08E-644A6DB8D036}.Debug|x64.Build.0 = Debug|Any CPU
		{299AA338-9893-4472-A08E-644A6DB8D036}.Debug|x86.ActiveCfg = Debug|Any CPU
		{299AA338-9893-4472-A08E-644A6DB8D036}.Debug|x86.Build.0 = Debug|Any CPU
		{299AA338-9893-4472-A08E-644A6DB8D036}.Release|Any CPU.ActiveCfg = Release|Any CPU
		{299AA338-9893-4472-A08E-644A6DB8D036}.Release|Any CPU.Build.0 = Release|Any CPU
		{299AA338-9893-4472-A08E-644A6DB8D036}.Release|x64.ActiveCfg = Release|Any CPU
		{299AA338-9893-4472-A08E-644A6DB8D036}.Release|x64.Build.0 = Release|Any CPU
		{299AA338-9893-4472-A08E-644A6DB8D036}.Release|x86.ActiveCfg = Release|Any CPU
		{299AA338-9893-4472-A08E-644A6DB8D036}.Release|x86.Build.0 = Release|Any CPU
		{299AA338-9893-4472-A08E-644A6DB8D036}.Checked|Any CPU.ActiveCfg = Debug|Any CPU
		{299AA338-9893-4472-A08E-644A6DB8D036}.Checked|Any CPU.Build.0 = Debug|Any CPU
		{299AA338-9893-4472-A08E-644A6DB8D036}.Checked|x64.ActiveCfg = Debug|Any CPU
		{299AA338-9893-4472-A08E-644A6DB8D036}.Checked|x64.Build.0 = Debug|Any CPU
		{299AA338-9893-4472-A08E-644A6DB8D036}.Checked|x86.ActiveCfg = Debug|Any CPU
		{299AA338-9893-4472-A08E-644A6DB8D036}.Checked|x86.Build.0 = Debug|Any CPU
		{9A3CFFA7-29E2-4697-8799-DE62808622A8}.Debug|Any CPU.ActiveCfg = Debug|Any CPU
		{9A3CFFA7-29E2-4697-8799-DE62808622A8}.Debug|Any CPU.Build.0 = Debug|Any CPU
		{9A3CFFA7-29E2-4697-8799-DE62808622A8}.Debug|x64.ActiveCfg = Debug|Any CPU
		{9A3CFFA7-29E2-4697-8799-DE62808622A8}.Debug|x64.Build.0 = Debug|Any CPU
		{9A3CFFA7-29E2-4697-8799-DE62808622A8}.Debug|x86.ActiveCfg = Debug|Any CPU
		{9A3CFFA7-29E2-4697-8799-DE62808622A8}.Debug|x86.Build.0 = Debug|Any CPU
		{9A3CFFA7-29E2-4697-8799-DE62808622A8}.Release|Any CPU.ActiveCfg = Release|Any CPU
		{9A3CFFA7-29E2-4697-8799-DE62808622A8}.Release|Any CPU.Build.0 = Release|Any CPU
		{9A3CFFA7-29E2-4697-8799-DE62808622A8}.Release|x64.ActiveCfg = Release|Any CPU
		{9A3CFFA7-29E2-4697-8799-DE62808622A8}.Release|x64.Build.0 = Release|Any CPU
		{9A3CFFA7-29E2-4697-8799-DE62808622A8}.Release|x86.ActiveCfg = Release|Any CPU
		{9A3CFFA7-29E2-4697-8799-DE62808622A8}.Release|x86.Build.0 = Release|Any CPU
		{9A3CFFA7-29E2-4697-8799-DE62808622A8}.Checked|Any CPU.ActiveCfg = Debug|Any CPU
		{9A3CFFA7-29E2-4697-8799-DE62808622A8}.Checked|Any CPU.Build.0 = Debug|Any CPU
		{9A3CFFA7-29E2-4697-8799-DE62808622A8}.Checked|x64.ActiveCfg = Debug|Any CPU
		{9A3CFFA7-29E2-4697-8799-DE62808622A8}.Checked|x64.Build.0 = Debug|Any CPU
		{9A3CFFA7-29E2-4697-8799-DE62808622A8}.Checked|x86.ActiveCfg = Debug|Any CPU
		{9A3CFFA7-29E2-4697-8799-DE62808622A8}.Checked|x86.Build.0 = Debug|Any CPU
		{8DEB3F36-0E94-4CDB-9910-8998C74C2C09}.Debug|Any CPU.ActiveCfg = Debug|Any CPU
		{8DEB3F36-0E94-4CDB-9910-8998C74C2C09}.Debug|Any CPU.Build.0 = Debug|Any CPU
		{8DEB3F36-0E94-4CDB-9910-8998C74C2C09}.Debug|x64.ActiveCfg = Debug|Any CPU
		{8DEB3F36-0E94-4CDB-9910-8998C74C2C09}.Debug|x64.Build.0 = Debug|Any CPU
		{8DEB3F36-0E94-4CDB-9910-8998C74C2C09}.Debug|x86.ActiveCfg = Debug|Any CPU
		{8DEB3F36-0E94-4CDB-9910-8998C74C2C09}.Debug|x86.Build.0 = Debug|Any CPU
		{8DEB3F36-0E94-4CDB-9910-8998C74C2C09}.Release|Any CPU.ActiveCfg = Release|Any CPU
		{8DEB3F36-0E94-4CDB-9910-8998C74C2C09}.Release|Any CPU.Build.0 = Release|Any CPU
		{8DEB3F36-0E94-4CDB-9910-8998C74C2C09}.Release|x64.ActiveCfg = Release|Any CPU
		{8DEB3F36-0E94-4CDB-9910-8998C74C2C09}.Release|x64.Build.0 = Release|Any CPU
		{8DEB3F36-0E94-4CDB-9910-8998C74C2C09}.Release|x86.ActiveCfg = Release|Any CPU
		{8DEB3F36-0E94-4CDB-9910-8998C74C2C09}.Release|x86.Build.0 = Release|Any CPU
		{8DEB3F36-0E94-4CDB-9910-8998C74C2C09}.Checked|Any CPU.ActiveCfg = Debug|Any CPU
		{8DEB3F36-0E94-4CDB-9910-8998C74C2C09}.Checked|Any CPU.Build.0 = Debug|Any CPU
		{8DEB3F36-0E94-4CDB-9910-8998C74C2C09}.Checked|x64.ActiveCfg = Debug|Any CPU
		{8DEB3F36-0E94-4CDB-9910-8998C74C2C09}.Checked|x64.Build.0 = Debug|Any CPU
		{8DEB3F36-0E94-4CDB-9910-8998C74C2C09}.Checked|x86.ActiveCfg = Debug|Any CPU
		{8DEB3F36-0E94-4CDB-9910-8998C74C2C09}.Checked|x86.Build.0 = Debug|Any CPU
		{23553C5F-B431-4925-8BF4-3AA445B590A5}.Debug|Any CPU.ActiveCfg = Debug|Any CPU
		{23553C5F-B431-4925-8BF4-3AA445B590A5}.Debug|Any CPU.Build.0 = Debug|Any CPU
		{23553C5F-B431-4925-8BF4-3AA445B590A5}.Debug|x64.ActiveCfg = Debug|Any CPU
		{23553C5F-B431-4925-8BF4-3AA445B590A5}.Debug|x64.Build.0 = Debug|Any CPU
		{23553C5F-B431-4925-8BF4-3AA445B590A5}.Debug|x86.ActiveCfg = Debug|Any CPU
		{23553C5F-B431-4925-8BF4-3AA445B590A5}.Debug|x86.Build.0 = Debug|Any CPU
		{23553C5F-B431-4925-8BF4-3AA445B590A5}.Release|Any CPU.ActiveCfg = Release|Any CPU
		{23553C5F-B431-4925-8BF4-3AA445B590A5}.Release|Any CPU.Build.0 = Release|Any CPU
		{23553C5F-B431-4925-8BF4-3AA445B590A5}.Release|x64.ActiveCfg = Release|Any CPU
		{23553C5F-B431-4925-8BF4-3AA445B590A5}.Release|x64.Build.0 = Release|Any CPU
		{23553C5F-B431-4925-8BF4-3AA445B590A5}.Release|x86.ActiveCfg = Release|Any CPU
		{23553C5F-B431-4925-8BF4-3AA445B590A5}.Release|x86.Build.0 = Release|Any CPU
		{23553C5F-B431-4925-8BF4-3AA445B590A5}.Checked|Any CPU.ActiveCfg = Debug|Any CPU
		{23553C5F-B431-4925-8BF4-3AA445B590A5}.Checked|Any CPU.Build.0 = Debug|Any CPU
		{23553C5F-B431-4925-8BF4-3AA445B590A5}.Checked|x64.ActiveCfg = Debug|Any CPU
		{23553C5F-B431-4925-8BF4-3AA445B590A5}.Checked|x64.Build.0 = Debug|Any CPU
		{23553C5F-B431-4925-8BF4-3AA445B590A5}.Checked|x86.ActiveCfg = Debug|Any CPU
		{23553C5F-B431-4925-8BF4-3AA445B590A5}.Checked|x86.Build.0 = Debug|Any CPU
		{A25C363A-79FB-4C95-840C-8ECFF3C71A19}.Debug|Any CPU.ActiveCfg = Debug|Any CPU
		{A25C363A-79FB-4C95-840C-8ECFF3C71A19}.Debug|Any CPU.Build.0 = Debug|Any CPU
		{A25C363A-79FB-4C95-840C-8ECFF3C71A19}.Debug|x64.ActiveCfg = Debug|Any CPU
		{A25C363A-79FB-4C95-840C-8ECFF3C71A19}.Debug|x64.Build.0 = Debug|Any CPU
		{A25C363A-79FB-4C95-840C-8ECFF3C71A19}.Debug|x86.ActiveCfg = Debug|Any CPU
		{A25C363A-79FB-4C95-840C-8ECFF3C71A19}.Debug|x86.Build.0 = Debug|Any CPU
		{A25C363A-79FB-4C95-840C-8ECFF3C71A19}.Release|Any CPU.ActiveCfg = Release|Any CPU
		{A25C363A-79FB-4C95-840C-8ECFF3C71A19}.Release|Any CPU.Build.0 = Release|Any CPU
		{A25C363A-79FB-4C95-840C-8ECFF3C71A19}.Release|x64.ActiveCfg = Release|Any CPU
		{A25C363A-79FB-4C95-840C-8ECFF3C71A19}.Release|x64.Build.0 = Release|Any CPU
		{A25C363A-79FB-4C95-840C-8ECFF3C71A19}.Release|x86.ActiveCfg = Release|Any CPU
		{A25C363A-79FB-4C95-840C-8ECFF3C71A19}.Release|x86.Build.0 = Release|Any CPU
		{A25C363A-79FB-4C95-840C-8ECFF3C71A19}.Checked|Any CPU.ActiveCfg = Debug|Any CPU
		{A25C363A-79FB-4C95-840C-8ECFF3C71A19}.Checked|Any CPU.Build.0 = Debug|Any CPU
		{A25C363A-79FB-4C95-840C-8ECFF3C71A19}.Checked|x64.ActiveCfg = Debug|Any CPU
		{A25C363A-79FB-4C95-840C-8ECFF3C71A19}.Checked|x64.Build.0 = Debug|Any CPU
		{A25C363A-79FB-4C95-840C-8ECFF3C71A19}.Checked|x86.ActiveCfg = Debug|Any CPU
		{A25C363A-79FB-4C95-840C-8ECFF3C71A19}.Checked|x86.Build.0 = Debug|Any CPU
		{5AA1E2E1-D582-41E2-9851-EDDA63078206}.Debug|Any CPU.ActiveCfg = Debug|Any CPU
		{5AA1E2E1-D582-41E2-9851-EDDA63078206}.Debug|Any CPU.Build.0 = Debug|Any CPU
		{5AA1E2E1-D582-41E2-9851-EDDA63078206}.Debug|x64.ActiveCfg = Debug|Any CPU
		{5AA1E2E1-D582-41E2-9851-EDDA63078206}.Debug|x64.Build.0 = Debug|Any CPU
		{5AA1E2E1-D582-41E2-9851-EDDA63078206}.Debug|x86.ActiveCfg = Debug|Any CPU
		{5AA1E2E1-D582-41E2-9851-EDDA63078206}.Debug|x86.Build.0 = Debug|Any CPU
		{5AA1E2E1-D582-41E2-9851-EDDA63078206}.Release|Any CPU.ActiveCfg = Release|Any CPU
		{5AA1E2E1-D582-41E2-9851-EDDA63078206}.Release|Any CPU.Build.0 = Release|Any CPU
		{5AA1E2E1-D582-41E2-9851-EDDA63078206}.Release|x64.ActiveCfg = Release|Any CPU
		{5AA1E2E1-D582-41E2-9851-EDDA63078206}.Release|x64.Build.0 = Release|Any CPU
		{5AA1E2E1-D582-41E2-9851-EDDA63078206}.Release|x86.ActiveCfg = Release|Any CPU
		{5AA1E2E1-D582-41E2-9851-EDDA63078206}.Release|x86.Build.0 = Release|Any CPU
		{5AA1E2E1-D582-41E2-9851-EDDA63078206}.Checked|Any CPU.ActiveCfg = Debug|Any CPU
		{5AA1E2E1-D582-41E2-9851-EDDA63078206}.Checked|Any CPU.Build.0 = Debug|Any CPU
		{5AA1E2E1-D582-41E2-9851-EDDA63078206}.Checked|x64.ActiveCfg = Debug|Any CPU
		{5AA1E2E1-D582-41E2-9851-EDDA63078206}.Checked|x64.Build.0 = Debug|Any CPU
		{5AA1E2E1-D582-41E2-9851-EDDA63078206}.Checked|x86.ActiveCfg = Debug|Any CPU
		{5AA1E2E1-D582-41E2-9851-EDDA63078206}.Checked|x86.Build.0 = Debug|Any CPU
		{D81448C9-2E02-411F-8A78-043178021824}.Debug|Any CPU.ActiveCfg = Debug|Any CPU
		{D81448C9-2E02-411F-8A78-043178021824}.Debug|Any CPU.Build.0 = Debug|Any CPU
		{D81448C9-2E02-411F-8A78-043178021824}.Debug|x64.ActiveCfg = Debug|Any CPU
		{D81448C9-2E02-411F-8A78-043178021824}.Debug|x64.Build.0 = Debug|Any CPU
		{D81448C9-2E02-411F-8A78-043178021824}.Debug|x86.ActiveCfg = Debug|Any CPU
		{D81448C9-2E02-411F-8A78-043178021824}.Debug|x86.Build.0 = Debug|Any CPU
		{D81448C9-2E02-411F-8A78-043178021824}.Release|Any CPU.ActiveCfg = Release|Any CPU
		{D81448C9-2E02-411F-8A78-043178021824}.Release|Any CPU.Build.0 = Release|Any CPU
		{D81448C9-2E02-411F-8A78-043178021824}.Release|x64.ActiveCfg = Release|Any CPU
		{D81448C9-2E02-411F-8A78-043178021824}.Release|x64.Build.0 = Release|Any CPU
		{D81448C9-2E02-411F-8A78-043178021824}.Release|x86.ActiveCfg = Release|Any CPU
		{D81448C9-2E02-411F-8A78-043178021824}.Release|x86.Build.0 = Release|Any CPU
		{D81448C9-2E02-411F-8A78-043178021824}.Checked|Any CPU.ActiveCfg = Debug|Any CPU
		{D81448C9-2E02-411F-8A78-043178021824}.Checked|Any CPU.Build.0 = Debug|Any CPU
		{D81448C9-2E02-411F-8A78-043178021824}.Checked|x64.ActiveCfg = Debug|Any CPU
		{D81448C9-2E02-411F-8A78-043178021824}.Checked|x64.Build.0 = Debug|Any CPU
		{D81448C9-2E02-411F-8A78-043178021824}.Checked|x86.ActiveCfg = Debug|Any CPU
		{D81448C9-2E02-411F-8A78-043178021824}.Checked|x86.Build.0 = Debug|Any CPU
		{BFE97BC2-CA07-4267-943A-E2BA2710B1C7}.Debug|Any CPU.ActiveCfg = Debug|Any CPU
		{BFE97BC2-CA07-4267-943A-E2BA2710B1C7}.Debug|Any CPU.Build.0 = Debug|Any CPU
		{BFE97BC2-CA07-4267-943A-E2BA2710B1C7}.Debug|x64.ActiveCfg = Debug|Any CPU
		{BFE97BC2-CA07-4267-943A-E2BA2710B1C7}.Debug|x64.Build.0 = Debug|Any CPU
		{BFE97BC2-CA07-4267-943A-E2BA2710B1C7}.Debug|x86.ActiveCfg = Debug|Any CPU
		{BFE97BC2-CA07-4267-943A-E2BA2710B1C7}.Debug|x86.Build.0 = Debug|Any CPU
		{BFE97BC2-CA07-4267-943A-E2BA2710B1C7}.Release|Any CPU.ActiveCfg = Release|Any CPU
		{BFE97BC2-CA07-4267-943A-E2BA2710B1C7}.Release|Any CPU.Build.0 = Release|Any CPU
		{BFE97BC2-CA07-4267-943A-E2BA2710B1C7}.Release|x64.ActiveCfg = Release|Any CPU
		{BFE97BC2-CA07-4267-943A-E2BA2710B1C7}.Release|x64.Build.0 = Release|Any CPU
		{BFE97BC2-CA07-4267-943A-E2BA2710B1C7}.Release|x86.ActiveCfg = Release|Any CPU
		{BFE97BC2-CA07-4267-943A-E2BA2710B1C7}.Release|x86.Build.0 = Release|Any CPU
		{BFE97BC2-CA07-4267-943A-E2BA2710B1C7}.Checked|Any CPU.ActiveCfg = Debug|Any CPU
		{BFE97BC2-CA07-4267-943A-E2BA2710B1C7}.Checked|Any CPU.Build.0 = Debug|Any CPU
		{BFE97BC2-CA07-4267-943A-E2BA2710B1C7}.Checked|x64.ActiveCfg = Debug|Any CPU
		{BFE97BC2-CA07-4267-943A-E2BA2710B1C7}.Checked|x64.Build.0 = Debug|Any CPU
		{BFE97BC2-CA07-4267-943A-E2BA2710B1C7}.Checked|x86.ActiveCfg = Debug|Any CPU
		{BFE97BC2-CA07-4267-943A-E2BA2710B1C7}.Checked|x86.Build.0 = Debug|Any CPU
		{79005DC4-579C-4081-AEA9-6DB1627182FF}.Debug|Any CPU.ActiveCfg = Debug|Any CPU
		{79005DC4-579C-4081-AEA9-6DB1627182FF}.Debug|Any CPU.Build.0 = Debug|Any CPU
		{79005DC4-579C-4081-AEA9-6DB1627182FF}.Debug|x64.ActiveCfg = Debug|Any CPU
		{79005DC4-579C-4081-AEA9-6DB1627182FF}.Debug|x64.Build.0 = Debug|Any CPU
		{79005DC4-579C-4081-AEA9-6DB1627182FF}.Debug|x86.ActiveCfg = Debug|Any CPU
		{79005DC4-579C-4081-AEA9-6DB1627182FF}.Debug|x86.Build.0 = Debug|Any CPU
		{79005DC4-579C-4081-AEA9-6DB1627182FF}.Release|Any CPU.ActiveCfg = Release|Any CPU
		{79005DC4-579C-4081-AEA9-6DB1627182FF}.Release|Any CPU.Build.0 = Release|Any CPU
		{79005DC4-579C-4081-AEA9-6DB1627182FF}.Release|x64.ActiveCfg = Release|Any CPU
		{79005DC4-579C-4081-AEA9-6DB1627182FF}.Release|x64.Build.0 = Release|Any CPU
		{79005DC4-579C-4081-AEA9-6DB1627182FF}.Release|x86.ActiveCfg = Release|Any CPU
		{79005DC4-579C-4081-AEA9-6DB1627182FF}.Release|x86.Build.0 = Release|Any CPU
		{79005DC4-579C-4081-AEA9-6DB1627182FF}.Checked|Any CPU.ActiveCfg = Debug|Any CPU
		{79005DC4-579C-4081-AEA9-6DB1627182FF}.Checked|Any CPU.Build.0 = Debug|Any CPU
		{79005DC4-579C-4081-AEA9-6DB1627182FF}.Checked|x64.ActiveCfg = Debug|Any CPU
		{79005DC4-579C-4081-AEA9-6DB1627182FF}.Checked|x64.Build.0 = Debug|Any CPU
		{79005DC4-579C-4081-AEA9-6DB1627182FF}.Checked|x86.ActiveCfg = Debug|Any CPU
		{79005DC4-579C-4081-AEA9-6DB1627182FF}.Checked|x86.Build.0 = Debug|Any CPU
		{29A9A145-C68C-4F23-BEA3-29F3D44AE8A3}.Debug|Any CPU.ActiveCfg = Debug|Any CPU
		{29A9A145-C68C-4F23-BEA3-29F3D44AE8A3}.Debug|Any CPU.Build.0 = Debug|Any CPU
		{29A9A145-C68C-4F23-BEA3-29F3D44AE8A3}.Debug|x64.ActiveCfg = Debug|Any CPU
		{29A9A145-C68C-4F23-BEA3-29F3D44AE8A3}.Debug|x64.Build.0 = Debug|Any CPU
		{29A9A145-C68C-4F23-BEA3-29F3D44AE8A3}.Debug|x86.ActiveCfg = Debug|Any CPU
		{29A9A145-C68C-4F23-BEA3-29F3D44AE8A3}.Debug|x86.Build.0 = Debug|Any CPU
		{29A9A145-C68C-4F23-BEA3-29F3D44AE8A3}.Release|Any CPU.ActiveCfg = Release|Any CPU
		{29A9A145-C68C-4F23-BEA3-29F3D44AE8A3}.Release|Any CPU.Build.0 = Release|Any CPU
		{29A9A145-C68C-4F23-BEA3-29F3D44AE8A3}.Release|x64.ActiveCfg = Release|Any CPU
		{29A9A145-C68C-4F23-BEA3-29F3D44AE8A3}.Release|x64.Build.0 = Release|Any CPU
		{29A9A145-C68C-4F23-BEA3-29F3D44AE8A3}.Release|x86.ActiveCfg = Release|Any CPU
		{29A9A145-C68C-4F23-BEA3-29F3D44AE8A3}.Release|x86.Build.0 = Release|Any CPU
		{29A9A145-C68C-4F23-BEA3-29F3D44AE8A3}.Checked|Any CPU.ActiveCfg = Debug|Any CPU
		{29A9A145-C68C-4F23-BEA3-29F3D44AE8A3}.Checked|Any CPU.Build.0 = Debug|Any CPU
		{29A9A145-C68C-4F23-BEA3-29F3D44AE8A3}.Checked|x64.ActiveCfg = Debug|Any CPU
		{29A9A145-C68C-4F23-BEA3-29F3D44AE8A3}.Checked|x64.Build.0 = Debug|Any CPU
		{29A9A145-C68C-4F23-BEA3-29F3D44AE8A3}.Checked|x86.ActiveCfg = Debug|Any CPU
		{29A9A145-C68C-4F23-BEA3-29F3D44AE8A3}.Checked|x86.Build.0 = Debug|Any CPU
		{53533F59-7E75-4E09-A6CE-E130BDE9AC0A}.Debug|Any CPU.ActiveCfg = Debug|x64
		{53533F59-7E75-4E09-A6CE-E130BDE9AC0A}.Debug|Any CPU.Build.0 = Debug|x64
		{53533F59-7E75-4E09-A6CE-E130BDE9AC0A}.Debug|x64.ActiveCfg = Debug|x64
		{53533F59-7E75-4E09-A6CE-E130BDE9AC0A}.Debug|x64.Build.0 = Debug|x64
		{53533F59-7E75-4E09-A6CE-E130BDE9AC0A}.Debug|x86.ActiveCfg = Debug|x86
		{53533F59-7E75-4E09-A6CE-E130BDE9AC0A}.Debug|x86.Build.0 = Debug|x86
		{53533F59-7E75-4E09-A6CE-E130BDE9AC0A}.Release|Any CPU.ActiveCfg = Release|x64
		{53533F59-7E75-4E09-A6CE-E130BDE9AC0A}.Release|Any CPU.Build.0 = Release|x64
		{53533F59-7E75-4E09-A6CE-E130BDE9AC0A}.Release|x64.ActiveCfg = Release|x64
		{53533F59-7E75-4E09-A6CE-E130BDE9AC0A}.Release|x64.Build.0 = Release|x64
		{53533F59-7E75-4E09-A6CE-E130BDE9AC0A}.Release|x86.ActiveCfg = Release|x86
		{53533F59-7E75-4E09-A6CE-E130BDE9AC0A}.Release|x86.Build.0 = Release|x86
		{53533F59-7E75-4E09-A6CE-E130BDE9AC0A}.Checked|Any CPU.ActiveCfg = Checked|x64
		{53533F59-7E75-4E09-A6CE-E130BDE9AC0A}.Checked|Any CPU.Build.0 = Checked|x64
		{53533F59-7E75-4E09-A6CE-E130BDE9AC0A}.Checked|x64.ActiveCfg = Checked|x64
		{53533F59-7E75-4E09-A6CE-E130BDE9AC0A}.Checked|x64.Build.0 = Checked|x64
		{53533F59-7E75-4E09-A6CE-E130BDE9AC0A}.Checked|x86.ActiveCfg = Checked|x86
		{53533F59-7E75-4E09-A6CE-E130BDE9AC0A}.Checked|x86.Build.0 = Checked|x86
		{064A5B6E-232A-490F-B4EC-849E1B8B8AA1}.Debug|Any CPU.ActiveCfg = Debug|Any CPU
		{064A5B6E-232A-490F-B4EC-849E1B8B8AA1}.Debug|Any CPU.Build.0 = Debug|Any CPU
		{064A5B6E-232A-490F-B4EC-849E1B8B8AA1}.Debug|x64.ActiveCfg = Debug|Any CPU
		{064A5B6E-232A-490F-B4EC-849E1B8B8AA1}.Debug|x64.Build.0 = Debug|Any CPU
		{064A5B6E-232A-490F-B4EC-849E1B8B8AA1}.Debug|x86.ActiveCfg = Debug|Any CPU
		{064A5B6E-232A-490F-B4EC-849E1B8B8AA1}.Debug|x86.Build.0 = Debug|Any CPU
		{064A5B6E-232A-490F-B4EC-849E1B8B8AA1}.Release|Any CPU.ActiveCfg = Release|Any CPU
		{064A5B6E-232A-490F-B4EC-849E1B8B8AA1}.Release|Any CPU.Build.0 = Release|Any CPU
		{064A5B6E-232A-490F-B4EC-849E1B8B8AA1}.Release|x64.ActiveCfg = Release|Any CPU
		{064A5B6E-232A-490F-B4EC-849E1B8B8AA1}.Release|x64.Build.0 = Release|Any CPU
		{064A5B6E-232A-490F-B4EC-849E1B8B8AA1}.Release|x86.ActiveCfg = Release|Any CPU
		{064A5B6E-232A-490F-B4EC-849E1B8B8AA1}.Release|x86.Build.0 = Release|Any CPU
		{064A5B6E-232A-490F-B4EC-849E1B8B8AA1}.Checked|Any CPU.ActiveCfg = Debug|Any CPU
		{064A5B6E-232A-490F-B4EC-849E1B8B8AA1}.Checked|Any CPU.Build.0 = Debug|Any CPU
		{064A5B6E-232A-490F-B4EC-849E1B8B8AA1}.Checked|x64.ActiveCfg = Debug|Any CPU
		{064A5B6E-232A-490F-B4EC-849E1B8B8AA1}.Checked|x64.Build.0 = Debug|Any CPU
		{064A5B6E-232A-490F-B4EC-849E1B8B8AA1}.Checked|x86.ActiveCfg = Debug|Any CPU
		{064A5B6E-232A-490F-B4EC-849E1B8B8AA1}.Checked|x86.Build.0 = Debug|Any CPU
		{83DCEC88-BFD1-49AB-82D0-7C3760B64A36}.Debug|Any CPU.ActiveCfg = Debug|Any CPU
		{83DCEC88-BFD1-49AB-82D0-7C3760B64A36}.Debug|Any CPU.Build.0 = Debug|Any CPU
		{83DCEC88-BFD1-49AB-82D0-7C3760B64A36}.Debug|x64.ActiveCfg = Debug|Any CPU
		{83DCEC88-BFD1-49AB-82D0-7C3760B64A36}.Debug|x64.Build.0 = Debug|Any CPU
		{83DCEC88-BFD1-49AB-82D0-7C3760B64A36}.Debug|x86.ActiveCfg = Debug|Any CPU
		{83DCEC88-BFD1-49AB-82D0-7C3760B64A36}.Debug|x86.Build.0 = Debug|Any CPU
		{83DCEC88-BFD1-49AB-82D0-7C3760B64A36}.Release|Any CPU.ActiveCfg = Release|Any CPU
		{83DCEC88-BFD1-49AB-82D0-7C3760B64A36}.Release|Any CPU.Build.0 = Release|Any CPU
		{83DCEC88-BFD1-49AB-82D0-7C3760B64A36}.Release|x64.ActiveCfg = Release|Any CPU
		{83DCEC88-BFD1-49AB-82D0-7C3760B64A36}.Release|x64.Build.0 = Release|Any CPU
		{83DCEC88-BFD1-49AB-82D0-7C3760B64A36}.Release|x86.ActiveCfg = Release|Any CPU
		{83DCEC88-BFD1-49AB-82D0-7C3760B64A36}.Release|x86.Build.0 = Release|Any CPU
		{83DCEC88-BFD1-49AB-82D0-7C3760B64A36}.Checked|Any CPU.ActiveCfg = Debug|Any CPU
		{83DCEC88-BFD1-49AB-82D0-7C3760B64A36}.Checked|Any CPU.Build.0 = Debug|Any CPU
		{83DCEC88-BFD1-49AB-82D0-7C3760B64A36}.Checked|x64.ActiveCfg = Debug|Any CPU
		{83DCEC88-BFD1-49AB-82D0-7C3760B64A36}.Checked|x64.Build.0 = Debug|Any CPU
		{83DCEC88-BFD1-49AB-82D0-7C3760B64A36}.Checked|x86.ActiveCfg = Debug|Any CPU
		{83DCEC88-BFD1-49AB-82D0-7C3760B64A36}.Checked|x86.Build.0 = Debug|Any CPU
	EndGlobalSection
	GlobalSection(SolutionProperties) = preSolution
		HideSolutionNode = FALSE
	EndGlobalSection
	GlobalSection(NestedProjects) = preSolution
		{E4865620-8109-42F9-B1FE-B38C6CA1A3A0} = {53646BB8-1A15-4260-A254-F93E265616B0}
		{6F0BC32F-8C4F-4382-A6A2-343CBA007917} = {53646BB8-1A15-4260-A254-F93E265616B0}
		{17067363-B283-4CD5-B0CC-70A9573423B1} = {53646BB8-1A15-4260-A254-F93E265616B0}
		{79A74577-C550-4264-B352-51D304796B89} = {53646BB8-1A15-4260-A254-F93E265616B0}
		{C9844B05-E83D-4DAA-8102-D697C41A6668} = {53646BB8-1A15-4260-A254-F93E265616B0}
		{9A3CFFA7-29E2-4697-8799-DE62808622A8} = {53646BB8-1A15-4260-A254-F93E265616B0}
		{79005DC4-579C-4081-AEA9-6DB1627182FF} = {53646BB8-1A15-4260-A254-F93E265616B0}
		{83DCEC88-BFD1-49AB-82D0-7C3760B64A36} = {53646BB8-1A15-4260-A254-F93E265616B0}
		{877E39A8-51CB-463A-AF4C-6FAE4F438075} = {BA130506-5E66-4EC8-ACC5-DEC8B3575666}
		{5B0BA4E9-4122-45F2-BE12-67CF21A3FF5F} = {BA130506-5E66-4EC8-ACC5-DEC8B3575666}
		{82092BDF-105A-448D-BE1C-6FA5A08E2833} = {BA130506-5E66-4EC8-ACC5-DEC8B3575666}
		{D7DF8034-3AE5-4DEF-BCC4-6353239391BF} = {BA130506-5E66-4EC8-ACC5-DEC8B3575666}
		{B250A261-2062-4A83-B368-2DB0010BE08C} = {BA130506-5E66-4EC8-ACC5-DEC8B3575666}
		{E927BDC4-13B4-498B-B46A-02D449159D11} = {BA130506-5E66-4EC8-ACC5-DEC8B3575666}
		{299AA338-9893-4472-A08E-644A6DB8D036} = {BA130506-5E66-4EC8-ACC5-DEC8B3575666}
		{8DEB3F36-0E94-4CDB-9910-8998C74C2C09} = {BA130506-5E66-4EC8-ACC5-DEC8B3575666}
		{23553C5F-B431-4925-8BF4-3AA445B590A5} = {BA130506-5E66-4EC8-ACC5-DEC8B3575666}
		{A25C363A-79FB-4C95-840C-8ECFF3C71A19} = {BA130506-5E66-4EC8-ACC5-DEC8B3575666}
		{5AA1E2E1-D582-41E2-9851-EDDA63078206} = {BA130506-5E66-4EC8-ACC5-DEC8B3575666}
		{D81448C9-2E02-411F-8A78-043178021824} = {BA130506-5E66-4EC8-ACC5-DEC8B3575666}
		{BFE97BC2-CA07-4267-943A-E2BA2710B1C7} = {BA130506-5E66-4EC8-ACC5-DEC8B3575666}
		{29A9A145-C68C-4F23-BEA3-29F3D44AE8A3} = {BA130506-5E66-4EC8-ACC5-DEC8B3575666}
		{53533F59-7E75-4E09-A6CE-E130BDE9AC0A} = {BA130506-5E66-4EC8-ACC5-DEC8B3575666}
		{064A5B6E-232A-490F-B4EC-849E1B8B8AA1} = {BA130506-5E66-4EC8-ACC5-DEC8B3575666}
		{534152EB-14A8-4EF4-B181-342A555337F1} = {AEC4A1D2-B823-47E0-AD67-AFD8AF5A7371}
		{D20CD3B7-A332-4D47-851A-FD8C80AE10B9} = {AEC4A1D2-B823-47E0-AD67-AFD8AF5A7371}
		{3A8E16D3-8A22-4076-BB48-2CD1FBFAF81B} = {AEC4A1D2-B823-47E0-AD67-AFD8AF5A7371}
		{48E07F12-8597-40DE-8A37-CCBEB9D54012} = {AEC4A1D2-B823-47E0-AD67-AFD8AF5A7371}
		{FEF03BCC-509F-4646-9132-9DE27FA3DA6F} = {AEC4A1D2-B823-47E0-AD67-AFD8AF5A7371}
		{D350D6E7-52F1-40A4-B646-C178F6BBB689} = {AEC4A1D2-B823-47E0-AD67-AFD8AF5A7371}
	EndGlobalSection
	GlobalSection(ExtensibilityGlobals) = postSolution
		SolutionGuid = {320D63B0-B2D5-467B-92EC-1E2240B90263}
	EndGlobalSection
EndGlobal
