Microsoft Visual Studio Solution File, Format Version 12.00
Project("{9A19103F-16F7-4668-BE54-9A1E7A4F7556}") = "TestUtilities", "..\Common\tests\TestUtilities\TestUtilities.csproj", "{F9B18052-9FB9-474A-9A6A-F322DED4F7CD}"
EndProject
Project("{9A19103F-16F7-4668-BE54-9A1E7A4F7556}") = "Microsoft.Win32.Registry.AccessControl", "ref\Microsoft.Win32.Registry.AccessControl.csproj", "{97F37414-7633-4B76-AFA4-284E26894FB4}"
EndProject
Project("{9A19103F-16F7-4668-BE54-9A1E7A4F7556}") = "Microsoft.Win32.Registry.AccessControl", "src\Microsoft.Win32.Registry.AccessControl.csproj", "{9A0E9CD8-33FA-4E02-8EB6-5685CD84D727}"
EndProject
Project("{9A19103F-16F7-4668-BE54-9A1E7A4F7556}") = "Microsoft.Win32.Registry.AccessControl.Tests", "tests\Microsoft.Win32.Registry.AccessControl.Tests.csproj", "{BC8FAA75-A595-475E-B947-FA2D1E225B48}"
EndProject
Project("{9A19103F-16F7-4668-BE54-9A1E7A4F7556}") = "System.Runtime.CompilerServices.Unsafe", "..\System.Runtime.CompilerServices.Unsafe\ref\System.Runtime.CompilerServices.Unsafe.csproj", "{9341070F-8A24-45FD-96FF-DC936EC9FE4C}"
EndProject
Project("{9A19103F-16F7-4668-BE54-9A1E7A4F7556}") = "System.Runtime.CompilerServices.Unsafe", "..\System.Runtime.CompilerServices.Unsafe\src\System.Runtime.CompilerServices.Unsafe.ilproj", "{DD5B2888-463A-4AB6-911F-EB0BEA47951A}"
EndProject
Project("{2150E333-8FDC-42A3-9474-1A3956D46DE8}") = "src", "src", "{B0CF3B9A-0FBE-44B7-9596-3311A0F8B416}"
EndProject
Project("{2150E333-8FDC-42A3-9474-1A3956D46DE8}") = "tests", "tests", "{470A9936-EC08-46A3-BA00-8BDF127CC0BE}"
EndProject
Project("{2150E333-8FDC-42A3-9474-1A3956D46DE8}") = "ref", "ref", "{B4BC95DB-5818-4C4A-9D58-BFBA5B48EF91}"
EndProject
Global
	GlobalSection(SolutionConfigurationPlatforms) = preSolution
		Debug|Any CPU = Debug|Any CPU
		Release|Any CPU = Release|Any CPU
	EndGlobalSection
	GlobalSection(ProjectConfigurationPlatforms) = postSolution
		{9A0E9CD8-33FA-4E02-8EB6-5685CD84D727}.Debug|Any CPU.ActiveCfg = Debug|Any CPU
		{9A0E9CD8-33FA-4E02-8EB6-5685CD84D727}.Debug|Any CPU.Build.0 = Debug|Any CPU
		{9A0E9CD8-33FA-4E02-8EB6-5685CD84D727}.Release|Any CPU.ActiveCfg = Release|Any CPU
		{9A0E9CD8-33FA-4E02-8EB6-5685CD84D727}.Release|Any CPU.Build.0 = Release|Any CPU
		{BC8FAA75-A595-475E-B947-FA2D1E225B48}.Debug|Any CPU.ActiveCfg = Debug|Any CPU
		{BC8FAA75-A595-475E-B947-FA2D1E225B48}.Debug|Any CPU.Build.0 = Debug|Any CPU
		{BC8FAA75-A595-475E-B947-FA2D1E225B48}.Release|Any CPU.ActiveCfg = Release|Any CPU
		{BC8FAA75-A595-475E-B947-FA2D1E225B48}.Release|Any CPU.Build.0 = Release|Any CPU
		{97F37414-7633-4B76-AFA4-284E26894FB4}.Debug|Any CPU.ActiveCfg = Debug|Any CPU
		{97F37414-7633-4B76-AFA4-284E26894FB4}.Debug|Any CPU.Build.0 = Debug|Any CPU
		{97F37414-7633-4B76-AFA4-284E26894FB4}.Release|Any CPU.ActiveCfg = Release|Any CPU
		{97F37414-7633-4B76-AFA4-284E26894FB4}.Release|Any CPU.Build.0 = Release|Any CPU
		{F9B18052-9FB9-474A-9A6A-F322DED4F7CD}.Debug|Any CPU.ActiveCfg = Debug|Any CPU
		{F9B18052-9FB9-474A-9A6A-F322DED4F7CD}.Debug|Any CPU.Build.0 = Debug|Any CPU
		{F9B18052-9FB9-474A-9A6A-F322DED4F7CD}.Release|Any CPU.ActiveCfg = Release|Any CPU
		{F9B18052-9FB9-474A-9A6A-F322DED4F7CD}.Release|Any CPU.Build.0 = Release|Any CPU
		{DD5B2888-463A-4AB6-911F-EB0BEA47951A}.Debug|Any CPU.ActiveCfg = Debug|Any CPU
		{DD5B2888-463A-4AB6-911F-EB0BEA47951A}.Debug|Any CPU.Build.0 = Debug|Any CPU
		{DD5B2888-463A-4AB6-911F-EB0BEA47951A}.Release|Any CPU.ActiveCfg = Release|Any CPU
		{DD5B2888-463A-4AB6-911F-EB0BEA47951A}.Release|Any CPU.Build.0 = Release|Any CPU
		{9341070F-8A24-45FD-96FF-DC936EC9FE4C}.Debug|Any CPU.ActiveCfg = Debug|Any CPU
		{9341070F-8A24-45FD-96FF-DC936EC9FE4C}.Debug|Any CPU.Build.0 = Debug|Any CPU
		{9341070F-8A24-45FD-96FF-DC936EC9FE4C}.Release|Any CPU.ActiveCfg = Release|Any CPU
		{9341070F-8A24-45FD-96FF-DC936EC9FE4C}.Release|Any CPU.Build.0 = Release|Any CPU
	EndGlobalSection
	GlobalSection(SolutionProperties) = preSolution
		HideSolutionNode = FALSE
	EndGlobalSection
	GlobalSection(NestedProjects) = preSolution
		{9A0E9CD8-33FA-4E02-8EB6-5685CD84D727} = {B0CF3B9A-0FBE-44B7-9596-3311A0F8B416}
		{DD5B2888-463A-4AB6-911F-EB0BEA47951A} = {B0CF3B9A-0FBE-44B7-9596-3311A0F8B416}
		{BC8FAA75-A595-475E-B947-FA2D1E225B48} = {470A9936-EC08-46A3-BA00-8BDF127CC0BE}
		{F9B18052-9FB9-474A-9A6A-F322DED4F7CD} = {470A9936-EC08-46A3-BA00-8BDF127CC0BE}
		{97F37414-7633-4B76-AFA4-284E26894FB4} = {B4BC95DB-5818-4C4A-9D58-BFBA5B48EF91}
		{9341070F-8A24-45FD-96FF-DC936EC9FE4C} = {B4BC95DB-5818-4C4A-9D58-BFBA5B48EF91}
	EndGlobalSection
	GlobalSection(ExtensibilityGlobals) = postSolution
		SolutionGuid = {E4C2B201-85CD-4255-91AF-B179414B9679}
	EndGlobalSection
EndGlobal
