Microsoft Visual Studio Solution File, Format Version 12.00
Project("{9A19103F-16F7-4668-BE54-9A1E7A4F7556}") = "System.Private.CoreLib", "..\..\coreclr\System.Private.CoreLib\System.Private.CoreLib.csproj", "{3C2654C0-BEFB-4089-B2F6-A07C8A4A3624}"
EndProject
Project("{9A19103F-16F7-4668-BE54-9A1E7A4F7556}") = "TestUtilities", "..\Common\tests\TestUtilities\TestUtilities.csproj", "{71D520C0-6305-4599-B564-584C6E9FEAEC}"
EndProject
Project("{9A19103F-16F7-4668-BE54-9A1E7A4F7556}") = "System.Collections.NonGeneric", "..\System.Collections.NonGeneric\src\System.Collections.NonGeneric.csproj", "{234EE21D-3F84-4E08-97AA-5EAFB49E8FFE}"
EndProject
Project("{9A19103F-16F7-4668-BE54-9A1E7A4F7556}") = "System.Collections.Specialized", "..\System.Collections.Specialized\src\System.Collections.Specialized.csproj", "{59D5D557-8915-4E92-AB71-CFE0E4D142E2}"
EndProject
Project("{9A19103F-16F7-4668-BE54-9A1E7A4F7556}") = "System.Collections", "..\System.Collections\src\System.Collections.csproj", "{4A4AC50B-A03C-4A32-87DE-984F935B8C8C}"
EndProject
Project("{9A19103F-16F7-4668-BE54-9A1E7A4F7556}") = "System.ComponentModel.Primitives", "..\System.ComponentModel.Primitives\src\System.ComponentModel.Primitives.csproj", "{99D6E00B-F26E-4965-A59B-34E6612B8F47}"
EndProject
Project("{9A19103F-16F7-4668-BE54-9A1E7A4F7556}") = "System.Diagnostics.EventLog", "ref\System.Diagnostics.EventLog.csproj", "{635F5794-A69E-489D-9D1F-1D20D3DDE740}"
EndProject
Project("{9A19103F-16F7-4668-BE54-9A1E7A4F7556}") = "System.Diagnostics.EventLog.Messages", "src\Messages\System.Diagnostics.EventLog.Messages.csproj", "{36133446-2A06-45C8-BF7E-8CCF0165E30F}"
EndProject
Project("{9A19103F-16F7-4668-BE54-9A1E7A4F7556}") = "System.Diagnostics.EventLog", "src\System.Diagnostics.EventLog.csproj", "{5BB72C32-4B04-415E-A504-F41F2FE0E54D}"
EndProject
Project("{9A19103F-16F7-4668-BE54-9A1E7A4F7556}") = "System.Diagnostics.EventLog.Tests", "tests\System.Diagnostics.EventLog.Tests.csproj", "{DE282697-BDF2-4FC7-B34C-911F35AE47D6}"
EndProject
Project("{9A19103F-16F7-4668-BE54-9A1E7A4F7556}") = "System.Diagnostics.TraceSource", "..\System.Diagnostics.TraceSource\src\System.Diagnostics.TraceSource.csproj", "{B9C3C310-8E2A-42F7-8A54-6A65FCBE405E}"
EndProject
Project("{9A19103F-16F7-4668-BE54-9A1E7A4F7556}") = "System.Drawing.Common", "..\System.Drawing.Common\ref\System.Drawing.Common.csproj", "{EF2BA909-F545-45B6-A467-24CCB98E8370}"
EndProject
Project("{9A19103F-16F7-4668-BE54-9A1E7A4F7556}") = "System.Private.Uri", "..\System.Private.Uri\src\System.Private.Uri.csproj", "{13BD28DD-56D7-479E-90CF-00DBBCFF0E6B}"
EndProject
Project("{9A19103F-16F7-4668-BE54-9A1E7A4F7556}") = "System.Runtime.CompilerServices.Unsafe", "..\System.Runtime.CompilerServices.Unsafe\ref\System.Runtime.CompilerServices.Unsafe.csproj", "{010F66ED-FE0D-49B2-A708-0C9ADF6D08F0}"
EndProject
Project("{9A19103F-16F7-4668-BE54-9A1E7A4F7556}") = "System.Runtime.CompilerServices.Unsafe", "..\System.Runtime.CompilerServices.Unsafe\src\System.Runtime.CompilerServices.Unsafe.ilproj", "{96BF2393-E065-4F51-8CDF-2D767A39C301}"
EndProject
Project("{9A19103F-16F7-4668-BE54-9A1E7A4F7556}") = "System.Runtime.Extensions", "..\System.Runtime.Extensions\src\System.Runtime.Extensions.csproj", "{77C698D1-1303-429C-891C-F741AD883FB7}"
EndProject
Project("{9A19103F-16F7-4668-BE54-9A1E7A4F7556}") = "System.Runtime", "..\System.Runtime\src\System.Runtime.csproj", "{D45F3F64-A4C5-46A0-851A-DCC6F25181DD}"
EndProject
Project("{9A19103F-16F7-4668-BE54-9A1E7A4F7556}") = "System.Security.Permissions", "..\System.Security.Permissions\ref\System.Security.Permissions.csproj", "{673B2D1D-A19E-4866-A95B-F9F458C07581}"
EndProject
Project("{9A19103F-16F7-4668-BE54-9A1E7A4F7556}") = "System.Threading.AccessControl", "..\System.Threading.AccessControl\ref\System.Threading.AccessControl.csproj", "{0EABFA3E-0FCE-4EF7-A82B-2BA759BDAA1E}"
EndProject
Project("{9A19103F-16F7-4668-BE54-9A1E7A4F7556}") = "System.Threading.AccessControl", "..\System.Threading.AccessControl\src\System.Threading.AccessControl.csproj", "{5A65AC14-FB2F-489B-9B45-13086A65999D}"
EndProject
Project("{9A19103F-16F7-4668-BE54-9A1E7A4F7556}") = "System.Threading", "..\System.Threading\src\System.Threading.csproj", "{E26B12CB-3A8C-4CFA-AD9A-D82F2A3C6DD7}"
EndProject
Project("{9A19103F-16F7-4668-BE54-9A1E7A4F7556}") = "System.Windows.Extensions", "..\System.Windows.Extensions\ref\System.Windows.Extensions.csproj", "{6D90E38F-7633-4BB0-8D67-7397CE99B981}"
EndProject
Project("{2150E333-8FDC-42A3-9474-1A3956D46DE8}") = "ref", "ref", "{A771636D-D4D5-4739-B0C6-6EE1F2253740}"
EndProject
Project("{2150E333-8FDC-42A3-9474-1A3956D46DE8}") = "src", "src", "{70980DF4-2CA2-40AD-815C-C7927749C802}"
EndProject
Project("{2150E333-8FDC-42A3-9474-1A3956D46DE8}") = "tests", "tests", "{3A4954EF-37E5-48B1-9F7A-A177CE79308E}"
EndProject
Global
	GlobalSection(SolutionConfigurationPlatforms) = preSolution
		Debug|Any CPU = Debug|Any CPU
		Debug|x64 = Debug|x64
		Debug|x86 = Debug|x86
		Release|Any CPU = Release|Any CPU
		Release|x64 = Release|x64
		Release|x86 = Release|x86
		Checked|Any CPU = Checked|Any CPU
		Checked|x64 = Checked|x64
		Checked|x86 = Checked|x86
	EndGlobalSection
	GlobalSection(ProjectConfigurationPlatforms) = postSolution
		{635F5794-A69E-489D-9D1F-1D20D3DDE740}.Debug|Any CPU.ActiveCfg = Debug|Any CPU
		{635F5794-A69E-489D-9D1F-1D20D3DDE740}.Debug|Any CPU.Build.0 = Debug|Any CPU
		{635F5794-A69E-489D-9D1F-1D20D3DDE740}.Debug|x64.ActiveCfg = Debug|Any CPU
		{635F5794-A69E-489D-9D1F-1D20D3DDE740}.Debug|x64.Build.0 = Debug|Any CPU
		{635F5794-A69E-489D-9D1F-1D20D3DDE740}.Debug|x86.ActiveCfg = Debug|Any CPU
		{635F5794-A69E-489D-9D1F-1D20D3DDE740}.Debug|x86.Build.0 = Debug|Any CPU
		{635F5794-A69E-489D-9D1F-1D20D3DDE740}.Release|Any CPU.ActiveCfg = Release|Any CPU
		{635F5794-A69E-489D-9D1F-1D20D3DDE740}.Release|Any CPU.Build.0 = Release|Any CPU
		{635F5794-A69E-489D-9D1F-1D20D3DDE740}.Release|x64.ActiveCfg = Release|Any CPU
		{635F5794-A69E-489D-9D1F-1D20D3DDE740}.Release|x64.Build.0 = Release|Any CPU
		{635F5794-A69E-489D-9D1F-1D20D3DDE740}.Release|x86.ActiveCfg = Release|Any CPU
		{635F5794-A69E-489D-9D1F-1D20D3DDE740}.Release|x86.Build.0 = Release|Any CPU
		{635F5794-A69E-489D-9D1F-1D20D3DDE740}.Checked|Any CPU.ActiveCfg = Debug|Any CPU
		{635F5794-A69E-489D-9D1F-1D20D3DDE740}.Checked|Any CPU.Build.0 = Debug|Any CPU
		{635F5794-A69E-489D-9D1F-1D20D3DDE740}.Checked|x64.ActiveCfg = Debug|Any CPU
		{635F5794-A69E-489D-9D1F-1D20D3DDE740}.Checked|x64.Build.0 = Debug|Any CPU
		{635F5794-A69E-489D-9D1F-1D20D3DDE740}.Checked|x86.ActiveCfg = Debug|Any CPU
		{635F5794-A69E-489D-9D1F-1D20D3DDE740}.Checked|x86.Build.0 = Debug|Any CPU
		{5BB72C32-4B04-415E-A504-F41F2FE0E54D}.Debug|Any CPU.ActiveCfg = Debug|Any CPU
		{5BB72C32-4B04-415E-A504-F41F2FE0E54D}.Debug|Any CPU.Build.0 = Debug|Any CPU
		{5BB72C32-4B04-415E-A504-F41F2FE0E54D}.Debug|x64.ActiveCfg = Debug|Any CPU
		{5BB72C32-4B04-415E-A504-F41F2FE0E54D}.Debug|x64.Build.0 = Debug|Any CPU
		{5BB72C32-4B04-415E-A504-F41F2FE0E54D}.Debug|x86.ActiveCfg = Debug|Any CPU
		{5BB72C32-4B04-415E-A504-F41F2FE0E54D}.Debug|x86.Build.0 = Debug|Any CPU
		{5BB72C32-4B04-415E-A504-F41F2FE0E54D}.Release|Any CPU.ActiveCfg = Release|Any CPU
		{5BB72C32-4B04-415E-A504-F41F2FE0E54D}.Release|Any CPU.Build.0 = Release|Any CPU
		{5BB72C32-4B04-415E-A504-F41F2FE0E54D}.Release|x64.ActiveCfg = Release|Any CPU
		{5BB72C32-4B04-415E-A504-F41F2FE0E54D}.Release|x64.Build.0 = Release|Any CPU
		{5BB72C32-4B04-415E-A504-F41F2FE0E54D}.Release|x86.ActiveCfg = Release|Any CPU
		{5BB72C32-4B04-415E-A504-F41F2FE0E54D}.Release|x86.Build.0 = Release|Any CPU
		{5BB72C32-4B04-415E-A504-F41F2FE0E54D}.Checked|Any CPU.ActiveCfg = Debug|Any CPU
		{5BB72C32-4B04-415E-A504-F41F2FE0E54D}.Checked|Any CPU.Build.0 = Debug|Any CPU
		{5BB72C32-4B04-415E-A504-F41F2FE0E54D}.Checked|x64.ActiveCfg = Debug|Any CPU
		{5BB72C32-4B04-415E-A504-F41F2FE0E54D}.Checked|x64.Build.0 = Debug|Any CPU
		{5BB72C32-4B04-415E-A504-F41F2FE0E54D}.Checked|x86.ActiveCfg = Debug|Any CPU
		{5BB72C32-4B04-415E-A504-F41F2FE0E54D}.Checked|x86.Build.0 = Debug|Any CPU
		{DE282697-BDF2-4FC7-B34C-911F35AE47D6}.Debug|Any CPU.ActiveCfg = Debug|Any CPU
		{DE282697-BDF2-4FC7-B34C-911F35AE47D6}.Debug|Any CPU.Build.0 = Debug|Any CPU
		{DE282697-BDF2-4FC7-B34C-911F35AE47D6}.Debug|x64.ActiveCfg = Debug|Any CPU
		{DE282697-BDF2-4FC7-B34C-911F35AE47D6}.Debug|x64.Build.0 = Debug|Any CPU
		{DE282697-BDF2-4FC7-B34C-911F35AE47D6}.Debug|x86.ActiveCfg = Debug|Any CPU
		{DE282697-BDF2-4FC7-B34C-911F35AE47D6}.Debug|x86.Build.0 = Debug|Any CPU
		{DE282697-BDF2-4FC7-B34C-911F35AE47D6}.Release|Any CPU.ActiveCfg = Release|Any CPU
		{DE282697-BDF2-4FC7-B34C-911F35AE47D6}.Release|Any CPU.Build.0 = Release|Any CPU
		{DE282697-BDF2-4FC7-B34C-911F35AE47D6}.Release|x64.ActiveCfg = Release|Any CPU
		{DE282697-BDF2-4FC7-B34C-911F35AE47D6}.Release|x64.Build.0 = Release|Any CPU
		{DE282697-BDF2-4FC7-B34C-911F35AE47D6}.Release|x86.ActiveCfg = Release|Any CPU
		{DE282697-BDF2-4FC7-B34C-911F35AE47D6}.Release|x86.Build.0 = Release|Any CPU
		{DE282697-BDF2-4FC7-B34C-911F35AE47D6}.Checked|Any CPU.ActiveCfg = Debug|Any CPU
		{DE282697-BDF2-4FC7-B34C-911F35AE47D6}.Checked|Any CPU.Build.0 = Debug|Any CPU
		{DE282697-BDF2-4FC7-B34C-911F35AE47D6}.Checked|x64.ActiveCfg = Debug|Any CPU
		{DE282697-BDF2-4FC7-B34C-911F35AE47D6}.Checked|x64.Build.0 = Debug|Any CPU
		{DE282697-BDF2-4FC7-B34C-911F35AE47D6}.Checked|x86.ActiveCfg = Debug|Any CPU
		{DE282697-BDF2-4FC7-B34C-911F35AE47D6}.Checked|x86.Build.0 = Debug|Any CPU
		{673B2D1D-A19E-4866-A95B-F9F458C07581}.Debug|Any CPU.ActiveCfg = Debug|Any CPU
		{673B2D1D-A19E-4866-A95B-F9F458C07581}.Debug|Any CPU.Build.0 = Debug|Any CPU
		{673B2D1D-A19E-4866-A95B-F9F458C07581}.Debug|x64.ActiveCfg = Debug|Any CPU
		{673B2D1D-A19E-4866-A95B-F9F458C07581}.Debug|x64.Build.0 = Debug|Any CPU
		{673B2D1D-A19E-4866-A95B-F9F458C07581}.Debug|x86.ActiveCfg = Debug|Any CPU
		{673B2D1D-A19E-4866-A95B-F9F458C07581}.Debug|x86.Build.0 = Debug|Any CPU
		{673B2D1D-A19E-4866-A95B-F9F458C07581}.Release|Any CPU.ActiveCfg = Release|Any CPU
		{673B2D1D-A19E-4866-A95B-F9F458C07581}.Release|Any CPU.Build.0 = Release|Any CPU
		{673B2D1D-A19E-4866-A95B-F9F458C07581}.Release|x64.ActiveCfg = Release|Any CPU
		{673B2D1D-A19E-4866-A95B-F9F458C07581}.Release|x64.Build.0 = Release|Any CPU
		{673B2D1D-A19E-4866-A95B-F9F458C07581}.Release|x86.ActiveCfg = Release|Any CPU
		{673B2D1D-A19E-4866-A95B-F9F458C07581}.Release|x86.Build.0 = Release|Any CPU
		{673B2D1D-A19E-4866-A95B-F9F458C07581}.Checked|Any CPU.ActiveCfg = Debug|Any CPU
		{673B2D1D-A19E-4866-A95B-F9F458C07581}.Checked|Any CPU.Build.0 = Debug|Any CPU
		{673B2D1D-A19E-4866-A95B-F9F458C07581}.Checked|x64.ActiveCfg = Debug|Any CPU
		{673B2D1D-A19E-4866-A95B-F9F458C07581}.Checked|x64.Build.0 = Debug|Any CPU
		{673B2D1D-A19E-4866-A95B-F9F458C07581}.Checked|x86.ActiveCfg = Debug|Any CPU
		{673B2D1D-A19E-4866-A95B-F9F458C07581}.Checked|x86.Build.0 = Debug|Any CPU
		{B9C3C310-8E2A-42F7-8A54-6A65FCBE405E}.Debug|Any CPU.ActiveCfg = Debug|Any CPU
		{B9C3C310-8E2A-42F7-8A54-6A65FCBE405E}.Debug|Any CPU.Build.0 = Debug|Any CPU
		{B9C3C310-8E2A-42F7-8A54-6A65FCBE405E}.Debug|x64.ActiveCfg = Debug|Any CPU
		{B9C3C310-8E2A-42F7-8A54-6A65FCBE405E}.Debug|x64.Build.0 = Debug|Any CPU
		{B9C3C310-8E2A-42F7-8A54-6A65FCBE405E}.Debug|x86.ActiveCfg = Debug|Any CPU
		{B9C3C310-8E2A-42F7-8A54-6A65FCBE405E}.Debug|x86.Build.0 = Debug|Any CPU
		{B9C3C310-8E2A-42F7-8A54-6A65FCBE405E}.Release|Any CPU.ActiveCfg = Release|Any CPU
		{B9C3C310-8E2A-42F7-8A54-6A65FCBE405E}.Release|Any CPU.Build.0 = Release|Any CPU
		{B9C3C310-8E2A-42F7-8A54-6A65FCBE405E}.Release|x64.ActiveCfg = Release|Any CPU
		{B9C3C310-8E2A-42F7-8A54-6A65FCBE405E}.Release|x64.Build.0 = Release|Any CPU
		{B9C3C310-8E2A-42F7-8A54-6A65FCBE405E}.Release|x86.ActiveCfg = Release|Any CPU
		{B9C3C310-8E2A-42F7-8A54-6A65FCBE405E}.Release|x86.Build.0 = Release|Any CPU
		{B9C3C310-8E2A-42F7-8A54-6A65FCBE405E}.Checked|Any CPU.ActiveCfg = Debug|Any CPU
		{B9C3C310-8E2A-42F7-8A54-6A65FCBE405E}.Checked|Any CPU.Build.0 = Debug|Any CPU
		{B9C3C310-8E2A-42F7-8A54-6A65FCBE405E}.Checked|x64.ActiveCfg = Debug|Any CPU
		{B9C3C310-8E2A-42F7-8A54-6A65FCBE405E}.Checked|x64.Build.0 = Debug|Any CPU
		{B9C3C310-8E2A-42F7-8A54-6A65FCBE405E}.Checked|x86.ActiveCfg = Debug|Any CPU
		{B9C3C310-8E2A-42F7-8A54-6A65FCBE405E}.Checked|x86.Build.0 = Debug|Any CPU
		{5A65AC14-FB2F-489B-9B45-13086A65999D}.Debug|Any CPU.ActiveCfg = Debug|Any CPU
		{5A65AC14-FB2F-489B-9B45-13086A65999D}.Debug|Any CPU.Build.0 = Debug|Any CPU
		{5A65AC14-FB2F-489B-9B45-13086A65999D}.Debug|x64.ActiveCfg = Debug|Any CPU
		{5A65AC14-FB2F-489B-9B45-13086A65999D}.Debug|x64.Build.0 = Debug|Any CPU
		{5A65AC14-FB2F-489B-9B45-13086A65999D}.Debug|x86.ActiveCfg = Debug|Any CPU
		{5A65AC14-FB2F-489B-9B45-13086A65999D}.Debug|x86.Build.0 = Debug|Any CPU
		{5A65AC14-FB2F-489B-9B45-13086A65999D}.Release|Any CPU.ActiveCfg = Release|Any CPU
		{5A65AC14-FB2F-489B-9B45-13086A65999D}.Release|Any CPU.Build.0 = Release|Any CPU
		{5A65AC14-FB2F-489B-9B45-13086A65999D}.Release|x64.ActiveCfg = Release|Any CPU
		{5A65AC14-FB2F-489B-9B45-13086A65999D}.Release|x64.Build.0 = Release|Any CPU
		{5A65AC14-FB2F-489B-9B45-13086A65999D}.Release|x86.ActiveCfg = Release|Any CPU
		{5A65AC14-FB2F-489B-9B45-13086A65999D}.Release|x86.Build.0 = Release|Any CPU
		{5A65AC14-FB2F-489B-9B45-13086A65999D}.Checked|Any CPU.ActiveCfg = Debug|Any CPU
		{5A65AC14-FB2F-489B-9B45-13086A65999D}.Checked|Any CPU.Build.0 = Debug|Any CPU
		{5A65AC14-FB2F-489B-9B45-13086A65999D}.Checked|x64.ActiveCfg = Debug|Any CPU
		{5A65AC14-FB2F-489B-9B45-13086A65999D}.Checked|x64.Build.0 = Debug|Any CPU
		{5A65AC14-FB2F-489B-9B45-13086A65999D}.Checked|x86.ActiveCfg = Debug|Any CPU
		{5A65AC14-FB2F-489B-9B45-13086A65999D}.Checked|x86.Build.0 = Debug|Any CPU
		{36133446-2A06-45C8-BF7E-8CCF0165E30F}.Debug|Any CPU.ActiveCfg = Debug|Any CPU
		{36133446-2A06-45C8-BF7E-8CCF0165E30F}.Debug|Any CPU.Build.0 = Debug|Any CPU
		{36133446-2A06-45C8-BF7E-8CCF0165E30F}.Debug|x64.ActiveCfg = Debug|Any CPU
		{36133446-2A06-45C8-BF7E-8CCF0165E30F}.Debug|x64.Build.0 = Debug|Any CPU
		{36133446-2A06-45C8-BF7E-8CCF0165E30F}.Debug|x86.ActiveCfg = Debug|Any CPU
		{36133446-2A06-45C8-BF7E-8CCF0165E30F}.Debug|x86.Build.0 = Debug|Any CPU
		{36133446-2A06-45C8-BF7E-8CCF0165E30F}.Release|Any CPU.ActiveCfg = Release|Any CPU
		{36133446-2A06-45C8-BF7E-8CCF0165E30F}.Release|Any CPU.Build.0 = Release|Any CPU
		{36133446-2A06-45C8-BF7E-8CCF0165E30F}.Release|x64.ActiveCfg = Release|Any CPU
		{36133446-2A06-45C8-BF7E-8CCF0165E30F}.Release|x64.Build.0 = Release|Any CPU
		{36133446-2A06-45C8-BF7E-8CCF0165E30F}.Release|x86.ActiveCfg = Release|Any CPU
		{36133446-2A06-45C8-BF7E-8CCF0165E30F}.Release|x86.Build.0 = Release|Any CPU
		{36133446-2A06-45C8-BF7E-8CCF0165E30F}.Checked|Any CPU.ActiveCfg = Debug|Any CPU
		{36133446-2A06-45C8-BF7E-8CCF0165E30F}.Checked|Any CPU.Build.0 = Debug|Any CPU
		{36133446-2A06-45C8-BF7E-8CCF0165E30F}.Checked|x64.ActiveCfg = Debug|Any CPU
		{36133446-2A06-45C8-BF7E-8CCF0165E30F}.Checked|x64.Build.0 = Debug|Any CPU
		{36133446-2A06-45C8-BF7E-8CCF0165E30F}.Checked|x86.ActiveCfg = Debug|Any CPU
		{36133446-2A06-45C8-BF7E-8CCF0165E30F}.Checked|x86.Build.0 = Debug|Any CPU
		{71D520C0-6305-4599-B564-584C6E9FEAEC}.Debug|Any CPU.ActiveCfg = Debug|Any CPU
		{71D520C0-6305-4599-B564-584C6E9FEAEC}.Debug|Any CPU.Build.0 = Debug|Any CPU
		{71D520C0-6305-4599-B564-584C6E9FEAEC}.Debug|x64.ActiveCfg = Debug|Any CPU
		{71D520C0-6305-4599-B564-584C6E9FEAEC}.Debug|x64.Build.0 = Debug|Any CPU
		{71D520C0-6305-4599-B564-584C6E9FEAEC}.Debug|x86.ActiveCfg = Debug|Any CPU
		{71D520C0-6305-4599-B564-584C6E9FEAEC}.Debug|x86.Build.0 = Debug|Any CPU
		{71D520C0-6305-4599-B564-584C6E9FEAEC}.Release|Any CPU.ActiveCfg = Release|Any CPU
		{71D520C0-6305-4599-B564-584C6E9FEAEC}.Release|Any CPU.Build.0 = Release|Any CPU
		{71D520C0-6305-4599-B564-584C6E9FEAEC}.Release|x64.ActiveCfg = Release|Any CPU
		{71D520C0-6305-4599-B564-584C6E9FEAEC}.Release|x64.Build.0 = Release|Any CPU
		{71D520C0-6305-4599-B564-584C6E9FEAEC}.Release|x86.ActiveCfg = Release|Any CPU
		{71D520C0-6305-4599-B564-584C6E9FEAEC}.Release|x86.Build.0 = Release|Any CPU
		{71D520C0-6305-4599-B564-584C6E9FEAEC}.Checked|Any CPU.ActiveCfg = Debug|Any CPU
		{71D520C0-6305-4599-B564-584C6E9FEAEC}.Checked|Any CPU.Build.0 = Debug|Any CPU
		{71D520C0-6305-4599-B564-584C6E9FEAEC}.Checked|x64.ActiveCfg = Debug|Any CPU
		{71D520C0-6305-4599-B564-584C6E9FEAEC}.Checked|x64.Build.0 = Debug|Any CPU
		{71D520C0-6305-4599-B564-584C6E9FEAEC}.Checked|x86.ActiveCfg = Debug|Any CPU
		{71D520C0-6305-4599-B564-584C6E9FEAEC}.Checked|x86.Build.0 = Debug|Any CPU
		{6D90E38F-7633-4BB0-8D67-7397CE99B981}.Debug|Any CPU.ActiveCfg = Debug|Any CPU
		{6D90E38F-7633-4BB0-8D67-7397CE99B981}.Debug|Any CPU.Build.0 = Debug|Any CPU
		{6D90E38F-7633-4BB0-8D67-7397CE99B981}.Debug|x64.ActiveCfg = Debug|Any CPU
		{6D90E38F-7633-4BB0-8D67-7397CE99B981}.Debug|x64.Build.0 = Debug|Any CPU
		{6D90E38F-7633-4BB0-8D67-7397CE99B981}.Debug|x86.ActiveCfg = Debug|Any CPU
		{6D90E38F-7633-4BB0-8D67-7397CE99B981}.Debug|x86.Build.0 = Debug|Any CPU
		{6D90E38F-7633-4BB0-8D67-7397CE99B981}.Release|Any CPU.ActiveCfg = Release|Any CPU
		{6D90E38F-7633-4BB0-8D67-7397CE99B981}.Release|Any CPU.Build.0 = Release|Any CPU
		{6D90E38F-7633-4BB0-8D67-7397CE99B981}.Release|x64.ActiveCfg = Release|Any CPU
		{6D90E38F-7633-4BB0-8D67-7397CE99B981}.Release|x64.Build.0 = Release|Any CPU
		{6D90E38F-7633-4BB0-8D67-7397CE99B981}.Release|x86.ActiveCfg = Release|Any CPU
		{6D90E38F-7633-4BB0-8D67-7397CE99B981}.Release|x86.Build.0 = Release|Any CPU
		{6D90E38F-7633-4BB0-8D67-7397CE99B981}.Checked|Any CPU.ActiveCfg = Debug|Any CPU
		{6D90E38F-7633-4BB0-8D67-7397CE99B981}.Checked|Any CPU.Build.0 = Debug|Any CPU
		{6D90E38F-7633-4BB0-8D67-7397CE99B981}.Checked|x64.ActiveCfg = Debug|Any CPU
		{6D90E38F-7633-4BB0-8D67-7397CE99B981}.Checked|x64.Build.0 = Debug|Any CPU
		{6D90E38F-7633-4BB0-8D67-7397CE99B981}.Checked|x86.ActiveCfg = Debug|Any CPU
		{6D90E38F-7633-4BB0-8D67-7397CE99B981}.Checked|x86.Build.0 = Debug|Any CPU
		{0EABFA3E-0FCE-4EF7-A82B-2BA759BDAA1E}.Debug|Any CPU.ActiveCfg = Debug|Any CPU
		{0EABFA3E-0FCE-4EF7-A82B-2BA759BDAA1E}.Debug|Any CPU.Build.0 = Debug|Any CPU
		{0EABFA3E-0FCE-4EF7-A82B-2BA759BDAA1E}.Debug|x64.ActiveCfg = Debug|Any CPU
		{0EABFA3E-0FCE-4EF7-A82B-2BA759BDAA1E}.Debug|x64.Build.0 = Debug|Any CPU
		{0EABFA3E-0FCE-4EF7-A82B-2BA759BDAA1E}.Debug|x86.ActiveCfg = Debug|Any CPU
		{0EABFA3E-0FCE-4EF7-A82B-2BA759BDAA1E}.Debug|x86.Build.0 = Debug|Any CPU
		{0EABFA3E-0FCE-4EF7-A82B-2BA759BDAA1E}.Release|Any CPU.ActiveCfg = Release|Any CPU
		{0EABFA3E-0FCE-4EF7-A82B-2BA759BDAA1E}.Release|Any CPU.Build.0 = Release|Any CPU
		{0EABFA3E-0FCE-4EF7-A82B-2BA759BDAA1E}.Release|x64.ActiveCfg = Release|Any CPU
		{0EABFA3E-0FCE-4EF7-A82B-2BA759BDAA1E}.Release|x64.Build.0 = Release|Any CPU
		{0EABFA3E-0FCE-4EF7-A82B-2BA759BDAA1E}.Release|x86.ActiveCfg = Release|Any CPU
		{0EABFA3E-0FCE-4EF7-A82B-2BA759BDAA1E}.Release|x86.Build.0 = Release|Any CPU
		{0EABFA3E-0FCE-4EF7-A82B-2BA759BDAA1E}.Checked|Any CPU.ActiveCfg = Debug|Any CPU
		{0EABFA3E-0FCE-4EF7-A82B-2BA759BDAA1E}.Checked|Any CPU.Build.0 = Debug|Any CPU
		{0EABFA3E-0FCE-4EF7-A82B-2BA759BDAA1E}.Checked|x64.ActiveCfg = Debug|Any CPU
		{0EABFA3E-0FCE-4EF7-A82B-2BA759BDAA1E}.Checked|x64.Build.0 = Debug|Any CPU
		{0EABFA3E-0FCE-4EF7-A82B-2BA759BDAA1E}.Checked|x86.ActiveCfg = Debug|Any CPU
		{0EABFA3E-0FCE-4EF7-A82B-2BA759BDAA1E}.Checked|x86.Build.0 = Debug|Any CPU
		{4A4AC50B-A03C-4A32-87DE-984F935B8C8C}.Debug|Any CPU.ActiveCfg = Debug|Any CPU
		{4A4AC50B-A03C-4A32-87DE-984F935B8C8C}.Debug|Any CPU.Build.0 = Debug|Any CPU
		{4A4AC50B-A03C-4A32-87DE-984F935B8C8C}.Debug|x64.ActiveCfg = Debug|Any CPU
		{4A4AC50B-A03C-4A32-87DE-984F935B8C8C}.Debug|x64.Build.0 = Debug|Any CPU
		{4A4AC50B-A03C-4A32-87DE-984F935B8C8C}.Debug|x86.ActiveCfg = Debug|Any CPU
		{4A4AC50B-A03C-4A32-87DE-984F935B8C8C}.Debug|x86.Build.0 = Debug|Any CPU
		{4A4AC50B-A03C-4A32-87DE-984F935B8C8C}.Release|Any CPU.ActiveCfg = Release|Any CPU
		{4A4AC50B-A03C-4A32-87DE-984F935B8C8C}.Release|Any CPU.Build.0 = Release|Any CPU
		{4A4AC50B-A03C-4A32-87DE-984F935B8C8C}.Release|x64.ActiveCfg = Release|Any CPU
		{4A4AC50B-A03C-4A32-87DE-984F935B8C8C}.Release|x64.Build.0 = Release|Any CPU
		{4A4AC50B-A03C-4A32-87DE-984F935B8C8C}.Release|x86.ActiveCfg = Release|Any CPU
		{4A4AC50B-A03C-4A32-87DE-984F935B8C8C}.Release|x86.Build.0 = Release|Any CPU
		{4A4AC50B-A03C-4A32-87DE-984F935B8C8C}.Checked|Any CPU.ActiveCfg = Debug|Any CPU
		{4A4AC50B-A03C-4A32-87DE-984F935B8C8C}.Checked|Any CPU.Build.0 = Debug|Any CPU
		{4A4AC50B-A03C-4A32-87DE-984F935B8C8C}.Checked|x64.ActiveCfg = Debug|Any CPU
		{4A4AC50B-A03C-4A32-87DE-984F935B8C8C}.Checked|x64.Build.0 = Debug|Any CPU
		{4A4AC50B-A03C-4A32-87DE-984F935B8C8C}.Checked|x86.ActiveCfg = Debug|Any CPU
		{4A4AC50B-A03C-4A32-87DE-984F935B8C8C}.Checked|x86.Build.0 = Debug|Any CPU
		{234EE21D-3F84-4E08-97AA-5EAFB49E8FFE}.Debug|Any CPU.ActiveCfg = Debug|Any CPU
		{234EE21D-3F84-4E08-97AA-5EAFB49E8FFE}.Debug|Any CPU.Build.0 = Debug|Any CPU
		{234EE21D-3F84-4E08-97AA-5EAFB49E8FFE}.Debug|x64.ActiveCfg = Debug|Any CPU
		{234EE21D-3F84-4E08-97AA-5EAFB49E8FFE}.Debug|x64.Build.0 = Debug|Any CPU
		{234EE21D-3F84-4E08-97AA-5EAFB49E8FFE}.Debug|x86.ActiveCfg = Debug|Any CPU
		{234EE21D-3F84-4E08-97AA-5EAFB49E8FFE}.Debug|x86.Build.0 = Debug|Any CPU
		{234EE21D-3F84-4E08-97AA-5EAFB49E8FFE}.Release|Any CPU.ActiveCfg = Release|Any CPU
		{234EE21D-3F84-4E08-97AA-5EAFB49E8FFE}.Release|Any CPU.Build.0 = Release|Any CPU
		{234EE21D-3F84-4E08-97AA-5EAFB49E8FFE}.Release|x64.ActiveCfg = Release|Any CPU
		{234EE21D-3F84-4E08-97AA-5EAFB49E8FFE}.Release|x64.Build.0 = Release|Any CPU
		{234EE21D-3F84-4E08-97AA-5EAFB49E8FFE}.Release|x86.ActiveCfg = Release|Any CPU
		{234EE21D-3F84-4E08-97AA-5EAFB49E8FFE}.Release|x86.Build.0 = Release|Any CPU
		{234EE21D-3F84-4E08-97AA-5EAFB49E8FFE}.Checked|Any CPU.ActiveCfg = Debug|Any CPU
		{234EE21D-3F84-4E08-97AA-5EAFB49E8FFE}.Checked|Any CPU.Build.0 = Debug|Any CPU
		{234EE21D-3F84-4E08-97AA-5EAFB49E8FFE}.Checked|x64.ActiveCfg = Debug|Any CPU
		{234EE21D-3F84-4E08-97AA-5EAFB49E8FFE}.Checked|x64.Build.0 = Debug|Any CPU
		{234EE21D-3F84-4E08-97AA-5EAFB49E8FFE}.Checked|x86.ActiveCfg = Debug|Any CPU
		{234EE21D-3F84-4E08-97AA-5EAFB49E8FFE}.Checked|x86.Build.0 = Debug|Any CPU
		{59D5D557-8915-4E92-AB71-CFE0E4D142E2}.Debug|Any CPU.ActiveCfg = Debug|Any CPU
		{59D5D557-8915-4E92-AB71-CFE0E4D142E2}.Debug|Any CPU.Build.0 = Debug|Any CPU
		{59D5D557-8915-4E92-AB71-CFE0E4D142E2}.Debug|x64.ActiveCfg = Debug|Any CPU
		{59D5D557-8915-4E92-AB71-CFE0E4D142E2}.Debug|x64.Build.0 = Debug|Any CPU
		{59D5D557-8915-4E92-AB71-CFE0E4D142E2}.Debug|x86.ActiveCfg = Debug|Any CPU
		{59D5D557-8915-4E92-AB71-CFE0E4D142E2}.Debug|x86.Build.0 = Debug|Any CPU
		{59D5D557-8915-4E92-AB71-CFE0E4D142E2}.Release|Any CPU.ActiveCfg = Release|Any CPU
		{59D5D557-8915-4E92-AB71-CFE0E4D142E2}.Release|Any CPU.Build.0 = Release|Any CPU
		{59D5D557-8915-4E92-AB71-CFE0E4D142E2}.Release|x64.ActiveCfg = Release|Any CPU
		{59D5D557-8915-4E92-AB71-CFE0E4D142E2}.Release|x64.Build.0 = Release|Any CPU
		{59D5D557-8915-4E92-AB71-CFE0E4D142E2}.Release|x86.ActiveCfg = Release|Any CPU
		{59D5D557-8915-4E92-AB71-CFE0E4D142E2}.Release|x86.Build.0 = Release|Any CPU
		{59D5D557-8915-4E92-AB71-CFE0E4D142E2}.Checked|Any CPU.ActiveCfg = Debug|Any CPU
		{59D5D557-8915-4E92-AB71-CFE0E4D142E2}.Checked|Any CPU.Build.0 = Debug|Any CPU
		{59D5D557-8915-4E92-AB71-CFE0E4D142E2}.Checked|x64.ActiveCfg = Debug|Any CPU
		{59D5D557-8915-4E92-AB71-CFE0E4D142E2}.Checked|x64.Build.0 = Debug|Any CPU
		{59D5D557-8915-4E92-AB71-CFE0E4D142E2}.Checked|x86.ActiveCfg = Debug|Any CPU
		{59D5D557-8915-4E92-AB71-CFE0E4D142E2}.Checked|x86.Build.0 = Debug|Any CPU
		{99D6E00B-F26E-4965-A59B-34E6612B8F47}.Debug|Any CPU.ActiveCfg = Debug|Any CPU
		{99D6E00B-F26E-4965-A59B-34E6612B8F47}.Debug|Any CPU.Build.0 = Debug|Any CPU
		{99D6E00B-F26E-4965-A59B-34E6612B8F47}.Debug|x64.ActiveCfg = Debug|Any CPU
		{99D6E00B-F26E-4965-A59B-34E6612B8F47}.Debug|x64.Build.0 = Debug|Any CPU
		{99D6E00B-F26E-4965-A59B-34E6612B8F47}.Debug|x86.ActiveCfg = Debug|Any CPU
		{99D6E00B-F26E-4965-A59B-34E6612B8F47}.Debug|x86.Build.0 = Debug|Any CPU
		{99D6E00B-F26E-4965-A59B-34E6612B8F47}.Release|Any CPU.ActiveCfg = Release|Any CPU
		{99D6E00B-F26E-4965-A59B-34E6612B8F47}.Release|Any CPU.Build.0 = Release|Any CPU
		{99D6E00B-F26E-4965-A59B-34E6612B8F47}.Release|x64.ActiveCfg = Release|Any CPU
		{99D6E00B-F26E-4965-A59B-34E6612B8F47}.Release|x64.Build.0 = Release|Any CPU
		{99D6E00B-F26E-4965-A59B-34E6612B8F47}.Release|x86.ActiveCfg = Release|Any CPU
		{99D6E00B-F26E-4965-A59B-34E6612B8F47}.Release|x86.Build.0 = Release|Any CPU
		{99D6E00B-F26E-4965-A59B-34E6612B8F47}.Checked|Any CPU.ActiveCfg = Debug|Any CPU
		{99D6E00B-F26E-4965-A59B-34E6612B8F47}.Checked|Any CPU.Build.0 = Debug|Any CPU
		{99D6E00B-F26E-4965-A59B-34E6612B8F47}.Checked|x64.ActiveCfg = Debug|Any CPU
		{99D6E00B-F26E-4965-A59B-34E6612B8F47}.Checked|x64.Build.0 = Debug|Any CPU
		{99D6E00B-F26E-4965-A59B-34E6612B8F47}.Checked|x86.ActiveCfg = Debug|Any CPU
		{99D6E00B-F26E-4965-A59B-34E6612B8F47}.Checked|x86.Build.0 = Debug|Any CPU
		{D45F3F64-A4C5-46A0-851A-DCC6F25181DD}.Debug|Any CPU.ActiveCfg = Debug|Any CPU
		{D45F3F64-A4C5-46A0-851A-DCC6F25181DD}.Debug|Any CPU.Build.0 = Debug|Any CPU
		{D45F3F64-A4C5-46A0-851A-DCC6F25181DD}.Debug|x64.ActiveCfg = Debug|Any CPU
		{D45F3F64-A4C5-46A0-851A-DCC6F25181DD}.Debug|x64.Build.0 = Debug|Any CPU
		{D45F3F64-A4C5-46A0-851A-DCC6F25181DD}.Debug|x86.ActiveCfg = Debug|Any CPU
		{D45F3F64-A4C5-46A0-851A-DCC6F25181DD}.Debug|x86.Build.0 = Debug|Any CPU
		{D45F3F64-A4C5-46A0-851A-DCC6F25181DD}.Release|Any CPU.ActiveCfg = Release|Any CPU
		{D45F3F64-A4C5-46A0-851A-DCC6F25181DD}.Release|Any CPU.Build.0 = Release|Any CPU
		{D45F3F64-A4C5-46A0-851A-DCC6F25181DD}.Release|x64.ActiveCfg = Release|Any CPU
		{D45F3F64-A4C5-46A0-851A-DCC6F25181DD}.Release|x64.Build.0 = Release|Any CPU
		{D45F3F64-A4C5-46A0-851A-DCC6F25181DD}.Release|x86.ActiveCfg = Release|Any CPU
		{D45F3F64-A4C5-46A0-851A-DCC6F25181DD}.Release|x86.Build.0 = Release|Any CPU
		{D45F3F64-A4C5-46A0-851A-DCC6F25181DD}.Checked|Any CPU.ActiveCfg = Debug|Any CPU
		{D45F3F64-A4C5-46A0-851A-DCC6F25181DD}.Checked|Any CPU.Build.0 = Debug|Any CPU
		{D45F3F64-A4C5-46A0-851A-DCC6F25181DD}.Checked|x64.ActiveCfg = Debug|Any CPU
		{D45F3F64-A4C5-46A0-851A-DCC6F25181DD}.Checked|x64.Build.0 = Debug|Any CPU
		{D45F3F64-A4C5-46A0-851A-DCC6F25181DD}.Checked|x86.ActiveCfg = Debug|Any CPU
		{D45F3F64-A4C5-46A0-851A-DCC6F25181DD}.Checked|x86.Build.0 = Debug|Any CPU
		{77C698D1-1303-429C-891C-F741AD883FB7}.Debug|Any CPU.ActiveCfg = Debug|Any CPU
		{77C698D1-1303-429C-891C-F741AD883FB7}.Debug|Any CPU.Build.0 = Debug|Any CPU
		{77C698D1-1303-429C-891C-F741AD883FB7}.Debug|x64.ActiveCfg = Debug|Any CPU
		{77C698D1-1303-429C-891C-F741AD883FB7}.Debug|x64.Build.0 = Debug|Any CPU
		{77C698D1-1303-429C-891C-F741AD883FB7}.Debug|x86.ActiveCfg = Debug|Any CPU
		{77C698D1-1303-429C-891C-F741AD883FB7}.Debug|x86.Build.0 = Debug|Any CPU
		{77C698D1-1303-429C-891C-F741AD883FB7}.Release|Any CPU.ActiveCfg = Release|Any CPU
		{77C698D1-1303-429C-891C-F741AD883FB7}.Release|Any CPU.Build.0 = Release|Any CPU
		{77C698D1-1303-429C-891C-F741AD883FB7}.Release|x64.ActiveCfg = Release|Any CPU
		{77C698D1-1303-429C-891C-F741AD883FB7}.Release|x64.Build.0 = Release|Any CPU
		{77C698D1-1303-429C-891C-F741AD883FB7}.Release|x86.ActiveCfg = Release|Any CPU
		{77C698D1-1303-429C-891C-F741AD883FB7}.Release|x86.Build.0 = Release|Any CPU
		{77C698D1-1303-429C-891C-F741AD883FB7}.Checked|Any CPU.ActiveCfg = Debug|Any CPU
		{77C698D1-1303-429C-891C-F741AD883FB7}.Checked|Any CPU.Build.0 = Debug|Any CPU
		{77C698D1-1303-429C-891C-F741AD883FB7}.Checked|x64.ActiveCfg = Debug|Any CPU
		{77C698D1-1303-429C-891C-F741AD883FB7}.Checked|x64.Build.0 = Debug|Any CPU
		{77C698D1-1303-429C-891C-F741AD883FB7}.Checked|x86.ActiveCfg = Debug|Any CPU
		{77C698D1-1303-429C-891C-F741AD883FB7}.Checked|x86.Build.0 = Debug|Any CPU
		{E26B12CB-3A8C-4CFA-AD9A-D82F2A3C6DD7}.Debug|Any CPU.ActiveCfg = Debug|Any CPU
		{E26B12CB-3A8C-4CFA-AD9A-D82F2A3C6DD7}.Debug|Any CPU.Build.0 = Debug|Any CPU
		{E26B12CB-3A8C-4CFA-AD9A-D82F2A3C6DD7}.Debug|x64.ActiveCfg = Debug|Any CPU
		{E26B12CB-3A8C-4CFA-AD9A-D82F2A3C6DD7}.Debug|x64.Build.0 = Debug|Any CPU
		{E26B12CB-3A8C-4CFA-AD9A-D82F2A3C6DD7}.Debug|x86.ActiveCfg = Debug|Any CPU
		{E26B12CB-3A8C-4CFA-AD9A-D82F2A3C6DD7}.Debug|x86.Build.0 = Debug|Any CPU
		{E26B12CB-3A8C-4CFA-AD9A-D82F2A3C6DD7}.Release|Any CPU.ActiveCfg = Release|Any CPU
		{E26B12CB-3A8C-4CFA-AD9A-D82F2A3C6DD7}.Release|Any CPU.Build.0 = Release|Any CPU
		{E26B12CB-3A8C-4CFA-AD9A-D82F2A3C6DD7}.Release|x64.ActiveCfg = Release|Any CPU
		{E26B12CB-3A8C-4CFA-AD9A-D82F2A3C6DD7}.Release|x64.Build.0 = Release|Any CPU
		{E26B12CB-3A8C-4CFA-AD9A-D82F2A3C6DD7}.Release|x86.ActiveCfg = Release|Any CPU
		{E26B12CB-3A8C-4CFA-AD9A-D82F2A3C6DD7}.Release|x86.Build.0 = Release|Any CPU
		{E26B12CB-3A8C-4CFA-AD9A-D82F2A3C6DD7}.Checked|Any CPU.ActiveCfg = Debug|Any CPU
		{E26B12CB-3A8C-4CFA-AD9A-D82F2A3C6DD7}.Checked|Any CPU.Build.0 = Debug|Any CPU
		{E26B12CB-3A8C-4CFA-AD9A-D82F2A3C6DD7}.Checked|x64.ActiveCfg = Debug|Any CPU
		{E26B12CB-3A8C-4CFA-AD9A-D82F2A3C6DD7}.Checked|x64.Build.0 = Debug|Any CPU
		{E26B12CB-3A8C-4CFA-AD9A-D82F2A3C6DD7}.Checked|x86.ActiveCfg = Debug|Any CPU
		{E26B12CB-3A8C-4CFA-AD9A-D82F2A3C6DD7}.Checked|x86.Build.0 = Debug|Any CPU
		{96BF2393-E065-4F51-8CDF-2D767A39C301}.Debug|Any CPU.ActiveCfg = Debug|Any CPU
		{96BF2393-E065-4F51-8CDF-2D767A39C301}.Debug|Any CPU.Build.0 = Debug|Any CPU
		{96BF2393-E065-4F51-8CDF-2D767A39C301}.Debug|x64.ActiveCfg = Debug|Any CPU
		{96BF2393-E065-4F51-8CDF-2D767A39C301}.Debug|x64.Build.0 = Debug|Any CPU
		{96BF2393-E065-4F51-8CDF-2D767A39C301}.Debug|x86.ActiveCfg = Debug|Any CPU
		{96BF2393-E065-4F51-8CDF-2D767A39C301}.Debug|x86.Build.0 = Debug|Any CPU
		{96BF2393-E065-4F51-8CDF-2D767A39C301}.Release|Any CPU.ActiveCfg = Release|Any CPU
		{96BF2393-E065-4F51-8CDF-2D767A39C301}.Release|Any CPU.Build.0 = Release|Any CPU
		{96BF2393-E065-4F51-8CDF-2D767A39C301}.Release|x64.ActiveCfg = Release|Any CPU
		{96BF2393-E065-4F51-8CDF-2D767A39C301}.Release|x64.Build.0 = Release|Any CPU
		{96BF2393-E065-4F51-8CDF-2D767A39C301}.Release|x86.ActiveCfg = Release|Any CPU
		{96BF2393-E065-4F51-8CDF-2D767A39C301}.Release|x86.Build.0 = Release|Any CPU
		{96BF2393-E065-4F51-8CDF-2D767A39C301}.Checked|Any CPU.ActiveCfg = Debug|Any CPU
		{96BF2393-E065-4F51-8CDF-2D767A39C301}.Checked|Any CPU.Build.0 = Debug|Any CPU
		{96BF2393-E065-4F51-8CDF-2D767A39C301}.Checked|x64.ActiveCfg = Debug|Any CPU
		{96BF2393-E065-4F51-8CDF-2D767A39C301}.Checked|x64.Build.0 = Debug|Any CPU
		{96BF2393-E065-4F51-8CDF-2D767A39C301}.Checked|x86.ActiveCfg = Debug|Any CPU
		{96BF2393-E065-4F51-8CDF-2D767A39C301}.Checked|x86.Build.0 = Debug|Any CPU
		{EF2BA909-F545-45B6-A467-24CCB98E8370}.Debug|Any CPU.ActiveCfg = Debug|Any CPU
		{EF2BA909-F545-45B6-A467-24CCB98E8370}.Debug|Any CPU.Build.0 = Debug|Any CPU
		{EF2BA909-F545-45B6-A467-24CCB98E8370}.Debug|x64.ActiveCfg = Debug|Any CPU
		{EF2BA909-F545-45B6-A467-24CCB98E8370}.Debug|x64.Build.0 = Debug|Any CPU
		{EF2BA909-F545-45B6-A467-24CCB98E8370}.Debug|x86.ActiveCfg = Debug|Any CPU
		{EF2BA909-F545-45B6-A467-24CCB98E8370}.Debug|x86.Build.0 = Debug|Any CPU
		{EF2BA909-F545-45B6-A467-24CCB98E8370}.Release|Any CPU.ActiveCfg = Release|Any CPU
		{EF2BA909-F545-45B6-A467-24CCB98E8370}.Release|Any CPU.Build.0 = Release|Any CPU
		{EF2BA909-F545-45B6-A467-24CCB98E8370}.Release|x64.ActiveCfg = Release|Any CPU
		{EF2BA909-F545-45B6-A467-24CCB98E8370}.Release|x64.Build.0 = Release|Any CPU
		{EF2BA909-F545-45B6-A467-24CCB98E8370}.Release|x86.ActiveCfg = Release|Any CPU
		{EF2BA909-F545-45B6-A467-24CCB98E8370}.Release|x86.Build.0 = Release|Any CPU
		{EF2BA909-F545-45B6-A467-24CCB98E8370}.Checked|Any CPU.ActiveCfg = Debug|Any CPU
		{EF2BA909-F545-45B6-A467-24CCB98E8370}.Checked|Any CPU.Build.0 = Debug|Any CPU
		{EF2BA909-F545-45B6-A467-24CCB98E8370}.Checked|x64.ActiveCfg = Debug|Any CPU
		{EF2BA909-F545-45B6-A467-24CCB98E8370}.Checked|x64.Build.0 = Debug|Any CPU
		{EF2BA909-F545-45B6-A467-24CCB98E8370}.Checked|x86.ActiveCfg = Debug|Any CPU
		{EF2BA909-F545-45B6-A467-24CCB98E8370}.Checked|x86.Build.0 = Debug|Any CPU
		{3C2654C0-BEFB-4089-B2F6-A07C8A4A3624}.Debug|Any CPU.ActiveCfg = Debug|x64
		{3C2654C0-BEFB-4089-B2F6-A07C8A4A3624}.Debug|Any CPU.Build.0 = Debug|x64
		{3C2654C0-BEFB-4089-B2F6-A07C8A4A3624}.Debug|x64.ActiveCfg = Debug|x64
		{3C2654C0-BEFB-4089-B2F6-A07C8A4A3624}.Debug|x64.Build.0 = Debug|x64
		{3C2654C0-BEFB-4089-B2F6-A07C8A4A3624}.Debug|x86.ActiveCfg = Debug|x86
		{3C2654C0-BEFB-4089-B2F6-A07C8A4A3624}.Debug|x86.Build.0 = Debug|x86
		{3C2654C0-BEFB-4089-B2F6-A07C8A4A3624}.Release|Any CPU.ActiveCfg = Release|x64
		{3C2654C0-BEFB-4089-B2F6-A07C8A4A3624}.Release|Any CPU.Build.0 = Release|x64
		{3C2654C0-BEFB-4089-B2F6-A07C8A4A3624}.Release|x64.ActiveCfg = Release|x64
		{3C2654C0-BEFB-4089-B2F6-A07C8A4A3624}.Release|x64.Build.0 = Release|x64
		{3C2654C0-BEFB-4089-B2F6-A07C8A4A3624}.Release|x86.ActiveCfg = Release|x86
		{3C2654C0-BEFB-4089-B2F6-A07C8A4A3624}.Release|x86.Build.0 = Release|x86
		{3C2654C0-BEFB-4089-B2F6-A07C8A4A3624}.Checked|Any CPU.ActiveCfg = Checked|x64
		{3C2654C0-BEFB-4089-B2F6-A07C8A4A3624}.Checked|Any CPU.Build.0 = Checked|x64
		{3C2654C0-BEFB-4089-B2F6-A07C8A4A3624}.Checked|x64.ActiveCfg = Checked|x64
		{3C2654C0-BEFB-4089-B2F6-A07C8A4A3624}.Checked|x64.Build.0 = Checked|x64
		{3C2654C0-BEFB-4089-B2F6-A07C8A4A3624}.Checked|x86.ActiveCfg = Checked|x86
		{3C2654C0-BEFB-4089-B2F6-A07C8A4A3624}.Checked|x86.Build.0 = Checked|x86
		{13BD28DD-56D7-479E-90CF-00DBBCFF0E6B}.Debug|Any CPU.ActiveCfg = Debug|Any CPU
		{13BD28DD-56D7-479E-90CF-00DBBCFF0E6B}.Debug|Any CPU.Build.0 = Debug|Any CPU
		{13BD28DD-56D7-479E-90CF-00DBBCFF0E6B}.Debug|x64.ActiveCfg = Debug|Any CPU
		{13BD28DD-56D7-479E-90CF-00DBBCFF0E6B}.Debug|x64.Build.0 = Debug|Any CPU
		{13BD28DD-56D7-479E-90CF-00DBBCFF0E6B}.Debug|x86.ActiveCfg = Debug|Any CPU
		{13BD28DD-56D7-479E-90CF-00DBBCFF0E6B}.Debug|x86.Build.0 = Debug|Any CPU
		{13BD28DD-56D7-479E-90CF-00DBBCFF0E6B}.Release|Any CPU.ActiveCfg = Release|Any CPU
		{13BD28DD-56D7-479E-90CF-00DBBCFF0E6B}.Release|Any CPU.Build.0 = Release|Any CPU
		{13BD28DD-56D7-479E-90CF-00DBBCFF0E6B}.Release|x64.ActiveCfg = Release|Any CPU
		{13BD28DD-56D7-479E-90CF-00DBBCFF0E6B}.Release|x64.Build.0 = Release|Any CPU
		{13BD28DD-56D7-479E-90CF-00DBBCFF0E6B}.Release|x86.ActiveCfg = Release|Any CPU
		{13BD28DD-56D7-479E-90CF-00DBBCFF0E6B}.Release|x86.Build.0 = Release|Any CPU
		{13BD28DD-56D7-479E-90CF-00DBBCFF0E6B}.Checked|Any CPU.ActiveCfg = Debug|Any CPU
		{13BD28DD-56D7-479E-90CF-00DBBCFF0E6B}.Checked|Any CPU.Build.0 = Debug|Any CPU
		{13BD28DD-56D7-479E-90CF-00DBBCFF0E6B}.Checked|x64.ActiveCfg = Debug|Any CPU
		{13BD28DD-56D7-479E-90CF-00DBBCFF0E6B}.Checked|x64.Build.0 = Debug|Any CPU
		{13BD28DD-56D7-479E-90CF-00DBBCFF0E6B}.Checked|x86.ActiveCfg = Debug|Any CPU
		{13BD28DD-56D7-479E-90CF-00DBBCFF0E6B}.Checked|x86.Build.0 = Debug|Any CPU
		{010F66ED-FE0D-49B2-A708-0C9ADF6D08F0}.Debug|Any CPU.ActiveCfg = Debug|Any CPU
		{010F66ED-FE0D-49B2-A708-0C9ADF6D08F0}.Debug|Any CPU.Build.0 = Debug|Any CPU
		{010F66ED-FE0D-49B2-A708-0C9ADF6D08F0}.Debug|x64.ActiveCfg = Debug|Any CPU
		{010F66ED-FE0D-49B2-A708-0C9ADF6D08F0}.Debug|x64.Build.0 = Debug|Any CPU
		{010F66ED-FE0D-49B2-A708-0C9ADF6D08F0}.Debug|x86.ActiveCfg = Debug|Any CPU
		{010F66ED-FE0D-49B2-A708-0C9ADF6D08F0}.Debug|x86.Build.0 = Debug|Any CPU
		{010F66ED-FE0D-49B2-A708-0C9ADF6D08F0}.Release|Any CPU.ActiveCfg = Release|Any CPU
		{010F66ED-FE0D-49B2-A708-0C9ADF6D08F0}.Release|Any CPU.Build.0 = Release|Any CPU
		{010F66ED-FE0D-49B2-A708-0C9ADF6D08F0}.Release|x64.ActiveCfg = Release|Any CPU
		{010F66ED-FE0D-49B2-A708-0C9ADF6D08F0}.Release|x64.Build.0 = Release|Any CPU
		{010F66ED-FE0D-49B2-A708-0C9ADF6D08F0}.Release|x86.ActiveCfg = Release|Any CPU
		{010F66ED-FE0D-49B2-A708-0C9ADF6D08F0}.Release|x86.Build.0 = Release|Any CPU
		{010F66ED-FE0D-49B2-A708-0C9ADF6D08F0}.Checked|Any CPU.ActiveCfg = Debug|Any CPU
		{010F66ED-FE0D-49B2-A708-0C9ADF6D08F0}.Checked|Any CPU.Build.0 = Debug|Any CPU
		{010F66ED-FE0D-49B2-A708-0C9ADF6D08F0}.Checked|x64.ActiveCfg = Debug|Any CPU
		{010F66ED-FE0D-49B2-A708-0C9ADF6D08F0}.Checked|x64.Build.0 = Debug|Any CPU
		{010F66ED-FE0D-49B2-A708-0C9ADF6D08F0}.Checked|x86.ActiveCfg = Debug|Any CPU
		{010F66ED-FE0D-49B2-A708-0C9ADF6D08F0}.Checked|x86.Build.0 = Debug|Any CPU
	EndGlobalSection
	GlobalSection(SolutionProperties) = preSolution
		HideSolutionNode = FALSE
	EndGlobalSection
	GlobalSection(NestedProjects) = preSolution
		{635F5794-A69E-489D-9D1F-1D20D3DDE740} = {A771636D-D4D5-4739-B0C6-6EE1F2253740}
		{673B2D1D-A19E-4866-A95B-F9F458C07581} = {A771636D-D4D5-4739-B0C6-6EE1F2253740}
		{6D90E38F-7633-4BB0-8D67-7397CE99B981} = {A771636D-D4D5-4739-B0C6-6EE1F2253740}
		{0EABFA3E-0FCE-4EF7-A82B-2BA759BDAA1E} = {A771636D-D4D5-4739-B0C6-6EE1F2253740}
		{EF2BA909-F545-45B6-A467-24CCB98E8370} = {A771636D-D4D5-4739-B0C6-6EE1F2253740}
		{010F66ED-FE0D-49B2-A708-0C9ADF6D08F0} = {A771636D-D4D5-4739-B0C6-6EE1F2253740}
		{5BB72C32-4B04-415E-A504-F41F2FE0E54D} = {70980DF4-2CA2-40AD-815C-C7927749C802}
		{B9C3C310-8E2A-42F7-8A54-6A65FCBE405E} = {70980DF4-2CA2-40AD-815C-C7927749C802}
		{5A65AC14-FB2F-489B-9B45-13086A65999D} = {70980DF4-2CA2-40AD-815C-C7927749C802}
		{36133446-2A06-45C8-BF7E-8CCF0165E30F} = {70980DF4-2CA2-40AD-815C-C7927749C802}
		{4A4AC50B-A03C-4A32-87DE-984F935B8C8C} = {70980DF4-2CA2-40AD-815C-C7927749C802}
		{234EE21D-3F84-4E08-97AA-5EAFB49E8FFE} = {70980DF4-2CA2-40AD-815C-C7927749C802}
		{59D5D557-8915-4E92-AB71-CFE0E4D142E2} = {70980DF4-2CA2-40AD-815C-C7927749C802}
		{99D6E00B-F26E-4965-A59B-34E6612B8F47} = {70980DF4-2CA2-40AD-815C-C7927749C802}
		{D45F3F64-A4C5-46A0-851A-DCC6F25181DD} = {70980DF4-2CA2-40AD-815C-C7927749C802}
		{77C698D1-1303-429C-891C-F741AD883FB7} = {70980DF4-2CA2-40AD-815C-C7927749C802}
		{E26B12CB-3A8C-4CFA-AD9A-D82F2A3C6DD7} = {70980DF4-2CA2-40AD-815C-C7927749C802}
		{96BF2393-E065-4F51-8CDF-2D767A39C301} = {70980DF4-2CA2-40AD-815C-C7927749C802}
		{3C2654C0-BEFB-4089-B2F6-A07C8A4A3624} = {70980DF4-2CA2-40AD-815C-C7927749C802}
		{13BD28DD-56D7-479E-90CF-00DBBCFF0E6B} = {70980DF4-2CA2-40AD-815C-C7927749C802}
		{DE282697-BDF2-4FC7-B34C-911F35AE47D6} = {3A4954EF-37E5-48B1-9F7A-A177CE79308E}
		{71D520C0-6305-4599-B564-584C6E9FEAEC} = {3A4954EF-37E5-48B1-9F7A-A177CE79308E}
	EndGlobalSection
	GlobalSection(ExtensibilityGlobals) = postSolution
		SolutionGuid = {3DB51F1D-40A4-4B5E-85BF-74CCDEE2FAA7}
	EndGlobalSection
EndGlobal
