Microsoft Visual Studio Solution File, Format Version 12.00
Project("{9A19103F-16F7-4668-BE54-9A1E7A4F7556}") = "Common.Tests", "tests\Common.Tests.csproj", "{504E9212-C8FD-4147-8FB2-2A32AE1CD4EA}"
EndProject
Project("{9A19103F-16F7-4668-BE54-9A1E7A4F7556}") = "StreamConformanceTests", "tests\StreamConformanceTests\StreamConformanceTests.csproj", "{54F65522-87A8-4294-982D-9208DF243339}"
EndProject
Project("{9A19103F-16F7-4668-BE54-9A1E7A4F7556}") = "TestUtilities", "tests\TestUtilities\TestUtilities.csproj", "{10215DC2-1255-4B60-B0AC-D8B09BCEA179}"
EndProject
Project("{9A19103F-16F7-4668-BE54-9A1E7A4F7556}") = "System.Runtime.CompilerServices.Unsafe", "..\System.Runtime.CompilerServices.Unsafe\ref\System.Runtime.CompilerServices.Unsafe.csproj", "{A0A180C4-8292-45EE-A4B9-0A359BC9C2FC}"
EndProject
Project("{9A19103F-16F7-4668-BE54-9A1E7A4F7556}") = "System.Runtime.CompilerServices.Unsafe", "..\System.Runtime.CompilerServices.Unsafe\src\System.Runtime.CompilerServices.Unsafe.ilproj", "{2141FEEA-0422-4319-B88D-DA15CBD77599}"
EndProject
Project("{2150E333-8FDC-42A3-9474-1A3956D46DE8}") = "tests", "tests", "{30E7A0A6-C501-47DB-ABC5-17F017CA70DD}"
EndProject
Project("{2150E333-8FDC-42A3-9474-1A3956D46DE8}") = "src", "src", "{88A3CE52-E84B-44D2-9997-A48FE9D36322}"
EndProject
Project("{2150E333-8FDC-42A3-9474-1A3956D46DE8}") = "ref", "ref", "{042B6FC0-9DBD-450C-AF3D-1EA4FE31229E}"
EndProject
Global
	GlobalSection(SolutionConfigurationPlatforms) = preSolution
		Debug|Any CPU = Debug|Any CPU
		Release|Any CPU = Release|Any CPU
	EndGlobalSection
	GlobalSection(ProjectConfigurationPlatforms) = postSolution
		{10215DC2-1255-4B60-B0AC-D8B09BCEA179}.Debug|Any CPU.ActiveCfg = Debug|Any CPU
		{10215DC2-1255-4B60-B0AC-D8B09BCEA179}.Debug|Any CPU.Build.0 = Debug|Any CPU
		{10215DC2-1255-4B60-B0AC-D8B09BCEA179}.Release|Any CPU.ActiveCfg = Release|Any CPU
		{10215DC2-1255-4B60-B0AC-D8B09BCEA179}.Release|Any CPU.Build.0 = Release|Any CPU
		{504E9212-C8FD-4147-8FB2-2A32AE1CD4EA}.Debug|Any CPU.ActiveCfg = Debug|Any CPU
		{504E9212-C8FD-4147-8FB2-2A32AE1CD4EA}.Debug|Any CPU.Build.0 = Debug|Any CPU
		{504E9212-C8FD-4147-8FB2-2A32AE1CD4EA}.Release|Any CPU.ActiveCfg = Release|Any CPU
		{504E9212-C8FD-4147-8FB2-2A32AE1CD4EA}.Release|Any CPU.Build.0 = Release|Any CPU
		{54F65522-87A8-4294-982D-9208DF243339}.Debug|Any CPU.ActiveCfg = Debug|Any CPU
		{54F65522-87A8-4294-982D-9208DF243339}.Debug|Any CPU.Build.0 = Debug|Any CPU
		{54F65522-87A8-4294-982D-9208DF243339}.Release|Any CPU.ActiveCfg = Release|Any CPU
		{54F65522-87A8-4294-982D-9208DF243339}.Release|Any CPU.Build.0 = Release|Any CPU
		{2141FEEA-0422-4319-B88D-DA15CBD77599}.Debug|Any CPU.ActiveCfg = Debug|Any CPU
		{2141FEEA-0422-4319-B88D-DA15CBD77599}.Debug|Any CPU.Build.0 = Debug|Any CPU
		{2141FEEA-0422-4319-B88D-DA15CBD77599}.Release|Any CPU.ActiveCfg = Release|Any CPU
		{2141FEEA-0422-4319-B88D-DA15CBD77599}.Release|Any CPU.Build.0 = Release|Any CPU
		{A0A180C4-8292-45EE-A4B9-0A359BC9C2FC}.Debug|Any CPU.ActiveCfg = Debug|Any CPU
		{A0A180C4-8292-45EE-A4B9-0A359BC9C2FC}.Debug|Any CPU.Build.0 = Debug|Any CPU
		{A0A180C4-8292-45EE-A4B9-0A359BC9C2FC}.Release|Any CPU.ActiveCfg = Release|Any CPU
		{A0A180C4-8292-45EE-A4B9-0A359BC9C2FC}.Release|Any CPU.Build.0 = Release|Any CPU
	EndGlobalSection
	GlobalSection(SolutionProperties) = preSolution
		HideSolutionNode = FALSE
	EndGlobalSection
	GlobalSection(NestedProjects) = preSolution
		{10215DC2-1255-4B60-B0AC-D8B09BCEA179} = {30E7A0A6-C501-47DB-ABC5-17F017CA70DD}
		{504E9212-C8FD-4147-8FB2-2A32AE1CD4EA} = {30E7A0A6-C501-47DB-ABC5-17F017CA70DD}
		{54F65522-87A8-4294-982D-9208DF243339} = {30E7A0A6-C501-47DB-ABC5-17F017CA70DD}
		{2141FEEA-0422-4319-B88D-DA15CBD77599} = {88A3CE52-E84B-44D2-9997-A48FE9D36322}
		{A0A180C4-8292-45EE-A4B9-0A359BC9C2FC} = {042B6FC0-9DBD-450C-AF3D-1EA4FE31229E}
	EndGlobalSection
	GlobalSection(ExtensibilityGlobals) = postSolution
		SolutionGuid = {4543E82B-8616-438A-B58B-EE47079D6956}
	EndGlobalSection
EndGlobal
