Microsoft Visual Studio Solution File, Format Version 12.00
Project("{9A19103F-16F7-4668-BE54-9A1E7A4F7556}") = "TestUtilities", "..\Common\tests\TestUtilities\TestUtilities.csproj", "{8844EF4B-CE0F-4E76-B97B-4844B33CB3FB}"
EndProject
Project("{9A19103F-16F7-4668-BE54-9A1E7A4F7556}") = "System.Collections.NonGeneric", "ref\System.Collections.NonGeneric.csproj", "{D3B134E9-5B26-4455-9F2D-22302BD8E350}"
EndProject
Project("{9A19103F-16F7-4668-BE54-9A1E7A4F7556}") = "System.Collections.NonGeneric", "src\System.Collections.NonGeneric.csproj", "{8B963C6C-CF59-433B-B8FB-6C1EB4650DF2}"
EndProject
Project("{9A19103F-16F7-4668-BE54-9A1E7A4F7556}") = "System.Collections.NonGeneric.Tests", "tests\System.Collections.NonGeneric.Tests.csproj", "{AF7C053E-2774-4355-8541-945594C4AF9C}"
EndProject
Project("{9A19103F-16F7-4668-BE54-9A1E7A4F7556}") = "System.Runtime.CompilerServices.Unsafe", "..\System.Runtime.CompilerServices.Unsafe\ref\System.Runtime.CompilerServices.Unsafe.csproj", "{31A285E0-CBFF-46D1-84BC-312ABEB35A4F}"
EndProject
Project("{9A19103F-16F7-4668-BE54-9A1E7A4F7556}") = "System.Runtime.CompilerServices.Unsafe", "..\System.Runtime.CompilerServices.Unsafe\src\System.Runtime.CompilerServices.Unsafe.ilproj", "{C80ABA38-B1E9-4050-8F9B-B04CDC959EFD}"
EndProject
Project("{2150E333-8FDC-42A3-9474-1A3956D46DE8}") = "ref", "ref", "{8C121A19-BA70-43DC-9F1A-9309F8455997}"
EndProject
Project("{2150E333-8FDC-42A3-9474-1A3956D46DE8}") = "src", "src", "{4BC9D93D-8C95-4772-918E-2FCE39FE0156}"
EndProject
Project("{2150E333-8FDC-42A3-9474-1A3956D46DE8}") = "tests", "tests", "{00FC860F-A54F-46F4-B8EE-18053F62E8FE}"
EndProject
Global
	GlobalSection(SolutionConfigurationPlatforms) = preSolution
		Debug|Any CPU = Debug|Any CPU
		Release|Any CPU = Release|Any CPU
	EndGlobalSection
	GlobalSection(ProjectConfigurationPlatforms) = postSolution
		{D3B134E9-5B26-4455-9F2D-22302BD8E350}.Debug|Any CPU.ActiveCfg = Debug|Any CPU
		{D3B134E9-5B26-4455-9F2D-22302BD8E350}.Debug|Any CPU.Build.0 = Debug|Any CPU
		{D3B134E9-5B26-4455-9F2D-22302BD8E350}.Release|Any CPU.ActiveCfg = Release|Any CPU
		{D3B134E9-5B26-4455-9F2D-22302BD8E350}.Release|Any CPU.Build.0 = Release|Any CPU
		{8B963C6C-CF59-433B-B8FB-6C1EB4650DF2}.Debug|Any CPU.ActiveCfg = Debug|Any CPU
		{8B963C6C-CF59-433B-B8FB-6C1EB4650DF2}.Debug|Any CPU.Build.0 = Debug|Any CPU
		{8B963C6C-CF59-433B-B8FB-6C1EB4650DF2}.Release|Any CPU.ActiveCfg = Release|Any CPU
		{8B963C6C-CF59-433B-B8FB-6C1EB4650DF2}.Release|Any CPU.Build.0 = Release|Any CPU
		{AF7C053E-2774-4355-8541-945594C4AF9C}.Debug|Any CPU.ActiveCfg = Debug|Any CPU
		{AF7C053E-2774-4355-8541-945594C4AF9C}.Debug|Any CPU.Build.0 = Debug|Any CPU
		{AF7C053E-2774-4355-8541-945594C4AF9C}.Release|Any CPU.ActiveCfg = Release|Any CPU
		{AF7C053E-2774-4355-8541-945594C4AF9C}.Release|Any CPU.Build.0 = Release|Any CPU
		{8844EF4B-CE0F-4E76-B97B-4844B33CB3FB}.Debug|Any CPU.ActiveCfg = Debug|Any CPU
		{8844EF4B-CE0F-4E76-B97B-4844B33CB3FB}.Debug|Any CPU.Build.0 = Debug|Any CPU
		{8844EF4B-CE0F-4E76-B97B-4844B33CB3FB}.Release|Any CPU.ActiveCfg = Release|Any CPU
		{8844EF4B-CE0F-4E76-B97B-4844B33CB3FB}.Release|Any CPU.Build.0 = Release|Any CPU
		{C80ABA38-B1E9-4050-8F9B-B04CDC959EFD}.Debug|Any CPU.ActiveCfg = Debug|Any CPU
		{C80ABA38-B1E9-4050-8F9B-B04CDC959EFD}.Debug|Any CPU.Build.0 = Debug|Any CPU
		{C80ABA38-B1E9-4050-8F9B-B04CDC959EFD}.Release|Any CPU.ActiveCfg = Release|Any CPU
		{C80ABA38-B1E9-4050-8F9B-B04CDC959EFD}.Release|Any CPU.Build.0 = Release|Any CPU
		{31A285E0-CBFF-46D1-84BC-312ABEB35A4F}.Debug|Any CPU.ActiveCfg = Debug|Any CPU
		{31A285E0-CBFF-46D1-84BC-312ABEB35A4F}.Debug|Any CPU.Build.0 = Debug|Any CPU
		{31A285E0-CBFF-46D1-84BC-312ABEB35A4F}.Release|Any CPU.ActiveCfg = Release|Any CPU
		{31A285E0-CBFF-46D1-84BC-312ABEB35A4F}.Release|Any CPU.Build.0 = Release|Any CPU
	EndGlobalSection
	GlobalSection(SolutionProperties) = preSolution
		HideSolutionNode = FALSE
	EndGlobalSection
	GlobalSection(NestedProjects) = preSolution
		{D3B134E9-5B26-4455-9F2D-22302BD8E350} = {8C121A19-BA70-43DC-9F1A-9309F8455997}
		{31A285E0-CBFF-46D1-84BC-312ABEB35A4F} = {8C121A19-BA70-43DC-9F1A-9309F8455997}
		{8B963C6C-CF59-433B-B8FB-6C1EB4650DF2} = {4BC9D93D-8C95-4772-918E-2FCE39FE0156}
		{C80ABA38-B1E9-4050-8F9B-B04CDC959EFD} = {4BC9D93D-8C95-4772-918E-2FCE39FE0156}
		{AF7C053E-2774-4355-8541-945594C4AF9C} = {00FC860F-A54F-46F4-B8EE-18053F62E8FE}
		{8844EF4B-CE0F-4E76-B97B-4844B33CB3FB} = {00FC860F-A54F-46F4-B8EE-18053F62E8FE}
	EndGlobalSection
	GlobalSection(ExtensibilityGlobals) = postSolution
		SolutionGuid = {42E679A9-01B2-446F-B26E-4CF16464E149}
	EndGlobalSection
EndGlobal
