Microsoft Visual Studio Solution File, Format Version 12.00
Project("{9A19103F-16F7-4668-BE54-9A1E7A4F7556}") = "StreamConformanceTests", "..\Common\tests\StreamConformanceTests\StreamConformanceTests.csproj", "{3300658C-3123-480B-9939-9AB50223D342}"
EndProject
Project("{9A19103F-16F7-4668-BE54-9A1E7A4F7556}") = "TestUtilities", "..\Common\tests\TestUtilities\TestUtilities.csproj", "{0C78AEB2-80BD-4B1B-B5CD-F038522D065D}"
EndProject
Project("{9A19103F-16F7-4668-BE54-9A1E7A4F7556}") = "System.Runtime.CompilerServices.Unsafe", "..\System.Runtime.CompilerServices.Unsafe\ref\System.Runtime.CompilerServices.Unsafe.csproj", "{B6CAEAD5-36A0-4F32-A80D-D6B152028945}"
EndProject
Project("{9A19103F-16F7-4668-BE54-9A1E7A4F7556}") = "System.Runtime.CompilerServices.Unsafe", "..\System.Runtime.CompilerServices.Unsafe\src\System.Runtime.CompilerServices.Unsafe.ilproj", "{483D067C-49EF-4501-B56A-02F540D96BE5}"
EndProject
Project("{9A19103F-16F7-4668-BE54-9A1E7A4F7556}") = "System.Security.Cryptography.Primitives", "ref\System.Security.Cryptography.Primitives.csproj", "{E9BF1F4D-7D5C-4539-B426-2FCCB2585138}"
EndProject
Project("{9A19103F-16F7-4668-BE54-9A1E7A4F7556}") = "System.Security.Cryptography.Primitives", "src\System.Security.Cryptography.Primitives.csproj", "{AF227727-11A6-4E5F-98DE-C362FC829633}"
EndProject
Project("{9A19103F-16F7-4668-BE54-9A1E7A4F7556}") = "System.Security.Cryptography.Primitives.Tests", "tests\System.Security.Cryptography.Primitives.Tests.csproj", "{A242B3AB-EE45-4C95-9550-DB970BA23CD5}"
EndProject
Project("{2150E333-8FDC-42A3-9474-1A3956D46DE8}") = "ref", "ref", "{3B75172C-2CE8-496B-B387-DA6CFD73AA04}"
EndProject
Project("{2150E333-8FDC-42A3-9474-1A3956D46DE8}") = "src", "src", "{756CF45F-8BF7-4871-8845-142CEE84286E}"
EndProject
Project("{2150E333-8FDC-42A3-9474-1A3956D46DE8}") = "tests", "tests", "{852FE4B2-9C45-4FC2-9EBA-AF71EB490AD1}"
EndProject
Global
	GlobalSection(SolutionConfigurationPlatforms) = preSolution
		Debug|Any CPU = Debug|Any CPU
		Release|Any CPU = Release|Any CPU
	EndGlobalSection
	GlobalSection(ProjectConfigurationPlatforms) = postSolution
		{E9BF1F4D-7D5C-4539-B426-2FCCB2585138}.Debug|Any CPU.ActiveCfg = Debug|Any CPU
		{E9BF1F4D-7D5C-4539-B426-2FCCB2585138}.Debug|Any CPU.Build.0 = Debug|Any CPU
		{E9BF1F4D-7D5C-4539-B426-2FCCB2585138}.Release|Any CPU.ActiveCfg = Release|Any CPU
		{E9BF1F4D-7D5C-4539-B426-2FCCB2585138}.Release|Any CPU.Build.0 = Release|Any CPU
		{AF227727-11A6-4E5F-98DE-C362FC829633}.Debug|Any CPU.ActiveCfg = Debug|Any CPU
		{AF227727-11A6-4E5F-98DE-C362FC829633}.Debug|Any CPU.Build.0 = Debug|Any CPU
		{AF227727-11A6-4E5F-98DE-C362FC829633}.Release|Any CPU.ActiveCfg = Release|Any CPU
		{AF227727-11A6-4E5F-98DE-C362FC829633}.Release|Any CPU.Build.0 = Release|Any CPU
		{A242B3AB-EE45-4C95-9550-DB970BA23CD5}.Debug|Any CPU.ActiveCfg = Debug|Any CPU
		{A242B3AB-EE45-4C95-9550-DB970BA23CD5}.Debug|Any CPU.Build.0 = Debug|Any CPU
		{A242B3AB-EE45-4C95-9550-DB970BA23CD5}.Release|Any CPU.ActiveCfg = Release|Any CPU
		{A242B3AB-EE45-4C95-9550-DB970BA23CD5}.Release|Any CPU.Build.0 = Release|Any CPU
		{3300658C-3123-480B-9939-9AB50223D342}.Debug|Any CPU.ActiveCfg = Debug|Any CPU
		{3300658C-3123-480B-9939-9AB50223D342}.Debug|Any CPU.Build.0 = Debug|Any CPU
		{3300658C-3123-480B-9939-9AB50223D342}.Release|Any CPU.ActiveCfg = Release|Any CPU
		{3300658C-3123-480B-9939-9AB50223D342}.Release|Any CPU.Build.0 = Release|Any CPU
		{0C78AEB2-80BD-4B1B-B5CD-F038522D065D}.Debug|Any CPU.ActiveCfg = Debug|Any CPU
		{0C78AEB2-80BD-4B1B-B5CD-F038522D065D}.Debug|Any CPU.Build.0 = Debug|Any CPU
		{0C78AEB2-80BD-4B1B-B5CD-F038522D065D}.Release|Any CPU.ActiveCfg = Release|Any CPU
		{0C78AEB2-80BD-4B1B-B5CD-F038522D065D}.Release|Any CPU.Build.0 = Release|Any CPU
		{483D067C-49EF-4501-B56A-02F540D96BE5}.Debug|Any CPU.ActiveCfg = Debug|Any CPU
		{483D067C-49EF-4501-B56A-02F540D96BE5}.Debug|Any CPU.Build.0 = Debug|Any CPU
		{483D067C-49EF-4501-B56A-02F540D96BE5}.Release|Any CPU.ActiveCfg = Release|Any CPU
		{483D067C-49EF-4501-B56A-02F540D96BE5}.Release|Any CPU.Build.0 = Release|Any CPU
		{B6CAEAD5-36A0-4F32-A80D-D6B152028945}.Debug|Any CPU.ActiveCfg = Debug|Any CPU
		{B6CAEAD5-36A0-4F32-A80D-D6B152028945}.Debug|Any CPU.Build.0 = Debug|Any CPU
		{B6CAEAD5-36A0-4F32-A80D-D6B152028945}.Release|Any CPU.ActiveCfg = Release|Any CPU
		{B6CAEAD5-36A0-4F32-A80D-D6B152028945}.Release|Any CPU.Build.0 = Release|Any CPU
	EndGlobalSection
	GlobalSection(SolutionProperties) = preSolution
		HideSolutionNode = FALSE
	EndGlobalSection
	GlobalSection(NestedProjects) = preSolution
		{E9BF1F4D-7D5C-4539-B426-2FCCB2585138} = {3B75172C-2CE8-496B-B387-DA6CFD73AA04}
		{B6CAEAD5-36A0-4F32-A80D-D6B152028945} = {3B75172C-2CE8-496B-B387-DA6CFD73AA04}
		{AF227727-11A6-4E5F-98DE-C362FC829633} = {756CF45F-8BF7-4871-8845-142CEE84286E}
		{483D067C-49EF-4501-B56A-02F540D96BE5} = {756CF45F-8BF7-4871-8845-142CEE84286E}
		{A242B3AB-EE45-4C95-9550-DB970BA23CD5} = {852FE4B2-9C45-4FC2-9EBA-AF71EB490AD1}
		{3300658C-3123-480B-9939-9AB50223D342} = {852FE4B2-9C45-4FC2-9EBA-AF71EB490AD1}
		{0C78AEB2-80BD-4B1B-B5CD-F038522D065D} = {852FE4B2-9C45-4FC2-9EBA-AF71EB490AD1}
	EndGlobalSection
	GlobalSection(ExtensibilityGlobals) = postSolution
		SolutionGuid = {F5615383-F387-45EA-A05A-CB65D8A6FE88}
	EndGlobalSection
EndGlobal
