Microsoft Visual Studio Solution File, Format Version 12.00
Project("{9A19103F-16F7-4668-BE54-9A1E7A4F7556}") = "TestUtilities", "..\Common\tests\TestUtilities\TestUtilities.csproj", "{1A19656D-1047-4E43-B9C5-73423399D1D4}"
EndProject
Project("{9A19103F-16F7-4668-BE54-9A1E7A4F7556}") = "Microsoft.Win32.SystemEvents", "..\Microsoft.Win32.SystemEvents\ref\Microsoft.Win32.SystemEvents.csproj", "{FB21E987-E299-4CBD-BA32-EA3D8571C209}"
EndProject
Project("{9A19103F-16F7-4668-BE54-9A1E7A4F7556}") = "Microsoft.Win32.SystemEvents", "..\Microsoft.Win32.SystemEvents\src\Microsoft.Win32.SystemEvents.csproj", "{57C8ECA8-E34C-4137-B4D0-D66E264B9674}"
EndProject
Project("{9A19103F-16F7-4668-BE54-9A1E7A4F7556}") = "System.DirectoryServices", "ref\System.DirectoryServices.csproj", "{DB7964E8-6761-47C7-B120-DAF13FDDE01B}"
EndProject
Project("{9A19103F-16F7-4668-BE54-9A1E7A4F7556}") = "System.DirectoryServices", "src\System.DirectoryServices.csproj", "{6870504E-8490-4A4C-938A-C68DA9A2F65D}"
EndProject
Project("{9A19103F-16F7-4668-BE54-9A1E7A4F7556}") = "System.DirectoryServices.Tests", "tests\System.DirectoryServices.Tests.csproj", "{197926DA-9180-4AD4-AC71-B95FC5CA7557}"
EndProject
Project("{9A19103F-16F7-4668-BE54-9A1E7A4F7556}") = "System.Drawing.Common", "..\System.Drawing.Common\ref\System.Drawing.Common.csproj", "{09EAF02A-CD00-4440-A7CF-7355EC5DC85A}"
EndProject
Project("{9A19103F-16F7-4668-BE54-9A1E7A4F7556}") = "System.Drawing.Common", "..\System.Drawing.Common\src\System.Drawing.Common.csproj", "{758C6A93-DE07-4B10-A8DF-A6AB37A0DB65}"
EndProject
Project("{9A19103F-16F7-4668-BE54-9A1E7A4F7556}") = "System.Runtime.CompilerServices.Unsafe", "..\System.Runtime.CompilerServices.Unsafe\ref\System.Runtime.CompilerServices.Unsafe.csproj", "{B2ED534B-CB42-4F20-9AD9-707CFF08D73F}"
EndProject
Project("{9A19103F-16F7-4668-BE54-9A1E7A4F7556}") = "System.Runtime.CompilerServices.Unsafe", "..\System.Runtime.CompilerServices.Unsafe\src\System.Runtime.CompilerServices.Unsafe.ilproj", "{97F1F297-B6BC-4CD8-9E44-C682CA36A434}"
EndProject
Project("{9A19103F-16F7-4668-BE54-9A1E7A4F7556}") = "System.Security.Permissions", "..\System.Security.Permissions\ref\System.Security.Permissions.csproj", "{C40C15E4-8060-4295-9B8F-E04F94BFDA2B}"
EndProject
Project("{9A19103F-16F7-4668-BE54-9A1E7A4F7556}") = "System.Security.Permissions", "..\System.Security.Permissions\src\System.Security.Permissions.csproj", "{E2B0069E-C11C-4829-87C8-A98ED298CB8A}"
EndProject
Project("{9A19103F-16F7-4668-BE54-9A1E7A4F7556}") = "System.Windows.Extensions", "..\System.Windows.Extensions\ref\System.Windows.Extensions.csproj", "{169CCBAE-5490-4409-9CC7-48850ABA1BE8}"
EndProject
Project("{9A19103F-16F7-4668-BE54-9A1E7A4F7556}") = "System.Windows.Extensions", "..\System.Windows.Extensions\src\System.Windows.Extensions.csproj", "{B3473ABA-A06B-445E-AE21-C7432AD14482}"
EndProject
Project("{2150E333-8FDC-42A3-9474-1A3956D46DE8}") = "ref", "ref", "{AE9FC1FB-D80A-4F4F-AE06-DE286996D326}"
EndProject
Project("{2150E333-8FDC-42A3-9474-1A3956D46DE8}") = "src", "src", "{014E0F42-FADF-428B-8760-43CD4E61FF85}"
EndProject
Project("{2150E333-8FDC-42A3-9474-1A3956D46DE8}") = "tests", "tests", "{1EAA5CC2-CD7F-42C6-9A84-38EF5B5ABF45}"
EndProject
Global
	GlobalSection(SolutionConfigurationPlatforms) = preSolution
		Debug|Any CPU = Debug|Any CPU
		Release|Any CPU = Release|Any CPU
	EndGlobalSection
	GlobalSection(ProjectConfigurationPlatforms) = postSolution
		{DB7964E8-6761-47C7-B120-DAF13FDDE01B}.Debug|Any CPU.ActiveCfg = Debug|Any CPU
		{DB7964E8-6761-47C7-B120-DAF13FDDE01B}.Debug|Any CPU.Build.0 = Debug|Any CPU
		{DB7964E8-6761-47C7-B120-DAF13FDDE01B}.Release|Any CPU.ActiveCfg = Release|Any CPU
		{DB7964E8-6761-47C7-B120-DAF13FDDE01B}.Release|Any CPU.Build.0 = Release|Any CPU
		{6870504E-8490-4A4C-938A-C68DA9A2F65D}.Debug|Any CPU.ActiveCfg = Debug|Any CPU
		{6870504E-8490-4A4C-938A-C68DA9A2F65D}.Debug|Any CPU.Build.0 = Debug|Any CPU
		{6870504E-8490-4A4C-938A-C68DA9A2F65D}.Release|Any CPU.ActiveCfg = Release|Any CPU
		{6870504E-8490-4A4C-938A-C68DA9A2F65D}.Release|Any CPU.Build.0 = Release|Any CPU
		{197926DA-9180-4AD4-AC71-B95FC5CA7557}.Debug|Any CPU.ActiveCfg = Debug|Any CPU
		{197926DA-9180-4AD4-AC71-B95FC5CA7557}.Debug|Any CPU.Build.0 = Debug|Any CPU
		{197926DA-9180-4AD4-AC71-B95FC5CA7557}.Release|Any CPU.ActiveCfg = Release|Any CPU
		{197926DA-9180-4AD4-AC71-B95FC5CA7557}.Release|Any CPU.Build.0 = Release|Any CPU
		{C40C15E4-8060-4295-9B8F-E04F94BFDA2B}.Debug|Any CPU.ActiveCfg = Debug|Any CPU
		{C40C15E4-8060-4295-9B8F-E04F94BFDA2B}.Debug|Any CPU.Build.0 = Debug|Any CPU
		{C40C15E4-8060-4295-9B8F-E04F94BFDA2B}.Release|Any CPU.ActiveCfg = Release|Any CPU
		{C40C15E4-8060-4295-9B8F-E04F94BFDA2B}.Release|Any CPU.Build.0 = Release|Any CPU
		{E2B0069E-C11C-4829-87C8-A98ED298CB8A}.Debug|Any CPU.ActiveCfg = Debug|Any CPU
		{E2B0069E-C11C-4829-87C8-A98ED298CB8A}.Debug|Any CPU.Build.0 = Debug|Any CPU
		{E2B0069E-C11C-4829-87C8-A98ED298CB8A}.Release|Any CPU.ActiveCfg = Release|Any CPU
		{E2B0069E-C11C-4829-87C8-A98ED298CB8A}.Release|Any CPU.Build.0 = Release|Any CPU
		{1A19656D-1047-4E43-B9C5-73423399D1D4}.Debug|Any CPU.ActiveCfg = Debug|Any CPU
		{1A19656D-1047-4E43-B9C5-73423399D1D4}.Debug|Any CPU.Build.0 = Debug|Any CPU
		{1A19656D-1047-4E43-B9C5-73423399D1D4}.Release|Any CPU.ActiveCfg = Release|Any CPU
		{1A19656D-1047-4E43-B9C5-73423399D1D4}.Release|Any CPU.Build.0 = Release|Any CPU
		{169CCBAE-5490-4409-9CC7-48850ABA1BE8}.Debug|Any CPU.ActiveCfg = Debug|Any CPU
		{169CCBAE-5490-4409-9CC7-48850ABA1BE8}.Debug|Any CPU.Build.0 = Debug|Any CPU
		{169CCBAE-5490-4409-9CC7-48850ABA1BE8}.Release|Any CPU.ActiveCfg = Release|Any CPU
		{169CCBAE-5490-4409-9CC7-48850ABA1BE8}.Release|Any CPU.Build.0 = Release|Any CPU
		{B3473ABA-A06B-445E-AE21-C7432AD14482}.Debug|Any CPU.ActiveCfg = Debug|Any CPU
		{B3473ABA-A06B-445E-AE21-C7432AD14482}.Debug|Any CPU.Build.0 = Debug|Any CPU
		{B3473ABA-A06B-445E-AE21-C7432AD14482}.Release|Any CPU.ActiveCfg = Release|Any CPU
		{B3473ABA-A06B-445E-AE21-C7432AD14482}.Release|Any CPU.Build.0 = Release|Any CPU
		{97F1F297-B6BC-4CD8-9E44-C682CA36A434}.Debug|Any CPU.ActiveCfg = Debug|Any CPU
		{97F1F297-B6BC-4CD8-9E44-C682CA36A434}.Debug|Any CPU.Build.0 = Debug|Any CPU
		{97F1F297-B6BC-4CD8-9E44-C682CA36A434}.Release|Any CPU.ActiveCfg = Release|Any CPU
		{97F1F297-B6BC-4CD8-9E44-C682CA36A434}.Release|Any CPU.Build.0 = Release|Any CPU
		{09EAF02A-CD00-4440-A7CF-7355EC5DC85A}.Debug|Any CPU.ActiveCfg = Debug|Any CPU
		{09EAF02A-CD00-4440-A7CF-7355EC5DC85A}.Debug|Any CPU.Build.0 = Debug|Any CPU
		{09EAF02A-CD00-4440-A7CF-7355EC5DC85A}.Release|Any CPU.ActiveCfg = Release|Any CPU
		{09EAF02A-CD00-4440-A7CF-7355EC5DC85A}.Release|Any CPU.Build.0 = Release|Any CPU
		{758C6A93-DE07-4B10-A8DF-A6AB37A0DB65}.Debug|Any CPU.ActiveCfg = Debug|Any CPU
		{758C6A93-DE07-4B10-A8DF-A6AB37A0DB65}.Debug|Any CPU.Build.0 = Debug|Any CPU
		{758C6A93-DE07-4B10-A8DF-A6AB37A0DB65}.Release|Any CPU.ActiveCfg = Release|Any CPU
		{758C6A93-DE07-4B10-A8DF-A6AB37A0DB65}.Release|Any CPU.Build.0 = Release|Any CPU
		{B2ED534B-CB42-4F20-9AD9-707CFF08D73F}.Debug|Any CPU.ActiveCfg = Debug|Any CPU
		{B2ED534B-CB42-4F20-9AD9-707CFF08D73F}.Debug|Any CPU.Build.0 = Debug|Any CPU
		{B2ED534B-CB42-4F20-9AD9-707CFF08D73F}.Release|Any CPU.ActiveCfg = Release|Any CPU
		{B2ED534B-CB42-4F20-9AD9-707CFF08D73F}.Release|Any CPU.Build.0 = Release|Any CPU
		{57C8ECA8-E34C-4137-B4D0-D66E264B9674}.Debug|Any CPU.ActiveCfg = Debug|Any CPU
		{57C8ECA8-E34C-4137-B4D0-D66E264B9674}.Debug|Any CPU.Build.0 = Debug|Any CPU
		{57C8ECA8-E34C-4137-B4D0-D66E264B9674}.Release|Any CPU.ActiveCfg = Release|Any CPU
		{57C8ECA8-E34C-4137-B4D0-D66E264B9674}.Release|Any CPU.Build.0 = Release|Any CPU
		{FB21E987-E299-4CBD-BA32-EA3D8571C209}.Debug|Any CPU.ActiveCfg = Debug|Any CPU
		{FB21E987-E299-4CBD-BA32-EA3D8571C209}.Debug|Any CPU.Build.0 = Debug|Any CPU
		{FB21E987-E299-4CBD-BA32-EA3D8571C209}.Release|Any CPU.ActiveCfg = Release|Any CPU
		{FB21E987-E299-4CBD-BA32-EA3D8571C209}.Release|Any CPU.Build.0 = Release|Any CPU
	EndGlobalSection
	GlobalSection(SolutionProperties) = preSolution
		HideSolutionNode = FALSE
	EndGlobalSection
	GlobalSection(NestedProjects) = preSolution
		{DB7964E8-6761-47C7-B120-DAF13FDDE01B} = {AE9FC1FB-D80A-4F4F-AE06-DE286996D326}
		{C40C15E4-8060-4295-9B8F-E04F94BFDA2B} = {AE9FC1FB-D80A-4F4F-AE06-DE286996D326}
		{169CCBAE-5490-4409-9CC7-48850ABA1BE8} = {AE9FC1FB-D80A-4F4F-AE06-DE286996D326}
		{09EAF02A-CD00-4440-A7CF-7355EC5DC85A} = {AE9FC1FB-D80A-4F4F-AE06-DE286996D326}
		{B2ED534B-CB42-4F20-9AD9-707CFF08D73F} = {AE9FC1FB-D80A-4F4F-AE06-DE286996D326}
		{FB21E987-E299-4CBD-BA32-EA3D8571C209} = {AE9FC1FB-D80A-4F4F-AE06-DE286996D326}
		{6870504E-8490-4A4C-938A-C68DA9A2F65D} = {014E0F42-FADF-428B-8760-43CD4E61FF85}
		{E2B0069E-C11C-4829-87C8-A98ED298CB8A} = {014E0F42-FADF-428B-8760-43CD4E61FF85}
		{B3473ABA-A06B-445E-AE21-C7432AD14482} = {014E0F42-FADF-428B-8760-43CD4E61FF85}
		{97F1F297-B6BC-4CD8-9E44-C682CA36A434} = {014E0F42-FADF-428B-8760-43CD4E61FF85}
		{758C6A93-DE07-4B10-A8DF-A6AB37A0DB65} = {014E0F42-FADF-428B-8760-43CD4E61FF85}
		{57C8ECA8-E34C-4137-B4D0-D66E264B9674} = {014E0F42-FADF-428B-8760-43CD4E61FF85}
		{197926DA-9180-4AD4-AC71-B95FC5CA7557} = {1EAA5CC2-CD7F-42C6-9A84-38EF5B5ABF45}
		{1A19656D-1047-4E43-B9C5-73423399D1D4} = {1EAA5CC2-CD7F-42C6-9A84-38EF5B5ABF45}
	EndGlobalSection
	GlobalSection(ExtensibilityGlobals) = postSolution
		SolutionGuid = {9DE1DE68-219A-4A5E-83A8-C0F0637EE9DF}
	EndGlobalSection
EndGlobal
