Microsoft Visual Studio Solution File, Format Version 12.00
Project("{9A19103F-16F7-4668-BE54-9A1E7A4F7556}") = "StreamConformanceTests", "..\Common\tests\StreamConformanceTests\StreamConformanceTests.csproj", "{B03EFEC2-DEDE-4017-ABA2-DB9341E574CB}"
EndProject
Project("{9A19103F-16F7-4668-BE54-9A1E7A4F7556}") = "TestUtilities", "..\Common\tests\TestUtilities\TestUtilities.csproj", "{53746669-11C3-4DA9-B9C3-4CA0B79D4712}"
EndProject
Project("{9A19103F-16F7-4668-BE54-9A1E7A4F7556}") = "System.IO.MemoryMappedFiles", "ref\System.IO.MemoryMappedFiles.csproj", "{F4ACA509-281C-43DA-A57D-52D9913321AE}"
EndProject
Project("{9A19103F-16F7-4668-BE54-9A1E7A4F7556}") = "System.IO.MemoryMappedFiles", "src\System.IO.MemoryMappedFiles.csproj", "{4A95E6CD-A466-46BC-A6C7-C65DA45B3388}"
EndProject
Project("{9A19103F-16F7-4668-BE54-9A1E7A4F7556}") = "System.IO.MemoryMappedFiles.Tests", "tests\System.IO.MemoryMappedFiles.Tests.csproj", "{AD44D7FF-CFE0-4E98-9E33-C4D9A5F83860}"
EndProject
Project("{9A19103F-16F7-4668-BE54-9A1E7A4F7556}") = "System.Runtime.CompilerServices.Unsafe", "..\System.Runtime.CompilerServices.Unsafe\ref\System.Runtime.CompilerServices.Unsafe.csproj", "{8B9258B7-1C54-4FFE-9512-2B7323AEF92A}"
EndProject
Project("{9A19103F-16F7-4668-BE54-9A1E7A4F7556}") = "System.Runtime.CompilerServices.Unsafe", "..\System.Runtime.CompilerServices.Unsafe\src\System.Runtime.CompilerServices.Unsafe.ilproj", "{4B990529-DAA4-4AEC-A625-FDCA3EF64E25}"
EndProject
Project("{2150E333-8FDC-42A3-9474-1A3956D46DE8}") = "ref", "ref", "{B272BE2F-5E12-49D6-8646-56D4153EAA2E}"
EndProject
Project("{2150E333-8FDC-42A3-9474-1A3956D46DE8}") = "src", "src", "{0C94D488-3A11-40A7-AD37-32E149F81725}"
EndProject
Project("{2150E333-8FDC-42A3-9474-1A3956D46DE8}") = "tests", "tests", "{C5656AC8-4D91-4F42-AEB5-1E82B7BCF5F0}"
EndProject
Global
	GlobalSection(SolutionConfigurationPlatforms) = preSolution
		Debug|Any CPU = Debug|Any CPU
		Release|Any CPU = Release|Any CPU
	EndGlobalSection
	GlobalSection(ProjectConfigurationPlatforms) = postSolution
		{F4ACA509-281C-43DA-A57D-52D9913321AE}.Debug|Any CPU.ActiveCfg = Debug|Any CPU
		{F4ACA509-281C-43DA-A57D-52D9913321AE}.Debug|Any CPU.Build.0 = Debug|Any CPU
		{F4ACA509-281C-43DA-A57D-52D9913321AE}.Release|Any CPU.ActiveCfg = Release|Any CPU
		{F4ACA509-281C-43DA-A57D-52D9913321AE}.Release|Any CPU.Build.0 = Release|Any CPU
		{4A95E6CD-A466-46BC-A6C7-C65DA45B3388}.Debug|Any CPU.ActiveCfg = Debug|Any CPU
		{4A95E6CD-A466-46BC-A6C7-C65DA45B3388}.Debug|Any CPU.Build.0 = Debug|Any CPU
		{4A95E6CD-A466-46BC-A6C7-C65DA45B3388}.Release|Any CPU.ActiveCfg = Release|Any CPU
		{4A95E6CD-A466-46BC-A6C7-C65DA45B3388}.Release|Any CPU.Build.0 = Release|Any CPU
		{AD44D7FF-CFE0-4E98-9E33-C4D9A5F83860}.Debug|Any CPU.ActiveCfg = Debug|Any CPU
		{AD44D7FF-CFE0-4E98-9E33-C4D9A5F83860}.Debug|Any CPU.Build.0 = Debug|Any CPU
		{AD44D7FF-CFE0-4E98-9E33-C4D9A5F83860}.Release|Any CPU.ActiveCfg = Release|Any CPU
		{AD44D7FF-CFE0-4E98-9E33-C4D9A5F83860}.Release|Any CPU.Build.0 = Release|Any CPU
		{53746669-11C3-4DA9-B9C3-4CA0B79D4712}.Debug|Any CPU.ActiveCfg = Debug|Any CPU
		{53746669-11C3-4DA9-B9C3-4CA0B79D4712}.Debug|Any CPU.Build.0 = Debug|Any CPU
		{53746669-11C3-4DA9-B9C3-4CA0B79D4712}.Release|Any CPU.ActiveCfg = Release|Any CPU
		{53746669-11C3-4DA9-B9C3-4CA0B79D4712}.Release|Any CPU.Build.0 = Release|Any CPU
		{B03EFEC2-DEDE-4017-ABA2-DB9341E574CB}.Debug|Any CPU.ActiveCfg = Debug|Any CPU
		{B03EFEC2-DEDE-4017-ABA2-DB9341E574CB}.Debug|Any CPU.Build.0 = Debug|Any CPU
		{B03EFEC2-DEDE-4017-ABA2-DB9341E574CB}.Release|Any CPU.ActiveCfg = Release|Any CPU
		{B03EFEC2-DEDE-4017-ABA2-DB9341E574CB}.Release|Any CPU.Build.0 = Release|Any CPU
		{4B990529-DAA4-4AEC-A625-FDCA3EF64E25}.Debug|Any CPU.ActiveCfg = Debug|Any CPU
		{4B990529-DAA4-4AEC-A625-FDCA3EF64E25}.Debug|Any CPU.Build.0 = Debug|Any CPU
		{4B990529-DAA4-4AEC-A625-FDCA3EF64E25}.Release|Any CPU.ActiveCfg = Release|Any CPU
		{4B990529-DAA4-4AEC-A625-FDCA3EF64E25}.Release|Any CPU.Build.0 = Release|Any CPU
		{8B9258B7-1C54-4FFE-9512-2B7323AEF92A}.Debug|Any CPU.ActiveCfg = Debug|Any CPU
		{8B9258B7-1C54-4FFE-9512-2B7323AEF92A}.Debug|Any CPU.Build.0 = Debug|Any CPU
		{8B9258B7-1C54-4FFE-9512-2B7323AEF92A}.Release|Any CPU.ActiveCfg = Release|Any CPU
		{8B9258B7-1C54-4FFE-9512-2B7323AEF92A}.Release|Any CPU.Build.0 = Release|Any CPU
	EndGlobalSection
	GlobalSection(SolutionProperties) = preSolution
		HideSolutionNode = FALSE
	EndGlobalSection
	GlobalSection(NestedProjects) = preSolution
		{F4ACA509-281C-43DA-A57D-52D9913321AE} = {B272BE2F-5E12-49D6-8646-56D4153EAA2E}
		{8B9258B7-1C54-4FFE-9512-2B7323AEF92A} = {B272BE2F-5E12-49D6-8646-56D4153EAA2E}
		{4A95E6CD-A466-46BC-A6C7-C65DA45B3388} = {0C94D488-3A11-40A7-AD37-32E149F81725}
		{4B990529-DAA4-4AEC-A625-FDCA3EF64E25} = {0C94D488-3A11-40A7-AD37-32E149F81725}
		{AD44D7FF-CFE0-4E98-9E33-C4D9A5F83860} = {C5656AC8-4D91-4F42-AEB5-1E82B7BCF5F0}
		{53746669-11C3-4DA9-B9C3-4CA0B79D4712} = {C5656AC8-4D91-4F42-AEB5-1E82B7BCF5F0}
		{B03EFEC2-DEDE-4017-ABA2-DB9341E574CB} = {C5656AC8-4D91-4F42-AEB5-1E82B7BCF5F0}
	EndGlobalSection
	GlobalSection(ExtensibilityGlobals) = postSolution
		SolutionGuid = {F8DDBB46-7ACE-4C13-91B4-FFB7E93363D9}
	EndGlobalSection
EndGlobal
