Microsoft Visual Studio Solution File, Format Version 12.00
Project("{9A19103F-16F7-4668-BE54-9A1E7A4F7556}") = "TestUtilities", "..\Common\tests\TestUtilities\TestUtilities.csproj", "{C0F218FD-B97A-4B27-B187-3FFA394E3D8F}"
EndProject
Project("{9A19103F-16F7-4668-BE54-9A1E7A4F7556}") = "Microsoft.Bcl.AsyncInterfaces", "..\Microsoft.Bcl.AsyncInterfaces\ref\Microsoft.Bcl.AsyncInterfaces.csproj", "{4FE2136A-8FD7-42CC-B362-63127F23D06A}"
EndProject
Project("{9A19103F-16F7-4668-BE54-9A1E7A4F7556}") = "Microsoft.Bcl.AsyncInterfaces", "..\Microsoft.Bcl.AsyncInterfaces\src\Microsoft.Bcl.AsyncInterfaces.csproj", "{1FCC8BC5-069B-4FDD-9D4F-F57F568DD01E}"
EndProject
Project("{9A19103F-16F7-4668-BE54-9A1E7A4F7556}") = "System.Memory.Data", "ref\System.Memory.Data.csproj", "{ACB7E0BF-015F-43DC-A2F5-85506173B223}"
EndProject
Project("{9A19103F-16F7-4668-BE54-9A1E7A4F7556}") = "System.Memory.Data", "src\System.Memory.Data.csproj", "{ACDB56AF-7B9F-4762-9764-D6FF09118D09}"
EndProject
Project("{9A19103F-16F7-4668-BE54-9A1E7A4F7556}") = "System.Memory.Data.Tests", "tests\System.Memory.Data.Tests.csproj", "{804B5D44-05A3-491E-A6AB-35C592E6703E}"
EndProject
Project("{9A19103F-16F7-4668-BE54-9A1E7A4F7556}") = "System.Runtime.CompilerServices.Unsafe", "..\System.Runtime.CompilerServices.Unsafe\ref\System.Runtime.CompilerServices.Unsafe.csproj", "{2DAAEADC-6BDF-4A57-9730-C9A35CCF8D00}"
EndProject
Project("{9A19103F-16F7-4668-BE54-9A1E7A4F7556}") = "System.Runtime.CompilerServices.Unsafe", "..\System.Runtime.CompilerServices.Unsafe\src\System.Runtime.CompilerServices.Unsafe.ilproj", "{549BAC44-AB6D-48EC-97F1-A232B4DD6FF0}"
EndProject
Project("{9A19103F-16F7-4668-BE54-9A1E7A4F7556}") = "System.Text.Encodings.Web", "..\System.Text.Encodings.Web\src\System.Text.Encodings.Web.csproj", "{BF2B99A9-C3FE-4C70-9A12-6605420F7215}"
EndProject
Project("{9A19103F-16F7-4668-BE54-9A1E7A4F7556}") = "System.Text.Json.SourceGeneration", "..\System.Text.Json\gen\System.Text.Json.SourceGeneration.csproj", "{E1181FB0-34EE-4B03-B824-536211187FFE}"
EndProject
Project("{9A19103F-16F7-4668-BE54-9A1E7A4F7556}") = "System.Text.Json", "..\System.Text.Json\src\System.Text.Json.csproj", "{419A9628-FA44-4682-8DC2-03C18B7449B4}"
EndProject
Project("{2150E333-8FDC-42A3-9474-1A3956D46DE8}") = "ref", "ref", "{8693141F-8F31-4EB6-8AEA-8A9724D1A9B4}"
EndProject
Project("{2150E333-8FDC-42A3-9474-1A3956D46DE8}") = "src", "src", "{2ECD3B4C-D2AC-407E-A5B7-5F352816953C}"
EndProject
Project("{2150E333-8FDC-42A3-9474-1A3956D46DE8}") = "tests", "tests", "{D4FD91F0-8F22-41A3-B930-3029DF3F3FA3}"
EndProject
Global
	GlobalSection(SolutionConfigurationPlatforms) = preSolution
		Debug|Any CPU = Debug|Any CPU
		Release|Any CPU = Release|Any CPU
	EndGlobalSection
	GlobalSection(ProjectConfigurationPlatforms) = postSolution
		{ACB7E0BF-015F-43DC-A2F5-85506173B223}.Debug|Any CPU.ActiveCfg = Debug|Any CPU
		{ACB7E0BF-015F-43DC-A2F5-85506173B223}.Debug|Any CPU.Build.0 = Debug|Any CPU
		{ACB7E0BF-015F-43DC-A2F5-85506173B223}.Release|Any CPU.ActiveCfg = Release|Any CPU
		{ACB7E0BF-015F-43DC-A2F5-85506173B223}.Release|Any CPU.Build.0 = Release|Any CPU
		{ACDB56AF-7B9F-4762-9764-D6FF09118D09}.Debug|Any CPU.ActiveCfg = Debug|Any CPU
		{ACDB56AF-7B9F-4762-9764-D6FF09118D09}.Debug|Any CPU.Build.0 = Debug|Any CPU
		{ACDB56AF-7B9F-4762-9764-D6FF09118D09}.Release|Any CPU.ActiveCfg = Release|Any CPU
		{ACDB56AF-7B9F-4762-9764-D6FF09118D09}.Release|Any CPU.Build.0 = Release|Any CPU
		{804B5D44-05A3-491E-A6AB-35C592E6703E}.Debug|Any CPU.ActiveCfg = Debug|Any CPU
		{804B5D44-05A3-491E-A6AB-35C592E6703E}.Debug|Any CPU.Build.0 = Debug|Any CPU
		{804B5D44-05A3-491E-A6AB-35C592E6703E}.Release|Any CPU.ActiveCfg = Release|Any CPU
		{804B5D44-05A3-491E-A6AB-35C592E6703E}.Release|Any CPU.Build.0 = Release|Any CPU
		{2DAAEADC-6BDF-4A57-9730-C9A35CCF8D00}.Debug|Any CPU.ActiveCfg = Debug|Any CPU
		{2DAAEADC-6BDF-4A57-9730-C9A35CCF8D00}.Debug|Any CPU.Build.0 = Debug|Any CPU
		{2DAAEADC-6BDF-4A57-9730-C9A35CCF8D00}.Release|Any CPU.ActiveCfg = Release|Any CPU
		{2DAAEADC-6BDF-4A57-9730-C9A35CCF8D00}.Release|Any CPU.Build.0 = Release|Any CPU
		{C0F218FD-B97A-4B27-B187-3FFA394E3D8F}.Debug|Any CPU.ActiveCfg = Debug|Any CPU
		{C0F218FD-B97A-4B27-B187-3FFA394E3D8F}.Debug|Any CPU.Build.0 = Debug|Any CPU
		{C0F218FD-B97A-4B27-B187-3FFA394E3D8F}.Release|Any CPU.ActiveCfg = Release|Any CPU
		{C0F218FD-B97A-4B27-B187-3FFA394E3D8F}.Release|Any CPU.Build.0 = Release|Any CPU
		{549BAC44-AB6D-48EC-97F1-A232B4DD6FF0}.Debug|Any CPU.ActiveCfg = Debug|Any CPU
		{549BAC44-AB6D-48EC-97F1-A232B4DD6FF0}.Debug|Any CPU.Build.0 = Debug|Any CPU
		{549BAC44-AB6D-48EC-97F1-A232B4DD6FF0}.Release|Any CPU.ActiveCfg = Release|Any CPU
		{549BAC44-AB6D-48EC-97F1-A232B4DD6FF0}.Release|Any CPU.Build.0 = Release|Any CPU
		{419A9628-FA44-4682-8DC2-03C18B7449B4}.Debug|Any CPU.ActiveCfg = Debug|Any CPU
		{419A9628-FA44-4682-8DC2-03C18B7449B4}.Debug|Any CPU.Build.0 = Debug|Any CPU
		{419A9628-FA44-4682-8DC2-03C18B7449B4}.Release|Any CPU.ActiveCfg = Release|Any CPU
		{419A9628-FA44-4682-8DC2-03C18B7449B4}.Release|Any CPU.Build.0 = Release|Any CPU
		{4FE2136A-8FD7-42CC-B362-63127F23D06A}.Debug|Any CPU.ActiveCfg = Debug|Any CPU
		{4FE2136A-8FD7-42CC-B362-63127F23D06A}.Debug|Any CPU.Build.0 = Debug|Any CPU
		{4FE2136A-8FD7-42CC-B362-63127F23D06A}.Release|Any CPU.ActiveCfg = Release|Any CPU
		{4FE2136A-8FD7-42CC-B362-63127F23D06A}.Release|Any CPU.Build.0 = Release|Any CPU
		{BF2B99A9-C3FE-4C70-9A12-6605420F7215}.Debug|Any CPU.ActiveCfg = Debug|Any CPU
		{BF2B99A9-C3FE-4C70-9A12-6605420F7215}.Debug|Any CPU.Build.0 = Debug|Any CPU
		{BF2B99A9-C3FE-4C70-9A12-6605420F7215}.Release|Any CPU.ActiveCfg = Release|Any CPU
		{BF2B99A9-C3FE-4C70-9A12-6605420F7215}.Release|Any CPU.Build.0 = Release|Any CPU
		{E1181FB0-34EE-4B03-B824-536211187FFE}.Debug|Any CPU.ActiveCfg = Debug|Any CPU
		{E1181FB0-34EE-4B03-B824-536211187FFE}.Debug|Any CPU.Build.0 = Debug|Any CPU
		{E1181FB0-34EE-4B03-B824-536211187FFE}.Release|Any CPU.ActiveCfg = Release|Any CPU
		{E1181FB0-34EE-4B03-B824-536211187FFE}.Release|Any CPU.Build.0 = Release|Any CPU
		{1FCC8BC5-069B-4FDD-9D4F-F57F568DD01E}.Debug|Any CPU.ActiveCfg = Debug|Any CPU
		{1FCC8BC5-069B-4FDD-9D4F-F57F568DD01E}.Debug|Any CPU.Build.0 = Debug|Any CPU
		{1FCC8BC5-069B-4FDD-9D4F-F57F568DD01E}.Release|Any CPU.ActiveCfg = Release|Any CPU
		{1FCC8BC5-069B-4FDD-9D4F-F57F568DD01E}.Release|Any CPU.Build.0 = Release|Any CPU
	EndGlobalSection
	GlobalSection(SolutionProperties) = preSolution
		HideSolutionNode = FALSE
	EndGlobalSection
	GlobalSection(NestedProjects) = preSolution
		{ACB7E0BF-015F-43DC-A2F5-85506173B223} = {8693141F-8F31-4EB6-8AEA-8A9724D1A9B4}
		{2DAAEADC-6BDF-4A57-9730-C9A35CCF8D00} = {8693141F-8F31-4EB6-8AEA-8A9724D1A9B4}
		{4FE2136A-8FD7-42CC-B362-63127F23D06A} = {8693141F-8F31-4EB6-8AEA-8A9724D1A9B4}
		{ACDB56AF-7B9F-4762-9764-D6FF09118D09} = {2ECD3B4C-D2AC-407E-A5B7-5F352816953C}
		{549BAC44-AB6D-48EC-97F1-A232B4DD6FF0} = {2ECD3B4C-D2AC-407E-A5B7-5F352816953C}
		{419A9628-FA44-4682-8DC2-03C18B7449B4} = {2ECD3B4C-D2AC-407E-A5B7-5F352816953C}
		{BF2B99A9-C3FE-4C70-9A12-6605420F7215} = {2ECD3B4C-D2AC-407E-A5B7-5F352816953C}
		{E1181FB0-34EE-4B03-B824-536211187FFE} = {2ECD3B4C-D2AC-407E-A5B7-5F352816953C}
		{1FCC8BC5-069B-4FDD-9D4F-F57F568DD01E} = {2ECD3B4C-D2AC-407E-A5B7-5F352816953C}
		{804B5D44-05A3-491E-A6AB-35C592E6703E} = {D4FD91F0-8F22-41A3-B930-3029DF3F3FA3}
		{C0F218FD-B97A-4B27-B187-3FFA394E3D8F} = {D4FD91F0-8F22-41A3-B930-3029DF3F3FA3}
	EndGlobalSection
	GlobalSection(ExtensibilityGlobals) = postSolution
		SolutionGuid = {01DAF96B-AF8E-4576-A1BC-57D19BDB317E}
	EndGlobalSection
EndGlobal
