Microsoft Visual Studio Solution File, Format Version 12.00
Project("{9A19103F-16F7-4668-BE54-9A1E7A4F7556}") = "TestUtilities", "..\Common\tests\TestUtilities\TestUtilities.csproj", "{DE086FBB-952B-491A-A59C-733C33682562}"
EndProject
Project("{9A19103F-16F7-4668-BE54-9A1E7A4F7556}") = "System.Runtime.CompilerServices.Unsafe", "..\System.Runtime.CompilerServices.Unsafe\ref\System.Runtime.CompilerServices.Unsafe.csproj", "{2529A763-7FF2-470F-8B61-B687B739B756}"
EndProject
Project("{9A19103F-16F7-4668-BE54-9A1E7A4F7556}") = "System.Runtime.CompilerServices.Unsafe", "..\System.Runtime.CompilerServices.Unsafe\src\System.Runtime.CompilerServices.Unsafe.ilproj", "{FA4BA62E-70F4-4280-A756-0E4046A5B365}"
EndProject
Project("{9A19103F-16F7-4668-BE54-9A1E7A4F7556}") = "System.Web.HttpUtility", "ref\System.Web.HttpUtility.csproj", "{063B8BE1-1713-40FE-BD22-A258FD50108E}"
EndProject
Project("{9A19103F-16F7-4668-BE54-9A1E7A4F7556}") = "System.Web.HttpUtility", "src\System.Web.HttpUtility.csproj", "{C294097C-8171-4FA2-9C58-11A7FE3BEBDA}"
EndProject
Project("{9A19103F-16F7-4668-BE54-9A1E7A4F7556}") = "System.Web.HttpUtility.Tests", "tests\System.Web.HttpUtility.Tests.csproj", "{BA3C5AE7-937C-47E1-B861-1F149499889F}"
EndProject
Project("{2150E333-8FDC-42A3-9474-1A3956D46DE8}") = "ref", "ref", "{E35CDCBE-132D-42B2-8F70-7CB4A4964750}"
EndProject
Project("{2150E333-8FDC-42A3-9474-1A3956D46DE8}") = "src", "src", "{B8ACB342-CF3D-4ACF-90BD-85BC9B98A5FF}"
EndProject
Project("{2150E333-8FDC-42A3-9474-1A3956D46DE8}") = "tests", "tests", "{EA6F6371-9839-44D7-87B3-A57C3C28ED1B}"
EndProject
Global
	GlobalSection(SolutionConfigurationPlatforms) = preSolution
		Debug|Any CPU = Debug|Any CPU
		Release|Any CPU = Release|Any CPU
	EndGlobalSection
	GlobalSection(ProjectConfigurationPlatforms) = postSolution
		{063B8BE1-1713-40FE-BD22-A258FD50108E}.Debug|Any CPU.ActiveCfg = Debug|Any CPU
		{063B8BE1-1713-40FE-BD22-A258FD50108E}.Debug|Any CPU.Build.0 = Debug|Any CPU
		{063B8BE1-1713-40FE-BD22-A258FD50108E}.Release|Any CPU.ActiveCfg = Release|Any CPU
		{063B8BE1-1713-40FE-BD22-A258FD50108E}.Release|Any CPU.Build.0 = Release|Any CPU
		{C294097C-8171-4FA2-9C58-11A7FE3BEBDA}.Debug|Any CPU.ActiveCfg = Debug|Any CPU
		{C294097C-8171-4FA2-9C58-11A7FE3BEBDA}.Debug|Any CPU.Build.0 = Debug|Any CPU
		{C294097C-8171-4FA2-9C58-11A7FE3BEBDA}.Release|Any CPU.ActiveCfg = Release|Any CPU
		{C294097C-8171-4FA2-9C58-11A7FE3BEBDA}.Release|Any CPU.Build.0 = Release|Any CPU
		{BA3C5AE7-937C-47E1-B861-1F149499889F}.Debug|Any CPU.ActiveCfg = Debug|Any CPU
		{BA3C5AE7-937C-47E1-B861-1F149499889F}.Debug|Any CPU.Build.0 = Debug|Any CPU
		{BA3C5AE7-937C-47E1-B861-1F149499889F}.Release|Any CPU.ActiveCfg = Release|Any CPU
		{BA3C5AE7-937C-47E1-B861-1F149499889F}.Release|Any CPU.Build.0 = Release|Any CPU
		{DE086FBB-952B-491A-A59C-733C33682562}.Debug|Any CPU.ActiveCfg = Debug|Any CPU
		{DE086FBB-952B-491A-A59C-733C33682562}.Debug|Any CPU.Build.0 = Debug|Any CPU
		{DE086FBB-952B-491A-A59C-733C33682562}.Release|Any CPU.ActiveCfg = Release|Any CPU
		{DE086FBB-952B-491A-A59C-733C33682562}.Release|Any CPU.Build.0 = Release|Any CPU
		{FA4BA62E-70F4-4280-A756-0E4046A5B365}.Debug|Any CPU.ActiveCfg = Debug|Any CPU
		{FA4BA62E-70F4-4280-A756-0E4046A5B365}.Debug|Any CPU.Build.0 = Debug|Any CPU
		{FA4BA62E-70F4-4280-A756-0E4046A5B365}.Release|Any CPU.ActiveCfg = Release|Any CPU
		{FA4BA62E-70F4-4280-A756-0E4046A5B365}.Release|Any CPU.Build.0 = Release|Any CPU
		{2529A763-7FF2-470F-8B61-B687B739B756}.Debug|Any CPU.ActiveCfg = Debug|Any CPU
		{2529A763-7FF2-470F-8B61-B687B739B756}.Debug|Any CPU.Build.0 = Debug|Any CPU
		{2529A763-7FF2-470F-8B61-B687B739B756}.Release|Any CPU.ActiveCfg = Release|Any CPU
		{2529A763-7FF2-470F-8B61-B687B739B756}.Release|Any CPU.Build.0 = Release|Any CPU
	EndGlobalSection
	GlobalSection(SolutionProperties) = preSolution
		HideSolutionNode = FALSE
	EndGlobalSection
	GlobalSection(NestedProjects) = preSolution
		{063B8BE1-1713-40FE-BD22-A258FD50108E} = {E35CDCBE-132D-42B2-8F70-7CB4A4964750}
		{2529A763-7FF2-470F-8B61-B687B739B756} = {E35CDCBE-132D-42B2-8F70-7CB4A4964750}
		{C294097C-8171-4FA2-9C58-11A7FE3BEBDA} = {B8ACB342-CF3D-4ACF-90BD-85BC9B98A5FF}
		{FA4BA62E-70F4-4280-A756-0E4046A5B365} = {B8ACB342-CF3D-4ACF-90BD-85BC9B98A5FF}
		{BA3C5AE7-937C-47E1-B861-1F149499889F} = {EA6F6371-9839-44D7-87B3-A57C3C28ED1B}
		{DE086FBB-952B-491A-A59C-733C33682562} = {EA6F6371-9839-44D7-87B3-A57C3C28ED1B}
	EndGlobalSection
	GlobalSection(ExtensibilityGlobals) = postSolution
		SolutionGuid = {F217C7E2-5993-44CD-B205-72A0167F266F}
	EndGlobalSection
EndGlobal
