Microsoft Visual Studio Solution File, Format Version 12.00
Project("{9A19103F-16F7-4668-BE54-9A1E7A4F7556}") = "TestUtilities", "..\Common\tests\TestUtilities\TestUtilities.csproj", "{04D77C80-10A2-4773-A7E5-12D89010CC1A}"
EndProject
Project("{9A19103F-16F7-4668-BE54-9A1E7A4F7556}") = "System.Runtime.CompilerServices.Unsafe", "..\System.Runtime.CompilerServices.Unsafe\ref\System.Runtime.CompilerServices.Unsafe.csproj", "{DE9238C8-0999-4E51-B0E0-72D2A7AEFDD6}"
EndProject
Project("{9A19103F-16F7-4668-BE54-9A1E7A4F7556}") = "System.Runtime.CompilerServices.Unsafe", "..\System.Runtime.CompilerServices.Unsafe\src\System.Runtime.CompilerServices.Unsafe.ilproj", "{20B35F7C-A37D-468D-BD60-0DDEB1DBF16A}"
EndProject
Project("{9A19103F-16F7-4668-BE54-9A1E7A4F7556}") = "System.Security.SecureString", "ref\System.Security.SecureString.csproj", "{CE7DA336-6577-4960-892A-1313060055BE}"
EndProject
Project("{9A19103F-16F7-4668-BE54-9A1E7A4F7556}") = "System.Security.SecureString", "src\System.Security.SecureString.csproj", "{32CFD1C6-A8C4-45C1-BBD8-94D07B33674C}"
EndProject
Project("{9A19103F-16F7-4668-BE54-9A1E7A4F7556}") = "System.Security.SecureString.Tests", "tests\System.Security.SecureString.Tests.csproj", "{FB504757-0A3F-49DD-B869-CE20502D23BF}"
EndProject
Project("{2150E333-8FDC-42A3-9474-1A3956D46DE8}") = "ref", "ref", "{DEF42509-2881-4856-9F31-505DC31042FC}"
EndProject
Project("{2150E333-8FDC-42A3-9474-1A3956D46DE8}") = "tests", "tests", "{135773BE-7A26-405E-89E0-8813440130F0}"
EndProject
Project("{2150E333-8FDC-42A3-9474-1A3956D46DE8}") = "src", "src", "{D4150256-1FB3-4274-84D7-F404EA6393EE}"
EndProject
Global
	GlobalSection(SolutionConfigurationPlatforms) = preSolution
		Debug|Any CPU = Debug|Any CPU
		Release|Any CPU = Release|Any CPU
	EndGlobalSection
	GlobalSection(ProjectConfigurationPlatforms) = postSolution
		{CE7DA336-6577-4960-892A-1313060055BE}.Debug|Any CPU.ActiveCfg = Debug|Any CPU
		{CE7DA336-6577-4960-892A-1313060055BE}.Debug|Any CPU.Build.0 = Debug|Any CPU
		{CE7DA336-6577-4960-892A-1313060055BE}.Release|Any CPU.ActiveCfg = Release|Any CPU
		{CE7DA336-6577-4960-892A-1313060055BE}.Release|Any CPU.Build.0 = Release|Any CPU
		{FB504757-0A3F-49DD-B869-CE20502D23BF}.Debug|Any CPU.ActiveCfg = Debug|Any CPU
		{FB504757-0A3F-49DD-B869-CE20502D23BF}.Debug|Any CPU.Build.0 = Debug|Any CPU
		{FB504757-0A3F-49DD-B869-CE20502D23BF}.Release|Any CPU.ActiveCfg = Release|Any CPU
		{FB504757-0A3F-49DD-B869-CE20502D23BF}.Release|Any CPU.Build.0 = Release|Any CPU
		{32CFD1C6-A8C4-45C1-BBD8-94D07B33674C}.Debug|Any CPU.ActiveCfg = Debug|Any CPU
		{32CFD1C6-A8C4-45C1-BBD8-94D07B33674C}.Debug|Any CPU.Build.0 = Debug|Any CPU
		{32CFD1C6-A8C4-45C1-BBD8-94D07B33674C}.Release|Any CPU.ActiveCfg = Release|Any CPU
		{32CFD1C6-A8C4-45C1-BBD8-94D07B33674C}.Release|Any CPU.Build.0 = Release|Any CPU
		{04D77C80-10A2-4773-A7E5-12D89010CC1A}.Debug|Any CPU.ActiveCfg = Debug|Any CPU
		{04D77C80-10A2-4773-A7E5-12D89010CC1A}.Debug|Any CPU.Build.0 = Debug|Any CPU
		{04D77C80-10A2-4773-A7E5-12D89010CC1A}.Release|Any CPU.ActiveCfg = Release|Any CPU
		{04D77C80-10A2-4773-A7E5-12D89010CC1A}.Release|Any CPU.Build.0 = Release|Any CPU
		{20B35F7C-A37D-468D-BD60-0DDEB1DBF16A}.Debug|Any CPU.ActiveCfg = Debug|Any CPU
		{20B35F7C-A37D-468D-BD60-0DDEB1DBF16A}.Debug|Any CPU.Build.0 = Debug|Any CPU
		{20B35F7C-A37D-468D-BD60-0DDEB1DBF16A}.Release|Any CPU.ActiveCfg = Release|Any CPU
		{20B35F7C-A37D-468D-BD60-0DDEB1DBF16A}.Release|Any CPU.Build.0 = Release|Any CPU
		{DE9238C8-0999-4E51-B0E0-72D2A7AEFDD6}.Debug|Any CPU.ActiveCfg = Debug|Any CPU
		{DE9238C8-0999-4E51-B0E0-72D2A7AEFDD6}.Debug|Any CPU.Build.0 = Debug|Any CPU
		{DE9238C8-0999-4E51-B0E0-72D2A7AEFDD6}.Release|Any CPU.ActiveCfg = Release|Any CPU
		{DE9238C8-0999-4E51-B0E0-72D2A7AEFDD6}.Release|Any CPU.Build.0 = Release|Any CPU
	EndGlobalSection
	GlobalSection(SolutionProperties) = preSolution
		HideSolutionNode = FALSE
	EndGlobalSection
	GlobalSection(NestedProjects) = preSolution
		{CE7DA336-6577-4960-892A-1313060055BE} = {DEF42509-2881-4856-9F31-505DC31042FC}
		{DE9238C8-0999-4E51-B0E0-72D2A7AEFDD6} = {DEF42509-2881-4856-9F31-505DC31042FC}
		{FB504757-0A3F-49DD-B869-CE20502D23BF} = {135773BE-7A26-405E-89E0-8813440130F0}
		{04D77C80-10A2-4773-A7E5-12D89010CC1A} = {135773BE-7A26-405E-89E0-8813440130F0}
		{32CFD1C6-A8C4-45C1-BBD8-94D07B33674C} = {D4150256-1FB3-4274-84D7-F404EA6393EE}
		{20B35F7C-A37D-468D-BD60-0DDEB1DBF16A} = {D4150256-1FB3-4274-84D7-F404EA6393EE}
	EndGlobalSection
	GlobalSection(ExtensibilityGlobals) = postSolution
		SolutionGuid = {283334F1-CAE4-4ECB-BD56-A8C601391967}
	EndGlobalSection
EndGlobal
