Microsoft Visual Studio Solution File, Format Version 12.00
Project("{9A19103F-16F7-4668-BE54-9A1E7A4F7556}") = "TestUtilities", "..\Common\tests\TestUtilities\TestUtilities.csproj", "{9A152C52-C5EE-41ED-AD29-8EEE5D41E372}"
EndProject
Project("{9A19103F-16F7-4668-BE54-9A1E7A4F7556}") = "System.Dynamic.Runtime", "ref\System.Dynamic.Runtime.csproj", "{1A6D5602-176D-4E7D-A7F5-F4D25044E171}"
EndProject
Project("{9A19103F-16F7-4668-BE54-9A1E7A4F7556}") = "System.Dynamic.Runtime", "src\System.Dynamic.Runtime.csproj", "{F4EF8420-0243-452F-879E-609F9AE7C05E}"
EndProject
Project("{9A19103F-16F7-4668-BE54-9A1E7A4F7556}") = "System.Dynamic.Runtime.Tests", "tests\System.Dynamic.Runtime.Tests.csproj", "{3695B814-610C-41D5-A3F5-B0B55EF10863}"
EndProject
Project("{9A19103F-16F7-4668-BE54-9A1E7A4F7556}") = "System.Runtime.CompilerServices.Unsafe", "..\System.Runtime.CompilerServices.Unsafe\ref\System.Runtime.CompilerServices.Unsafe.csproj", "{6AD793CF-2805-4101-975C-71CE64DB62A1}"
EndProject
Project("{9A19103F-16F7-4668-BE54-9A1E7A4F7556}") = "System.Runtime.CompilerServices.Unsafe", "..\System.Runtime.CompilerServices.Unsafe\src\System.Runtime.CompilerServices.Unsafe.ilproj", "{3653D393-7F7B-4090-90FA-7028C29B5FFC}"
EndProject
Project("{2150E333-8FDC-42A3-9474-1A3956D46DE8}") = "ref", "ref", "{6514B2E0-A30F-4250-B183-D7C8313C2CBF}"
EndProject
Project("{2150E333-8FDC-42A3-9474-1A3956D46DE8}") = "src", "src", "{ED32C546-3929-47D6-A55E-ABFCD27E39E4}"
EndProject
Project("{2150E333-8FDC-42A3-9474-1A3956D46DE8}") = "tests", "tests", "{AE86230A-9CD3-4738-8629-9CD6A77E6EB0}"
EndProject
Global
	GlobalSection(SolutionConfigurationPlatforms) = preSolution
		Debug|Any CPU = Debug|Any CPU
		Release|Any CPU = Release|Any CPU
	EndGlobalSection
	GlobalSection(ProjectConfigurationPlatforms) = postSolution
		{1A6D5602-176D-4E7D-A7F5-F4D25044E171}.Debug|Any CPU.ActiveCfg = Debug|Any CPU
		{1A6D5602-176D-4E7D-A7F5-F4D25044E171}.Debug|Any CPU.Build.0 = Debug|Any CPU
		{1A6D5602-176D-4E7D-A7F5-F4D25044E171}.Release|Any CPU.ActiveCfg = Release|Any CPU
		{1A6D5602-176D-4E7D-A7F5-F4D25044E171}.Release|Any CPU.Build.0 = Release|Any CPU
		{F4EF8420-0243-452F-879E-609F9AE7C05E}.Debug|Any CPU.ActiveCfg = Debug|Any CPU
		{F4EF8420-0243-452F-879E-609F9AE7C05E}.Debug|Any CPU.Build.0 = Debug|Any CPU
		{F4EF8420-0243-452F-879E-609F9AE7C05E}.Release|Any CPU.ActiveCfg = Release|Any CPU
		{F4EF8420-0243-452F-879E-609F9AE7C05E}.Release|Any CPU.Build.0 = Release|Any CPU
		{3695B814-610C-41D5-A3F5-B0B55EF10863}.Debug|Any CPU.ActiveCfg = Debug|Any CPU
		{3695B814-610C-41D5-A3F5-B0B55EF10863}.Debug|Any CPU.Build.0 = Debug|Any CPU
		{3695B814-610C-41D5-A3F5-B0B55EF10863}.Release|Any CPU.ActiveCfg = Release|Any CPU
		{3695B814-610C-41D5-A3F5-B0B55EF10863}.Release|Any CPU.Build.0 = Release|Any CPU
		{9A152C52-C5EE-41ED-AD29-8EEE5D41E372}.Debug|Any CPU.ActiveCfg = Debug|Any CPU
		{9A152C52-C5EE-41ED-AD29-8EEE5D41E372}.Debug|Any CPU.Build.0 = Debug|Any CPU
		{9A152C52-C5EE-41ED-AD29-8EEE5D41E372}.Release|Any CPU.ActiveCfg = Release|Any CPU
		{9A152C52-C5EE-41ED-AD29-8EEE5D41E372}.Release|Any CPU.Build.0 = Release|Any CPU
		{3653D393-7F7B-4090-90FA-7028C29B5FFC}.Debug|Any CPU.ActiveCfg = Debug|Any CPU
		{3653D393-7F7B-4090-90FA-7028C29B5FFC}.Debug|Any CPU.Build.0 = Debug|Any CPU
		{3653D393-7F7B-4090-90FA-7028C29B5FFC}.Release|Any CPU.ActiveCfg = Release|Any CPU
		{3653D393-7F7B-4090-90FA-7028C29B5FFC}.Release|Any CPU.Build.0 = Release|Any CPU
		{6AD793CF-2805-4101-975C-71CE64DB62A1}.Debug|Any CPU.ActiveCfg = Debug|Any CPU
		{6AD793CF-2805-4101-975C-71CE64DB62A1}.Debug|Any CPU.Build.0 = Debug|Any CPU
		{6AD793CF-2805-4101-975C-71CE64DB62A1}.Release|Any CPU.ActiveCfg = Release|Any CPU
		{6AD793CF-2805-4101-975C-71CE64DB62A1}.Release|Any CPU.Build.0 = Release|Any CPU
	EndGlobalSection
	GlobalSection(SolutionProperties) = preSolution
		HideSolutionNode = FALSE
	EndGlobalSection
	GlobalSection(NestedProjects) = preSolution
		{1A6D5602-176D-4E7D-A7F5-F4D25044E171} = {6514B2E0-A30F-4250-B183-D7C8313C2CBF}
		{6AD793CF-2805-4101-975C-71CE64DB62A1} = {6514B2E0-A30F-4250-B183-D7C8313C2CBF}
		{F4EF8420-0243-452F-879E-609F9AE7C05E} = {ED32C546-3929-47D6-A55E-ABFCD27E39E4}
		{3653D393-7F7B-4090-90FA-7028C29B5FFC} = {ED32C546-3929-47D6-A55E-ABFCD27E39E4}
		{3695B814-610C-41D5-A3F5-B0B55EF10863} = {AE86230A-9CD3-4738-8629-9CD6A77E6EB0}
		{9A152C52-C5EE-41ED-AD29-8EEE5D41E372} = {AE86230A-9CD3-4738-8629-9CD6A77E6EB0}
	EndGlobalSection
	GlobalSection(ExtensibilityGlobals) = postSolution
		SolutionGuid = {48F54059-7B38-4CA3-A572-D20E5AD37696}
	EndGlobalSection
EndGlobal
